
Microsoft Visual Studio Solution File, Format Version 12.00
# Visual Studio 14
VisualStudioVersion = 14.0.25123.0
MinimumVisualStudioVersion = 10.0.40219.1
Project("{2150E333-8FDC-42A3-9474-1A3956D46DE8}") = ".paket", ".paket", "{FAAD5B1C-1217-48D6-B1EF-7CAC0440D6A4}"
	ProjectSection(SolutionItems) = preProject
		paket.dependencies = paket.dependencies
	EndProjectSection
EndProject
Project("{2150E333-8FDC-42A3-9474-1A3956D46DE8}") = "ci", "ci", "{6EC5788D-DB36-4094-AB0F-A9E2C0F56B62}"
	ProjectSection(SolutionItems) = preProject
		Build\ccnet.config = Build\ccnet.config
		Build\ccnet.server.config = Build\ccnet.server.config
		Build\quickgraph.build = Build\quickgraph.build
		Build\quickgraph.shfb = Build\quickgraph.shfb
	EndProjectSection
EndProject
Project("{2150E333-8FDC-42A3-9474-1A3956D46DE8}") = "Solution Items", "Solution Items", "{6D81E7BA-91B1-473B-B9BB-4DECB1825F66}"
	ProjectSection(SolutionItems) = preProject
		LocalTestRun.testrunconfig = LocalTestRun.testrunconfig
		nuspec.xsd = nuspec.xsd
		quickgraph.nuspec = quickgraph.nuspec
		QuickGraph.Perf1.psess = QuickGraph.Perf1.psess
		QuickGraph.vsmdi = QuickGraph.vsmdi
		QuickGraph1.vsmdi = QuickGraph1.vsmdi
	EndProjectSection
EndProject
Project("{2150E333-8FDC-42A3-9474-1A3956D46DE8}") = "Tests", "Tests", "{22937B93-4129-4F68-AB14-F7AFE020BA8F}"
	ProjectSection(SolutionItems) = preProject
		dgmlsample.dgml = dgmlsample.dgml
	EndProjectSection
EndProject
Project("{2150E333-8FDC-42A3-9474-1A3956D46DE8}") = "Core", "Core", "{7A2A3C07-B652-4759-AFC4-49378D764784}"
EndProject
Project("{2150E333-8FDC-42A3-9474-1A3956D46DE8}") = "Extras", "Extras", "{DD28733B-860A-4FE6-8D68-119EB179F90E}"
EndProject
Project("{FAE04EC0-301F-11D3-BF4B-00C04F79EFBC}") = "QuickGraph", "src\QuickGraph\QuickGraph.csproj", "{A9A5C115-0680-44B3-A87E-5ECF4C93814E}"
EndProject
Project("{FAE04EC0-301F-11D3-BF4B-00C04F79EFBC}") = "QuickGraph.Data", "src\QuickGraph.Data\QuickGraph.Data.csproj", "{960C14D1-EDBD-40E5-8AE6-25E311551B87}"
EndProject
Project("{FAE04EC0-301F-11D3-BF4B-00C04F79EFBC}") = "QuickGraph.Samples", "src\QuickGraph.Samples\QuickGraph.Samples.csproj", "{8836CFAC-D2B0-47A5-9A91-03A2218BF6FD}"
EndProject
Project("{FAE04EC0-301F-11D3-BF4B-00C04F79EFBC}") = "QuickGraph.Graphviz", "src\QuickGraph.Graphviz\QuickGraph.Graphviz.csproj", "{595D6322-637A-4A36-97F1-D53F3F9ECEA7}"
EndProject
Project("{FAE04EC0-301F-11D3-BF4B-00C04F79EFBC}") = "QuickGraph.Glee", "src\QuickGraph.Glee\QuickGraph.Glee.csproj", "{ACDD0973-E5D9-4C2B-9EAF-B5B5DF44EDDD}"
EndProject
Project("{FAE04EC0-301F-11D3-BF4B-00C04F79EFBC}") = "QuickGraph.Petri", "src\QuickGraph.Petri\QuickGraph.Petri.csproj", "{6C49E8BF-82F4-40D0-AB49-8EA8A655A989}"
EndProject
Project("{FAE04EC0-301F-11D3-BF4B-00C04F79EFBC}") = "QuickGraph.SeeIt", "src\QuickGraph.SeeIt\QuickGraph.SeeIt.csproj", "{52CBCA3C-1C19-4C0C-A4F0-B887E383AD74}"
EndProject
Project("{F2A71F9B-5D33-465A-A702-920D77279786}") = "QuickGraphFS", "src\QuickGraphFS\QuickGraphFS.fsproj", "{1CCAFD2C-4A61-4F7F-986C-A2F575086344}"
EndProject
Project("{FAE04EC0-301F-11D3-BF4B-00C04F79EFBC}") = "QuickGraph.Tests", "tests\QuickGraph.Tests\QuickGraph.Tests.csproj", "{61DF76E1-DE2B-4DF1-AD5F-89939AB06693}"
EndProject
Project("{FAE04EC0-301F-11D3-BF4B-00C04F79EFBC}") = "QuickGraph.Perf", "tests\QuickGraph.Perf\QuickGraph.Perf.csproj", "{2C35D329-D1F8-4862-8DA2-F2D27E8D4DB7}"
EndProject
Project("{F2A71F9B-5D33-465A-A702-920D77279786}") = "DotParser", "src\DotParser\DotParser.fsproj", "{8826810A-DC59-46E6-8978-21E273DB1236}"
EndProject
Project("{2150E333-8FDC-42A3-9474-1A3956D46DE8}") = "DotParser", "DotParser", "{278F278F-6F15-4CAE-9665-A068A795A222}"
EndProject
Project("{2150E333-8FDC-42A3-9474-1A3956D46DE8}") = "YC.FST", "YC.FST", "{2E664E5C-14E3-4AA2-A336-7209544C78F0}"
EndProject
Project("{F2A71F9B-5D33-465A-A702-920D77279786}") = "QuickGraph.FSA", "src\QuickGraph.FSA\QuickGraph.FSA.fsproj", "{BD5D18DE-1C9D-4314-A777-21AA683EEACE}"
EndProject
Project("{F2A71F9B-5D33-465A-A702-920D77279786}") = "QuickGraph.FSA.Tests", "tests\QuickGraph.FSA.Tests\QuickGraph.FSA.Tests.fsproj", "{3BF3542B-4034-429F-9105-197A60625CA3}"
EndProject
Project("{F2A71F9B-5D33-465A-A702-920D77279786}") = "QuickGraph.FST.Tests", "tests\QuickGraph.FST.Tests\QuickGraph.FST.Tests.fsproj", "{6B141FDE-F5DF-4DFD-B21F-C076BC87CCAF}"
EndProject
Project("{F2A71F9B-5D33-465A-A702-920D77279786}") = "QuickGraph.FST", "src\QuickGraph.FST\QuickGraph.FST.fsproj", "{4B220E23-A7E0-4222-83F5-C785F7C66B33}"
EndProject
Project("{2150E333-8FDC-42A3-9474-1A3956D46DE8}") = "GraphX", "GraphX", "{1A9D9744-52ED-486A-A960-2D5E18799352}"
EndProject
Project("{FAE04EC0-301F-11D3-BF4B-00C04F79EFBC}") = "GraphX.WPF.Controls", "src\GraphX\GraphX.Controls\GraphX.WPF.Controls.csproj", "{D2E33FEE-6689-4BB4-A95C-1B5C327A1E8F}"
EndProject
Project("{FAE04EC0-301F-11D3-BF4B-00C04F79EFBC}") = "GraphX.PCL.Common", "src\GraphX\GraphX.PCL.Common\GraphX.PCL.Common.csproj", "{3644D44B-DEC0-4B65-BBA0-C68E34821AAE}"
EndProject
Project("{FAE04EC0-301F-11D3-BF4B-00C04F79EFBC}") = "GraphX.PCL.Logic", "src\GraphX\GraphX.PCL.Logic\GraphX.PCL.Logic.csproj", "{A30D218B-AAA4-483A-99F7-EAEB1B8B4610}"
EndProject
Project("{2150E333-8FDC-42A3-9474-1A3956D46DE8}") = "GraphTask", "GraphTask", "{A60EEA3D-8F36-4B81-8242-CA6B30087AE6}"
EndProject
Project("{F2A71F9B-5D33-465A-A702-920D77279786}") = "Common", "src\Common\Common.fsproj", "{E383F190-86FE-454C-8568-1762F8820925}"
EndProject
Project("{FAE04EC0-301F-11D3-BF4B-00C04F79EFBC}") = "MainForm", "src\MainForm\MainForm.csproj", "{3AC1E323-82F9-4E8E-BB52-D22FBA2C844F}"
EndProject
Project("{F2A71F9B-5D33-465A-A702-920D77279786}") = "PluginSample", "src\PluginSample\PluginSample.fsproj", "{EDDC5504-F47F-4261-AE56-987116E6E2DD}"
EndProject
Project("{2150E333-8FDC-42A3-9474-1A3956D46DE8}") = "Plugins", "Plugins", "{CBD0EAE9-B336-4359-AC80-E2E0A47FB991}"
EndProject
Project("{F2A71F9B-5D33-465A-A702-920D77279786}") = "DotParser.Tests", "src\DotParser.Tests\DotParser.Tests.fsproj", "{C2F89DE1-B429-4B5D-AF22-3A075D00BAA4}"
EndProject
Global
	GlobalSection(SolutionConfigurationPlatforms) = preSolution
		Debug|Any CPU = Debug|Any CPU
		Debug|x86 = Debug|x86
		DebugContracts|Any CPU = DebugContracts|Any CPU
		DebugContracts|x86 = DebugContracts|x86
		Release|Any CPU = Release|Any CPU
		Release|x86 = Release|x86
		Release20|Any CPU = Release20|Any CPU
		Release20|x86 = Release20|x86
		ReleaseContractsReferences|Any CPU = ReleaseContractsReferences|Any CPU
		ReleaseContractsReferences|x86 = ReleaseContractsReferences|x86
	EndGlobalSection
	GlobalSection(ProjectConfigurationPlatforms) = postSolution
		{A9A5C115-0680-44B3-A87E-5ECF4C93814E}.Debug|Any CPU.ActiveCfg = Debug|Any CPU
		{A9A5C115-0680-44B3-A87E-5ECF4C93814E}.Debug|Any CPU.Build.0 = Debug|Any CPU
		{A9A5C115-0680-44B3-A87E-5ECF4C93814E}.Debug|x86.ActiveCfg = Debug|Any CPU
		{A9A5C115-0680-44B3-A87E-5ECF4C93814E}.Debug|x86.Build.0 = Debug|Any CPU
		{A9A5C115-0680-44B3-A87E-5ECF4C93814E}.DebugContracts|Any CPU.ActiveCfg = Debug|Any CPU
		{A9A5C115-0680-44B3-A87E-5ECF4C93814E}.DebugContracts|Any CPU.Build.0 = Debug|Any CPU
		{A9A5C115-0680-44B3-A87E-5ECF4C93814E}.DebugContracts|x86.ActiveCfg = Debug|Any CPU
		{A9A5C115-0680-44B3-A87E-5ECF4C93814E}.DebugContracts|x86.Build.0 = Debug|Any CPU
		{A9A5C115-0680-44B3-A87E-5ECF4C93814E}.Release|Any CPU.ActiveCfg = Release|Any CPU
		{A9A5C115-0680-44B3-A87E-5ECF4C93814E}.Release|Any CPU.Build.0 = Release|Any CPU
		{A9A5C115-0680-44B3-A87E-5ECF4C93814E}.Release|x86.ActiveCfg = Release|Any CPU
		{A9A5C115-0680-44B3-A87E-5ECF4C93814E}.Release|x86.Build.0 = Release|Any CPU
		{A9A5C115-0680-44B3-A87E-5ECF4C93814E}.Release20|Any CPU.ActiveCfg = Release20|Any CPU
		{A9A5C115-0680-44B3-A87E-5ECF4C93814E}.Release20|Any CPU.Build.0 = Release20|Any CPU
		{A9A5C115-0680-44B3-A87E-5ECF4C93814E}.Release20|x86.ActiveCfg = Release20|Any CPU
		{A9A5C115-0680-44B3-A87E-5ECF4C93814E}.Release20|x86.Build.0 = Release20|Any CPU
		{A9A5C115-0680-44B3-A87E-5ECF4C93814E}.ReleaseContractsReferences|Any CPU.ActiveCfg = Release20|Any CPU
		{A9A5C115-0680-44B3-A87E-5ECF4C93814E}.ReleaseContractsReferences|Any CPU.Build.0 = Release20|Any CPU
		{A9A5C115-0680-44B3-A87E-5ECF4C93814E}.ReleaseContractsReferences|x86.ActiveCfg = Release20|Any CPU
		{A9A5C115-0680-44B3-A87E-5ECF4C93814E}.ReleaseContractsReferences|x86.Build.0 = Release20|Any CPU
		{960C14D1-EDBD-40E5-8AE6-25E311551B87}.Debug|Any CPU.ActiveCfg = Debug|Any CPU
		{960C14D1-EDBD-40E5-8AE6-25E311551B87}.Debug|Any CPU.Build.0 = Debug|Any CPU
		{960C14D1-EDBD-40E5-8AE6-25E311551B87}.Debug|x86.ActiveCfg = Debug|Any CPU
		{960C14D1-EDBD-40E5-8AE6-25E311551B87}.Debug|x86.Build.0 = Debug|Any CPU
		{960C14D1-EDBD-40E5-8AE6-25E311551B87}.DebugContracts|Any CPU.ActiveCfg = Debug|Any CPU
		{960C14D1-EDBD-40E5-8AE6-25E311551B87}.DebugContracts|Any CPU.Build.0 = Debug|Any CPU
		{960C14D1-EDBD-40E5-8AE6-25E311551B87}.DebugContracts|x86.ActiveCfg = Debug|Any CPU
		{960C14D1-EDBD-40E5-8AE6-25E311551B87}.DebugContracts|x86.Build.0 = Debug|Any CPU
		{960C14D1-EDBD-40E5-8AE6-25E311551B87}.Release|Any CPU.ActiveCfg = Release|Any CPU
		{960C14D1-EDBD-40E5-8AE6-25E311551B87}.Release|Any CPU.Build.0 = Release|Any CPU
		{960C14D1-EDBD-40E5-8AE6-25E311551B87}.Release|x86.ActiveCfg = Release|Any CPU
		{960C14D1-EDBD-40E5-8AE6-25E311551B87}.Release|x86.Build.0 = Release|Any CPU
		{960C14D1-EDBD-40E5-8AE6-25E311551B87}.Release20|Any CPU.ActiveCfg = Release20|Any CPU
		{960C14D1-EDBD-40E5-8AE6-25E311551B87}.Release20|Any CPU.Build.0 = Release20|Any CPU
		{960C14D1-EDBD-40E5-8AE6-25E311551B87}.Release20|x86.ActiveCfg = Release20|Any CPU
		{960C14D1-EDBD-40E5-8AE6-25E311551B87}.Release20|x86.Build.0 = Release20|Any CPU
		{960C14D1-EDBD-40E5-8AE6-25E311551B87}.ReleaseContractsReferences|Any CPU.ActiveCfg = Release20|Any CPU
		{960C14D1-EDBD-40E5-8AE6-25E311551B87}.ReleaseContractsReferences|Any CPU.Build.0 = Release20|Any CPU
		{960C14D1-EDBD-40E5-8AE6-25E311551B87}.ReleaseContractsReferences|x86.ActiveCfg = Release20|Any CPU
		{960C14D1-EDBD-40E5-8AE6-25E311551B87}.ReleaseContractsReferences|x86.Build.0 = Release20|Any CPU
		{8836CFAC-D2B0-47A5-9A91-03A2218BF6FD}.Debug|Any CPU.ActiveCfg = Debug|Any CPU
		{8836CFAC-D2B0-47A5-9A91-03A2218BF6FD}.Debug|Any CPU.Build.0 = Debug|Any CPU
		{8836CFAC-D2B0-47A5-9A91-03A2218BF6FD}.Debug|x86.ActiveCfg = Debug|Any CPU
		{8836CFAC-D2B0-47A5-9A91-03A2218BF6FD}.Debug|x86.Build.0 = Debug|Any CPU
		{8836CFAC-D2B0-47A5-9A91-03A2218BF6FD}.DebugContracts|Any CPU.ActiveCfg = Debug|Any CPU
		{8836CFAC-D2B0-47A5-9A91-03A2218BF6FD}.DebugContracts|Any CPU.Build.0 = Debug|Any CPU
		{8836CFAC-D2B0-47A5-9A91-03A2218BF6FD}.DebugContracts|x86.ActiveCfg = Debug|Any CPU
		{8836CFAC-D2B0-47A5-9A91-03A2218BF6FD}.DebugContracts|x86.Build.0 = Debug|Any CPU
		{8836CFAC-D2B0-47A5-9A91-03A2218BF6FD}.Release|Any CPU.ActiveCfg = Release|Any CPU
		{8836CFAC-D2B0-47A5-9A91-03A2218BF6FD}.Release|Any CPU.Build.0 = Release|Any CPU
		{8836CFAC-D2B0-47A5-9A91-03A2218BF6FD}.Release|x86.ActiveCfg = Release|Any CPU
		{8836CFAC-D2B0-47A5-9A91-03A2218BF6FD}.Release|x86.Build.0 = Release|Any CPU
		{8836CFAC-D2B0-47A5-9A91-03A2218BF6FD}.Release20|Any CPU.ActiveCfg = Release|Any CPU
		{8836CFAC-D2B0-47A5-9A91-03A2218BF6FD}.Release20|Any CPU.Build.0 = Release|Any CPU
		{8836CFAC-D2B0-47A5-9A91-03A2218BF6FD}.Release20|x86.ActiveCfg = Release|Any CPU
		{8836CFAC-D2B0-47A5-9A91-03A2218BF6FD}.Release20|x86.Build.0 = Release|Any CPU
		{8836CFAC-D2B0-47A5-9A91-03A2218BF6FD}.ReleaseContractsReferences|Any CPU.ActiveCfg = Release|Any CPU
		{8836CFAC-D2B0-47A5-9A91-03A2218BF6FD}.ReleaseContractsReferences|Any CPU.Build.0 = Release|Any CPU
		{8836CFAC-D2B0-47A5-9A91-03A2218BF6FD}.ReleaseContractsReferences|x86.ActiveCfg = Release|Any CPU
		{8836CFAC-D2B0-47A5-9A91-03A2218BF6FD}.ReleaseContractsReferences|x86.Build.0 = Release|Any CPU
		{595D6322-637A-4A36-97F1-D53F3F9ECEA7}.Debug|Any CPU.ActiveCfg = Debug|Any CPU
		{595D6322-637A-4A36-97F1-D53F3F9ECEA7}.Debug|Any CPU.Build.0 = Debug|Any CPU
		{595D6322-637A-4A36-97F1-D53F3F9ECEA7}.Debug|x86.ActiveCfg = Debug|Any CPU
		{595D6322-637A-4A36-97F1-D53F3F9ECEA7}.Debug|x86.Build.0 = Debug|Any CPU
		{595D6322-637A-4A36-97F1-D53F3F9ECEA7}.DebugContracts|Any CPU.ActiveCfg = Debug|Any CPU
		{595D6322-637A-4A36-97F1-D53F3F9ECEA7}.DebugContracts|Any CPU.Build.0 = Debug|Any CPU
		{595D6322-637A-4A36-97F1-D53F3F9ECEA7}.DebugContracts|x86.ActiveCfg = Debug|Any CPU
		{595D6322-637A-4A36-97F1-D53F3F9ECEA7}.DebugContracts|x86.Build.0 = Debug|Any CPU
		{595D6322-637A-4A36-97F1-D53F3F9ECEA7}.Release|Any CPU.ActiveCfg = Release|Any CPU
		{595D6322-637A-4A36-97F1-D53F3F9ECEA7}.Release|Any CPU.Build.0 = Release|Any CPU
		{595D6322-637A-4A36-97F1-D53F3F9ECEA7}.Release|x86.ActiveCfg = Release|Any CPU
		{595D6322-637A-4A36-97F1-D53F3F9ECEA7}.Release|x86.Build.0 = Release|Any CPU
		{595D6322-637A-4A36-97F1-D53F3F9ECEA7}.Release20|Any CPU.ActiveCfg = Release20|Any CPU
		{595D6322-637A-4A36-97F1-D53F3F9ECEA7}.Release20|Any CPU.Build.0 = Release20|Any CPU
		{595D6322-637A-4A36-97F1-D53F3F9ECEA7}.Release20|x86.ActiveCfg = Release20|Any CPU
		{595D6322-637A-4A36-97F1-D53F3F9ECEA7}.Release20|x86.Build.0 = Release20|Any CPU
		{595D6322-637A-4A36-97F1-D53F3F9ECEA7}.ReleaseContractsReferences|Any CPU.ActiveCfg = Release20|Any CPU
		{595D6322-637A-4A36-97F1-D53F3F9ECEA7}.ReleaseContractsReferences|Any CPU.Build.0 = Release20|Any CPU
		{595D6322-637A-4A36-97F1-D53F3F9ECEA7}.ReleaseContractsReferences|x86.ActiveCfg = Release20|Any CPU
		{595D6322-637A-4A36-97F1-D53F3F9ECEA7}.ReleaseContractsReferences|x86.Build.0 = Release20|Any CPU
		{ACDD0973-E5D9-4C2B-9EAF-B5B5DF44EDDD}.Debug|Any CPU.ActiveCfg = Debug|Any CPU
		{ACDD0973-E5D9-4C2B-9EAF-B5B5DF44EDDD}.Debug|Any CPU.Build.0 = Debug|Any CPU
		{ACDD0973-E5D9-4C2B-9EAF-B5B5DF44EDDD}.Debug|x86.ActiveCfg = Debug|Any CPU
		{ACDD0973-E5D9-4C2B-9EAF-B5B5DF44EDDD}.Debug|x86.Build.0 = Debug|Any CPU
		{ACDD0973-E5D9-4C2B-9EAF-B5B5DF44EDDD}.DebugContracts|Any CPU.ActiveCfg = DebugContracts|Any CPU
		{ACDD0973-E5D9-4C2B-9EAF-B5B5DF44EDDD}.DebugContracts|Any CPU.Build.0 = DebugContracts|Any CPU
		{ACDD0973-E5D9-4C2B-9EAF-B5B5DF44EDDD}.DebugContracts|x86.ActiveCfg = DebugContracts|Any CPU
		{ACDD0973-E5D9-4C2B-9EAF-B5B5DF44EDDD}.DebugContracts|x86.Build.0 = DebugContracts|Any CPU
		{ACDD0973-E5D9-4C2B-9EAF-B5B5DF44EDDD}.Release|Any CPU.ActiveCfg = Release|Any CPU
		{ACDD0973-E5D9-4C2B-9EAF-B5B5DF44EDDD}.Release|Any CPU.Build.0 = Release|Any CPU
		{ACDD0973-E5D9-4C2B-9EAF-B5B5DF44EDDD}.Release|x86.ActiveCfg = Release|Any CPU
		{ACDD0973-E5D9-4C2B-9EAF-B5B5DF44EDDD}.Release|x86.Build.0 = Release|Any CPU
		{ACDD0973-E5D9-4C2B-9EAF-B5B5DF44EDDD}.Release20|Any CPU.ActiveCfg = Release20|Any CPU
		{ACDD0973-E5D9-4C2B-9EAF-B5B5DF44EDDD}.Release20|Any CPU.Build.0 = Release20|Any CPU
		{ACDD0973-E5D9-4C2B-9EAF-B5B5DF44EDDD}.Release20|x86.ActiveCfg = Release20|Any CPU
		{ACDD0973-E5D9-4C2B-9EAF-B5B5DF44EDDD}.Release20|x86.Build.0 = Release20|Any CPU
		{ACDD0973-E5D9-4C2B-9EAF-B5B5DF44EDDD}.ReleaseContractsReferences|Any CPU.ActiveCfg = ReleaseContractsReferences|Any CPU
		{ACDD0973-E5D9-4C2B-9EAF-B5B5DF44EDDD}.ReleaseContractsReferences|Any CPU.Build.0 = ReleaseContractsReferences|Any CPU
		{ACDD0973-E5D9-4C2B-9EAF-B5B5DF44EDDD}.ReleaseContractsReferences|x86.ActiveCfg = ReleaseContractsReferences|Any CPU
		{ACDD0973-E5D9-4C2B-9EAF-B5B5DF44EDDD}.ReleaseContractsReferences|x86.Build.0 = ReleaseContractsReferences|Any CPU
		{6C49E8BF-82F4-40D0-AB49-8EA8A655A989}.Debug|Any CPU.ActiveCfg = Debug|Any CPU
		{6C49E8BF-82F4-40D0-AB49-8EA8A655A989}.Debug|Any CPU.Build.0 = Debug|Any CPU
		{6C49E8BF-82F4-40D0-AB49-8EA8A655A989}.Debug|x86.ActiveCfg = Debug|Any CPU
		{6C49E8BF-82F4-40D0-AB49-8EA8A655A989}.Debug|x86.Build.0 = Debug|Any CPU
		{6C49E8BF-82F4-40D0-AB49-8EA8A655A989}.DebugContracts|Any CPU.ActiveCfg = Debug|Any CPU
		{6C49E8BF-82F4-40D0-AB49-8EA8A655A989}.DebugContracts|Any CPU.Build.0 = Debug|Any CPU
		{6C49E8BF-82F4-40D0-AB49-8EA8A655A989}.DebugContracts|x86.ActiveCfg = Debug|Any CPU
		{6C49E8BF-82F4-40D0-AB49-8EA8A655A989}.DebugContracts|x86.Build.0 = Debug|Any CPU
		{6C49E8BF-82F4-40D0-AB49-8EA8A655A989}.Release|Any CPU.ActiveCfg = Release|Any CPU
		{6C49E8BF-82F4-40D0-AB49-8EA8A655A989}.Release|Any CPU.Build.0 = Release|Any CPU
		{6C49E8BF-82F4-40D0-AB49-8EA8A655A989}.Release|x86.ActiveCfg = Release|Any CPU
		{6C49E8BF-82F4-40D0-AB49-8EA8A655A989}.Release|x86.Build.0 = Release|Any CPU
		{6C49E8BF-82F4-40D0-AB49-8EA8A655A989}.Release20|Any CPU.ActiveCfg = Release20|Any CPU
		{6C49E8BF-82F4-40D0-AB49-8EA8A655A989}.Release20|Any CPU.Build.0 = Release20|Any CPU
		{6C49E8BF-82F4-40D0-AB49-8EA8A655A989}.Release20|x86.ActiveCfg = Release20|Any CPU
		{6C49E8BF-82F4-40D0-AB49-8EA8A655A989}.Release20|x86.Build.0 = Release20|Any CPU
		{6C49E8BF-82F4-40D0-AB49-8EA8A655A989}.ReleaseContractsReferences|Any CPU.ActiveCfg = Release20|Any CPU
		{6C49E8BF-82F4-40D0-AB49-8EA8A655A989}.ReleaseContractsReferences|Any CPU.Build.0 = Release20|Any CPU
		{6C49E8BF-82F4-40D0-AB49-8EA8A655A989}.ReleaseContractsReferences|x86.ActiveCfg = Release20|Any CPU
		{6C49E8BF-82F4-40D0-AB49-8EA8A655A989}.ReleaseContractsReferences|x86.Build.0 = Release20|Any CPU
		{52CBCA3C-1C19-4C0C-A4F0-B887E383AD74}.Debug|Any CPU.ActiveCfg = Debug|Any CPU
		{52CBCA3C-1C19-4C0C-A4F0-B887E383AD74}.Debug|Any CPU.Build.0 = Debug|Any CPU
		{52CBCA3C-1C19-4C0C-A4F0-B887E383AD74}.Debug|x86.ActiveCfg = Debug|Any CPU
		{52CBCA3C-1C19-4C0C-A4F0-B887E383AD74}.Debug|x86.Build.0 = Debug|Any CPU
		{52CBCA3C-1C19-4C0C-A4F0-B887E383AD74}.DebugContracts|Any CPU.ActiveCfg = Debug|Any CPU
		{52CBCA3C-1C19-4C0C-A4F0-B887E383AD74}.DebugContracts|Any CPU.Build.0 = Debug|Any CPU
		{52CBCA3C-1C19-4C0C-A4F0-B887E383AD74}.DebugContracts|x86.ActiveCfg = Debug|Any CPU
		{52CBCA3C-1C19-4C0C-A4F0-B887E383AD74}.DebugContracts|x86.Build.0 = Debug|Any CPU
		{52CBCA3C-1C19-4C0C-A4F0-B887E383AD74}.Release|Any CPU.ActiveCfg = Release|Any CPU
		{52CBCA3C-1C19-4C0C-A4F0-B887E383AD74}.Release|Any CPU.Build.0 = Release|Any CPU
		{52CBCA3C-1C19-4C0C-A4F0-B887E383AD74}.Release|x86.ActiveCfg = Release|Any CPU
		{52CBCA3C-1C19-4C0C-A4F0-B887E383AD74}.Release|x86.Build.0 = Release|Any CPU
		{52CBCA3C-1C19-4C0C-A4F0-B887E383AD74}.Release20|Any CPU.ActiveCfg = Release|Any CPU
		{52CBCA3C-1C19-4C0C-A4F0-B887E383AD74}.Release20|Any CPU.Build.0 = Release|Any CPU
		{52CBCA3C-1C19-4C0C-A4F0-B887E383AD74}.Release20|x86.ActiveCfg = Release|Any CPU
		{52CBCA3C-1C19-4C0C-A4F0-B887E383AD74}.Release20|x86.Build.0 = Release|Any CPU
		{52CBCA3C-1C19-4C0C-A4F0-B887E383AD74}.ReleaseContractsReferences|Any CPU.ActiveCfg = Release|Any CPU
		{52CBCA3C-1C19-4C0C-A4F0-B887E383AD74}.ReleaseContractsReferences|Any CPU.Build.0 = Release|Any CPU
		{52CBCA3C-1C19-4C0C-A4F0-B887E383AD74}.ReleaseContractsReferences|x86.ActiveCfg = Release|Any CPU
		{52CBCA3C-1C19-4C0C-A4F0-B887E383AD74}.ReleaseContractsReferences|x86.Build.0 = Release|Any CPU
		{1CCAFD2C-4A61-4F7F-986C-A2F575086344}.Debug|Any CPU.ActiveCfg = Debug|Any CPU
		{1CCAFD2C-4A61-4F7F-986C-A2F575086344}.Debug|Any CPU.Build.0 = Debug|Any CPU
		{1CCAFD2C-4A61-4F7F-986C-A2F575086344}.Debug|x86.ActiveCfg = Debug|Any CPU
		{1CCAFD2C-4A61-4F7F-986C-A2F575086344}.Debug|x86.Build.0 = Debug|Any CPU
		{1CCAFD2C-4A61-4F7F-986C-A2F575086344}.DebugContracts|Any CPU.ActiveCfg = Debug|Any CPU
		{1CCAFD2C-4A61-4F7F-986C-A2F575086344}.DebugContracts|Any CPU.Build.0 = Debug|Any CPU
		{1CCAFD2C-4A61-4F7F-986C-A2F575086344}.DebugContracts|x86.ActiveCfg = Debug|Any CPU
		{1CCAFD2C-4A61-4F7F-986C-A2F575086344}.DebugContracts|x86.Build.0 = Debug|Any CPU
		{1CCAFD2C-4A61-4F7F-986C-A2F575086344}.Release|Any CPU.ActiveCfg = Release|Any CPU
		{1CCAFD2C-4A61-4F7F-986C-A2F575086344}.Release|Any CPU.Build.0 = Release|Any CPU
		{1CCAFD2C-4A61-4F7F-986C-A2F575086344}.Release|x86.ActiveCfg = Release|Any CPU
		{1CCAFD2C-4A61-4F7F-986C-A2F575086344}.Release|x86.Build.0 = Release|Any CPU
		{1CCAFD2C-4A61-4F7F-986C-A2F575086344}.Release20|Any CPU.ActiveCfg = Release|Any CPU
		{1CCAFD2C-4A61-4F7F-986C-A2F575086344}.Release20|Any CPU.Build.0 = Release|Any CPU
		{1CCAFD2C-4A61-4F7F-986C-A2F575086344}.Release20|x86.ActiveCfg = Release|Any CPU
		{1CCAFD2C-4A61-4F7F-986C-A2F575086344}.Release20|x86.Build.0 = Release|Any CPU
		{1CCAFD2C-4A61-4F7F-986C-A2F575086344}.ReleaseContractsReferences|Any CPU.ActiveCfg = Release|Any CPU
		{1CCAFD2C-4A61-4F7F-986C-A2F575086344}.ReleaseContractsReferences|Any CPU.Build.0 = Release|Any CPU
		{1CCAFD2C-4A61-4F7F-986C-A2F575086344}.ReleaseContractsReferences|x86.ActiveCfg = Release|Any CPU
		{1CCAFD2C-4A61-4F7F-986C-A2F575086344}.ReleaseContractsReferences|x86.Build.0 = Release|Any CPU
		{61DF76E1-DE2B-4DF1-AD5F-89939AB06693}.Debug|Any CPU.ActiveCfg = Debug|Any CPU
		{61DF76E1-DE2B-4DF1-AD5F-89939AB06693}.Debug|Any CPU.Build.0 = Debug|Any CPU
		{61DF76E1-DE2B-4DF1-AD5F-89939AB06693}.Debug|x86.ActiveCfg = Debug|Any CPU
		{61DF76E1-DE2B-4DF1-AD5F-89939AB06693}.Debug|x86.Build.0 = Debug|Any CPU
		{61DF76E1-DE2B-4DF1-AD5F-89939AB06693}.DebugContracts|Any CPU.ActiveCfg = Debug|Any CPU
		{61DF76E1-DE2B-4DF1-AD5F-89939AB06693}.DebugContracts|Any CPU.Build.0 = Debug|Any CPU
		{61DF76E1-DE2B-4DF1-AD5F-89939AB06693}.DebugContracts|x86.ActiveCfg = Debug|Any CPU
		{61DF76E1-DE2B-4DF1-AD5F-89939AB06693}.DebugContracts|x86.Build.0 = Debug|Any CPU
		{61DF76E1-DE2B-4DF1-AD5F-89939AB06693}.Release|Any CPU.ActiveCfg = Release|Any CPU
		{61DF76E1-DE2B-4DF1-AD5F-89939AB06693}.Release|Any CPU.Build.0 = Release|Any CPU
		{61DF76E1-DE2B-4DF1-AD5F-89939AB06693}.Release|x86.ActiveCfg = Release|Any CPU
		{61DF76E1-DE2B-4DF1-AD5F-89939AB06693}.Release|x86.Build.0 = Release|Any CPU
		{61DF76E1-DE2B-4DF1-AD5F-89939AB06693}.Release20|Any CPU.ActiveCfg = Release20|Any CPU
		{61DF76E1-DE2B-4DF1-AD5F-89939AB06693}.Release20|Any CPU.Build.0 = Release20|Any CPU
		{61DF76E1-DE2B-4DF1-AD5F-89939AB06693}.Release20|x86.ActiveCfg = Release20|Any CPU
		{61DF76E1-DE2B-4DF1-AD5F-89939AB06693}.Release20|x86.Build.0 = Release20|Any CPU
		{61DF76E1-DE2B-4DF1-AD5F-89939AB06693}.ReleaseContractsReferences|Any CPU.ActiveCfg = Release20|Any CPU
		{61DF76E1-DE2B-4DF1-AD5F-89939AB06693}.ReleaseContractsReferences|Any CPU.Build.0 = Release20|Any CPU
		{61DF76E1-DE2B-4DF1-AD5F-89939AB06693}.ReleaseContractsReferences|x86.ActiveCfg = Release20|Any CPU
		{61DF76E1-DE2B-4DF1-AD5F-89939AB06693}.ReleaseContractsReferences|x86.Build.0 = Release20|Any CPU
		{2C35D329-D1F8-4862-8DA2-F2D27E8D4DB7}.Debug|Any CPU.ActiveCfg = Debug|Any CPU
		{2C35D329-D1F8-4862-8DA2-F2D27E8D4DB7}.Debug|Any CPU.Build.0 = Debug|Any CPU
		{2C35D329-D1F8-4862-8DA2-F2D27E8D4DB7}.Debug|x86.ActiveCfg = Debug|Any CPU
		{2C35D329-D1F8-4862-8DA2-F2D27E8D4DB7}.Debug|x86.Build.0 = Debug|Any CPU
		{2C35D329-D1F8-4862-8DA2-F2D27E8D4DB7}.DebugContracts|Any CPU.ActiveCfg = Debug|Any CPU
		{2C35D329-D1F8-4862-8DA2-F2D27E8D4DB7}.DebugContracts|Any CPU.Build.0 = Debug|Any CPU
		{2C35D329-D1F8-4862-8DA2-F2D27E8D4DB7}.DebugContracts|x86.ActiveCfg = Debug|Any CPU
		{2C35D329-D1F8-4862-8DA2-F2D27E8D4DB7}.DebugContracts|x86.Build.0 = Debug|Any CPU
		{2C35D329-D1F8-4862-8DA2-F2D27E8D4DB7}.Release|Any CPU.ActiveCfg = Release|Any CPU
		{2C35D329-D1F8-4862-8DA2-F2D27E8D4DB7}.Release|Any CPU.Build.0 = Release|Any CPU
		{2C35D329-D1F8-4862-8DA2-F2D27E8D4DB7}.Release|x86.ActiveCfg = Release|Any CPU
		{2C35D329-D1F8-4862-8DA2-F2D27E8D4DB7}.Release|x86.Build.0 = Release|Any CPU
		{2C35D329-D1F8-4862-8DA2-F2D27E8D4DB7}.Release20|Any CPU.ActiveCfg = Release|Any CPU
		{2C35D329-D1F8-4862-8DA2-F2D27E8D4DB7}.Release20|Any CPU.Build.0 = Release|Any CPU
		{2C35D329-D1F8-4862-8DA2-F2D27E8D4DB7}.Release20|x86.ActiveCfg = Release|Any CPU
		{2C35D329-D1F8-4862-8DA2-F2D27E8D4DB7}.Release20|x86.Build.0 = Release|Any CPU
		{2C35D329-D1F8-4862-8DA2-F2D27E8D4DB7}.ReleaseContractsReferences|Any CPU.ActiveCfg = Release|Any CPU
		{2C35D329-D1F8-4862-8DA2-F2D27E8D4DB7}.ReleaseContractsReferences|Any CPU.Build.0 = Release|Any CPU
		{2C35D329-D1F8-4862-8DA2-F2D27E8D4DB7}.ReleaseContractsReferences|x86.ActiveCfg = Release|Any CPU
		{2C35D329-D1F8-4862-8DA2-F2D27E8D4DB7}.ReleaseContractsReferences|x86.Build.0 = Release|Any CPU
		{8826810A-DC59-46E6-8978-21E273DB1236}.Debug|Any CPU.ActiveCfg = Debug|Any CPU
		{8826810A-DC59-46E6-8978-21E273DB1236}.Debug|Any CPU.Build.0 = Debug|Any CPU
		{8826810A-DC59-46E6-8978-21E273DB1236}.Debug|x86.ActiveCfg = Debug|Any CPU
		{8826810A-DC59-46E6-8978-21E273DB1236}.Debug|x86.Build.0 = Debug|Any CPU
		{8826810A-DC59-46E6-8978-21E273DB1236}.DebugContracts|Any CPU.ActiveCfg = Debug|Any CPU
		{8826810A-DC59-46E6-8978-21E273DB1236}.DebugContracts|Any CPU.Build.0 = Debug|Any CPU
		{8826810A-DC59-46E6-8978-21E273DB1236}.DebugContracts|x86.ActiveCfg = Debug|Any CPU
		{8826810A-DC59-46E6-8978-21E273DB1236}.DebugContracts|x86.Build.0 = Debug|Any CPU
		{8826810A-DC59-46E6-8978-21E273DB1236}.Release|Any CPU.ActiveCfg = Release|Any CPU
		{8826810A-DC59-46E6-8978-21E273DB1236}.Release|Any CPU.Build.0 = Release|Any CPU
		{8826810A-DC59-46E6-8978-21E273DB1236}.Release|x86.ActiveCfg = Release|Any CPU
		{8826810A-DC59-46E6-8978-21E273DB1236}.Release|x86.Build.0 = Release|Any CPU
		{8826810A-DC59-46E6-8978-21E273DB1236}.Release20|Any CPU.ActiveCfg = Release|Any CPU
		{8826810A-DC59-46E6-8978-21E273DB1236}.Release20|Any CPU.Build.0 = Release|Any CPU
		{8826810A-DC59-46E6-8978-21E273DB1236}.Release20|x86.ActiveCfg = Release|Any CPU
		{8826810A-DC59-46E6-8978-21E273DB1236}.Release20|x86.Build.0 = Release|Any CPU
		{8826810A-DC59-46E6-8978-21E273DB1236}.ReleaseContractsReferences|Any CPU.ActiveCfg = Release|Any CPU
		{8826810A-DC59-46E6-8978-21E273DB1236}.ReleaseContractsReferences|Any CPU.Build.0 = Release|Any CPU
		{8826810A-DC59-46E6-8978-21E273DB1236}.ReleaseContractsReferences|x86.ActiveCfg = Release|Any CPU
		{8826810A-DC59-46E6-8978-21E273DB1236}.ReleaseContractsReferences|x86.Build.0 = Release|Any CPU
		{BD5D18DE-1C9D-4314-A777-21AA683EEACE}.Debug|Any CPU.ActiveCfg = Debug|Any CPU
		{BD5D18DE-1C9D-4314-A777-21AA683EEACE}.Debug|Any CPU.Build.0 = Debug|Any CPU
		{BD5D18DE-1C9D-4314-A777-21AA683EEACE}.Debug|x86.ActiveCfg = Debug|Any CPU
		{BD5D18DE-1C9D-4314-A777-21AA683EEACE}.Debug|x86.Build.0 = Debug|Any CPU
		{BD5D18DE-1C9D-4314-A777-21AA683EEACE}.DebugContracts|Any CPU.ActiveCfg = Debug|Any CPU
		{BD5D18DE-1C9D-4314-A777-21AA683EEACE}.DebugContracts|Any CPU.Build.0 = Debug|Any CPU
		{BD5D18DE-1C9D-4314-A777-21AA683EEACE}.DebugContracts|x86.ActiveCfg = Debug|Any CPU
		{BD5D18DE-1C9D-4314-A777-21AA683EEACE}.DebugContracts|x86.Build.0 = Debug|Any CPU
		{BD5D18DE-1C9D-4314-A777-21AA683EEACE}.Release|Any CPU.ActiveCfg = Release|Any CPU
		{BD5D18DE-1C9D-4314-A777-21AA683EEACE}.Release|Any CPU.Build.0 = Release|Any CPU
		{BD5D18DE-1C9D-4314-A777-21AA683EEACE}.Release|x86.ActiveCfg = Release|Any CPU
		{BD5D18DE-1C9D-4314-A777-21AA683EEACE}.Release|x86.Build.0 = Release|Any CPU
		{BD5D18DE-1C9D-4314-A777-21AA683EEACE}.Release20|Any CPU.ActiveCfg = Release|Any CPU
		{BD5D18DE-1C9D-4314-A777-21AA683EEACE}.Release20|Any CPU.Build.0 = Release|Any CPU
		{BD5D18DE-1C9D-4314-A777-21AA683EEACE}.Release20|x86.ActiveCfg = Release|Any CPU
		{BD5D18DE-1C9D-4314-A777-21AA683EEACE}.Release20|x86.Build.0 = Release|Any CPU
		{BD5D18DE-1C9D-4314-A777-21AA683EEACE}.ReleaseContractsReferences|Any CPU.ActiveCfg = Release|Any CPU
		{BD5D18DE-1C9D-4314-A777-21AA683EEACE}.ReleaseContractsReferences|Any CPU.Build.0 = Release|Any CPU
		{BD5D18DE-1C9D-4314-A777-21AA683EEACE}.ReleaseContractsReferences|x86.ActiveCfg = Release|Any CPU
		{BD5D18DE-1C9D-4314-A777-21AA683EEACE}.ReleaseContractsReferences|x86.Build.0 = Release|Any CPU
		{3BF3542B-4034-429F-9105-197A60625CA3}.Debug|Any CPU.ActiveCfg = Debug|Any CPU
		{3BF3542B-4034-429F-9105-197A60625CA3}.Debug|Any CPU.Build.0 = Debug|Any CPU
		{3BF3542B-4034-429F-9105-197A60625CA3}.Debug|x86.ActiveCfg = Debug|Any CPU
		{3BF3542B-4034-429F-9105-197A60625CA3}.Debug|x86.Build.0 = Debug|Any CPU
		{3BF3542B-4034-429F-9105-197A60625CA3}.DebugContracts|Any CPU.ActiveCfg = Debug|Any CPU
		{3BF3542B-4034-429F-9105-197A60625CA3}.DebugContracts|Any CPU.Build.0 = Debug|Any CPU
		{3BF3542B-4034-429F-9105-197A60625CA3}.DebugContracts|x86.ActiveCfg = Debug|Any CPU
		{3BF3542B-4034-429F-9105-197A60625CA3}.DebugContracts|x86.Build.0 = Debug|Any CPU
		{3BF3542B-4034-429F-9105-197A60625CA3}.Release|Any CPU.ActiveCfg = Release|Any CPU
		{3BF3542B-4034-429F-9105-197A60625CA3}.Release|Any CPU.Build.0 = Release|Any CPU
		{3BF3542B-4034-429F-9105-197A60625CA3}.Release|x86.ActiveCfg = Release|Any CPU
		{3BF3542B-4034-429F-9105-197A60625CA3}.Release|x86.Build.0 = Release|Any CPU
		{3BF3542B-4034-429F-9105-197A60625CA3}.Release20|Any CPU.ActiveCfg = Release|Any CPU
		{3BF3542B-4034-429F-9105-197A60625CA3}.Release20|Any CPU.Build.0 = Release|Any CPU
		{3BF3542B-4034-429F-9105-197A60625CA3}.Release20|x86.ActiveCfg = Release|Any CPU
		{3BF3542B-4034-429F-9105-197A60625CA3}.Release20|x86.Build.0 = Release|Any CPU
		{3BF3542B-4034-429F-9105-197A60625CA3}.ReleaseContractsReferences|Any CPU.ActiveCfg = Release|Any CPU
		{3BF3542B-4034-429F-9105-197A60625CA3}.ReleaseContractsReferences|Any CPU.Build.0 = Release|Any CPU
		{3BF3542B-4034-429F-9105-197A60625CA3}.ReleaseContractsReferences|x86.ActiveCfg = Release|Any CPU
		{3BF3542B-4034-429F-9105-197A60625CA3}.ReleaseContractsReferences|x86.Build.0 = Release|Any CPU
		{6B141FDE-F5DF-4DFD-B21F-C076BC87CCAF}.Debug|Any CPU.ActiveCfg = Debug|Any CPU
		{6B141FDE-F5DF-4DFD-B21F-C076BC87CCAF}.Debug|Any CPU.Build.0 = Debug|Any CPU
		{6B141FDE-F5DF-4DFD-B21F-C076BC87CCAF}.Debug|x86.ActiveCfg = Debug|Any CPU
		{6B141FDE-F5DF-4DFD-B21F-C076BC87CCAF}.Debug|x86.Build.0 = Debug|Any CPU
		{6B141FDE-F5DF-4DFD-B21F-C076BC87CCAF}.DebugContracts|Any CPU.ActiveCfg = Debug|Any CPU
		{6B141FDE-F5DF-4DFD-B21F-C076BC87CCAF}.DebugContracts|Any CPU.Build.0 = Debug|Any CPU
		{6B141FDE-F5DF-4DFD-B21F-C076BC87CCAF}.DebugContracts|x86.ActiveCfg = Debug|Any CPU
		{6B141FDE-F5DF-4DFD-B21F-C076BC87CCAF}.DebugContracts|x86.Build.0 = Debug|Any CPU
		{6B141FDE-F5DF-4DFD-B21F-C076BC87CCAF}.Release|Any CPU.ActiveCfg = Release|Any CPU
		{6B141FDE-F5DF-4DFD-B21F-C076BC87CCAF}.Release|Any CPU.Build.0 = Release|Any CPU
		{6B141FDE-F5DF-4DFD-B21F-C076BC87CCAF}.Release|x86.ActiveCfg = Release|Any CPU
		{6B141FDE-F5DF-4DFD-B21F-C076BC87CCAF}.Release|x86.Build.0 = Release|Any CPU
		{6B141FDE-F5DF-4DFD-B21F-C076BC87CCAF}.Release20|Any CPU.ActiveCfg = Release|Any CPU
		{6B141FDE-F5DF-4DFD-B21F-C076BC87CCAF}.Release20|Any CPU.Build.0 = Release|Any CPU
		{6B141FDE-F5DF-4DFD-B21F-C076BC87CCAF}.Release20|x86.ActiveCfg = Release|Any CPU
		{6B141FDE-F5DF-4DFD-B21F-C076BC87CCAF}.Release20|x86.Build.0 = Release|Any CPU
		{6B141FDE-F5DF-4DFD-B21F-C076BC87CCAF}.ReleaseContractsReferences|Any CPU.ActiveCfg = Release|Any CPU
		{6B141FDE-F5DF-4DFD-B21F-C076BC87CCAF}.ReleaseContractsReferences|Any CPU.Build.0 = Release|Any CPU
		{6B141FDE-F5DF-4DFD-B21F-C076BC87CCAF}.ReleaseContractsReferences|x86.ActiveCfg = Release|Any CPU
		{6B141FDE-F5DF-4DFD-B21F-C076BC87CCAF}.ReleaseContractsReferences|x86.Build.0 = Release|Any CPU
		{4B220E23-A7E0-4222-83F5-C785F7C66B33}.Debug|Any CPU.ActiveCfg = Debug|Any CPU
		{4B220E23-A7E0-4222-83F5-C785F7C66B33}.Debug|Any CPU.Build.0 = Debug|Any CPU
		{4B220E23-A7E0-4222-83F5-C785F7C66B33}.Debug|x86.ActiveCfg = Debug|Any CPU
		{4B220E23-A7E0-4222-83F5-C785F7C66B33}.Debug|x86.Build.0 = Debug|Any CPU
		{4B220E23-A7E0-4222-83F5-C785F7C66B33}.DebugContracts|Any CPU.ActiveCfg = Debug|Any CPU
		{4B220E23-A7E0-4222-83F5-C785F7C66B33}.DebugContracts|Any CPU.Build.0 = Debug|Any CPU
		{4B220E23-A7E0-4222-83F5-C785F7C66B33}.DebugContracts|x86.ActiveCfg = Debug|Any CPU
		{4B220E23-A7E0-4222-83F5-C785F7C66B33}.DebugContracts|x86.Build.0 = Debug|Any CPU
		{4B220E23-A7E0-4222-83F5-C785F7C66B33}.Release|Any CPU.ActiveCfg = Release|Any CPU
		{4B220E23-A7E0-4222-83F5-C785F7C66B33}.Release|Any CPU.Build.0 = Release|Any CPU
		{4B220E23-A7E0-4222-83F5-C785F7C66B33}.Release|x86.ActiveCfg = Release|Any CPU
		{4B220E23-A7E0-4222-83F5-C785F7C66B33}.Release|x86.Build.0 = Release|Any CPU
		{4B220E23-A7E0-4222-83F5-C785F7C66B33}.Release20|Any CPU.ActiveCfg = Release|Any CPU
		{4B220E23-A7E0-4222-83F5-C785F7C66B33}.Release20|Any CPU.Build.0 = Release|Any CPU
		{4B220E23-A7E0-4222-83F5-C785F7C66B33}.Release20|x86.ActiveCfg = Release|Any CPU
		{4B220E23-A7E0-4222-83F5-C785F7C66B33}.Release20|x86.Build.0 = Release|Any CPU
		{4B220E23-A7E0-4222-83F5-C785F7C66B33}.ReleaseContractsReferences|Any CPU.ActiveCfg = Release|Any CPU
		{4B220E23-A7E0-4222-83F5-C785F7C66B33}.ReleaseContractsReferences|Any CPU.Build.0 = Release|Any CPU
		{4B220E23-A7E0-4222-83F5-C785F7C66B33}.ReleaseContractsReferences|x86.ActiveCfg = Release|Any CPU
		{4B220E23-A7E0-4222-83F5-C785F7C66B33}.ReleaseContractsReferences|x86.Build.0 = Release|Any CPU
		{D2E33FEE-6689-4BB4-A95C-1B5C327A1E8F}.Debug|Any CPU.ActiveCfg = Debug|Any CPU
		{D2E33FEE-6689-4BB4-A95C-1B5C327A1E8F}.Debug|Any CPU.Build.0 = Debug|Any CPU
		{D2E33FEE-6689-4BB4-A95C-1B5C327A1E8F}.Debug|x86.ActiveCfg = Debug|x86
		{D2E33FEE-6689-4BB4-A95C-1B5C327A1E8F}.Debug|x86.Build.0 = Debug|x86
		{D2E33FEE-6689-4BB4-A95C-1B5C327A1E8F}.DebugContracts|Any CPU.ActiveCfg = Debug|Any CPU
		{D2E33FEE-6689-4BB4-A95C-1B5C327A1E8F}.DebugContracts|Any CPU.Build.0 = Debug|Any CPU
		{D2E33FEE-6689-4BB4-A95C-1B5C327A1E8F}.DebugContracts|x86.ActiveCfg = Debug|x86
		{D2E33FEE-6689-4BB4-A95C-1B5C327A1E8F}.DebugContracts|x86.Build.0 = Debug|x86
		{D2E33FEE-6689-4BB4-A95C-1B5C327A1E8F}.Release|Any CPU.ActiveCfg = Release|Any CPU
		{D2E33FEE-6689-4BB4-A95C-1B5C327A1E8F}.Release|Any CPU.Build.0 = Release|Any CPU
		{D2E33FEE-6689-4BB4-A95C-1B5C327A1E8F}.Release|x86.ActiveCfg = Release|x86
		{D2E33FEE-6689-4BB4-A95C-1B5C327A1E8F}.Release|x86.Build.0 = Release|x86
		{D2E33FEE-6689-4BB4-A95C-1B5C327A1E8F}.Release20|Any CPU.ActiveCfg = Release|Any CPU
		{D2E33FEE-6689-4BB4-A95C-1B5C327A1E8F}.Release20|Any CPU.Build.0 = Release|Any CPU
		{D2E33FEE-6689-4BB4-A95C-1B5C327A1E8F}.Release20|x86.ActiveCfg = Release|x86
		{D2E33FEE-6689-4BB4-A95C-1B5C327A1E8F}.Release20|x86.Build.0 = Release|x86
		{D2E33FEE-6689-4BB4-A95C-1B5C327A1E8F}.ReleaseContractsReferences|Any CPU.ActiveCfg = Release|Any CPU
		{D2E33FEE-6689-4BB4-A95C-1B5C327A1E8F}.ReleaseContractsReferences|Any CPU.Build.0 = Release|Any CPU
		{D2E33FEE-6689-4BB4-A95C-1B5C327A1E8F}.ReleaseContractsReferences|x86.ActiveCfg = Release|x86
		{D2E33FEE-6689-4BB4-A95C-1B5C327A1E8F}.ReleaseContractsReferences|x86.Build.0 = Release|x86
		{3644D44B-DEC0-4B65-BBA0-C68E34821AAE}.Debug|Any CPU.ActiveCfg = Debug|Any CPU
		{3644D44B-DEC0-4B65-BBA0-C68E34821AAE}.Debug|Any CPU.Build.0 = Debug|Any CPU
		{3644D44B-DEC0-4B65-BBA0-C68E34821AAE}.Debug|x86.ActiveCfg = Debug|Any CPU
		{3644D44B-DEC0-4B65-BBA0-C68E34821AAE}.Debug|x86.Build.0 = Debug|Any CPU
		{3644D44B-DEC0-4B65-BBA0-C68E34821AAE}.DebugContracts|Any CPU.ActiveCfg = Debug|Any CPU
		{3644D44B-DEC0-4B65-BBA0-C68E34821AAE}.DebugContracts|Any CPU.Build.0 = Debug|Any CPU
		{3644D44B-DEC0-4B65-BBA0-C68E34821AAE}.DebugContracts|x86.ActiveCfg = Debug|Any CPU
		{3644D44B-DEC0-4B65-BBA0-C68E34821AAE}.DebugContracts|x86.Build.0 = Debug|Any CPU
		{3644D44B-DEC0-4B65-BBA0-C68E34821AAE}.Release|Any CPU.ActiveCfg = Release|Any CPU
		{3644D44B-DEC0-4B65-BBA0-C68E34821AAE}.Release|Any CPU.Build.0 = Release|Any CPU
		{3644D44B-DEC0-4B65-BBA0-C68E34821AAE}.Release|x86.ActiveCfg = Release|Any CPU
		{3644D44B-DEC0-4B65-BBA0-C68E34821AAE}.Release|x86.Build.0 = Release|Any CPU
		{3644D44B-DEC0-4B65-BBA0-C68E34821AAE}.Release20|Any CPU.ActiveCfg = Release|Any CPU
		{3644D44B-DEC0-4B65-BBA0-C68E34821AAE}.Release20|Any CPU.Build.0 = Release|Any CPU
		{3644D44B-DEC0-4B65-BBA0-C68E34821AAE}.Release20|x86.ActiveCfg = Release|Any CPU
		{3644D44B-DEC0-4B65-BBA0-C68E34821AAE}.Release20|x86.Build.0 = Release|Any CPU
		{3644D44B-DEC0-4B65-BBA0-C68E34821AAE}.ReleaseContractsReferences|Any CPU.ActiveCfg = Release|Any CPU
		{3644D44B-DEC0-4B65-BBA0-C68E34821AAE}.ReleaseContractsReferences|Any CPU.Build.0 = Release|Any CPU
		{3644D44B-DEC0-4B65-BBA0-C68E34821AAE}.ReleaseContractsReferences|x86.ActiveCfg = Release|Any CPU
		{3644D44B-DEC0-4B65-BBA0-C68E34821AAE}.ReleaseContractsReferences|x86.Build.0 = Release|Any CPU
		{A30D218B-AAA4-483A-99F7-EAEB1B8B4610}.Debug|Any CPU.ActiveCfg = Debug|Any CPU
		{A30D218B-AAA4-483A-99F7-EAEB1B8B4610}.Debug|Any CPU.Build.0 = Debug|Any CPU
		{A30D218B-AAA4-483A-99F7-EAEB1B8B4610}.Debug|x86.ActiveCfg = Debug|Any CPU
		{A30D218B-AAA4-483A-99F7-EAEB1B8B4610}.Debug|x86.Build.0 = Debug|Any CPU
		{A30D218B-AAA4-483A-99F7-EAEB1B8B4610}.DebugContracts|Any CPU.ActiveCfg = Debug|Any CPU
		{A30D218B-AAA4-483A-99F7-EAEB1B8B4610}.DebugContracts|Any CPU.Build.0 = Debug|Any CPU
		{A30D218B-AAA4-483A-99F7-EAEB1B8B4610}.DebugContracts|x86.ActiveCfg = Debug|Any CPU
		{A30D218B-AAA4-483A-99F7-EAEB1B8B4610}.DebugContracts|x86.Build.0 = Debug|Any CPU
		{A30D218B-AAA4-483A-99F7-EAEB1B8B4610}.Release|Any CPU.ActiveCfg = Release|Any CPU
		{A30D218B-AAA4-483A-99F7-EAEB1B8B4610}.Release|Any CPU.Build.0 = Release|Any CPU
		{A30D218B-AAA4-483A-99F7-EAEB1B8B4610}.Release|x86.ActiveCfg = Release|Any CPU
		{A30D218B-AAA4-483A-99F7-EAEB1B8B4610}.Release|x86.Build.0 = Release|Any CPU
		{A30D218B-AAA4-483A-99F7-EAEB1B8B4610}.Release20|Any CPU.ActiveCfg = Release|Any CPU
		{A30D218B-AAA4-483A-99F7-EAEB1B8B4610}.Release20|Any CPU.Build.0 = Release|Any CPU
		{A30D218B-AAA4-483A-99F7-EAEB1B8B4610}.Release20|x86.ActiveCfg = Release|Any CPU
		{A30D218B-AAA4-483A-99F7-EAEB1B8B4610}.Release20|x86.Build.0 = Release|Any CPU
		{A30D218B-AAA4-483A-99F7-EAEB1B8B4610}.ReleaseContractsReferences|Any CPU.ActiveCfg = Release|Any CPU
		{A30D218B-AAA4-483A-99F7-EAEB1B8B4610}.ReleaseContractsReferences|Any CPU.Build.0 = Release|Any CPU
		{A30D218B-AAA4-483A-99F7-EAEB1B8B4610}.ReleaseContractsReferences|x86.ActiveCfg = Release|Any CPU
		{A30D218B-AAA4-483A-99F7-EAEB1B8B4610}.ReleaseContractsReferences|x86.Build.0 = Release|Any CPU
		{E383F190-86FE-454C-8568-1762F8820925}.Debug|Any CPU.ActiveCfg = Debug|Any CPU
		{E383F190-86FE-454C-8568-1762F8820925}.Debug|Any CPU.Build.0 = Debug|Any CPU
		{E383F190-86FE-454C-8568-1762F8820925}.Debug|x86.ActiveCfg = Debug|Any CPU
		{E383F190-86FE-454C-8568-1762F8820925}.Debug|x86.Build.0 = Debug|Any CPU
		{E383F190-86FE-454C-8568-1762F8820925}.DebugContracts|Any CPU.ActiveCfg = Debug|Any CPU
		{E383F190-86FE-454C-8568-1762F8820925}.DebugContracts|Any CPU.Build.0 = Debug|Any CPU
		{E383F190-86FE-454C-8568-1762F8820925}.DebugContracts|x86.ActiveCfg = Debug|Any CPU
		{E383F190-86FE-454C-8568-1762F8820925}.DebugContracts|x86.Build.0 = Debug|Any CPU
		{E383F190-86FE-454C-8568-1762F8820925}.Release|Any CPU.ActiveCfg = Release|Any CPU
		{E383F190-86FE-454C-8568-1762F8820925}.Release|Any CPU.Build.0 = Release|Any CPU
		{E383F190-86FE-454C-8568-1762F8820925}.Release|x86.ActiveCfg = Release|Any CPU
		{E383F190-86FE-454C-8568-1762F8820925}.Release|x86.Build.0 = Release|Any CPU
		{E383F190-86FE-454C-8568-1762F8820925}.Release20|Any CPU.ActiveCfg = Release|Any CPU
		{E383F190-86FE-454C-8568-1762F8820925}.Release20|Any CPU.Build.0 = Release|Any CPU
		{E383F190-86FE-454C-8568-1762F8820925}.Release20|x86.ActiveCfg = Release|Any CPU
		{E383F190-86FE-454C-8568-1762F8820925}.Release20|x86.Build.0 = Release|Any CPU
		{E383F190-86FE-454C-8568-1762F8820925}.ReleaseContractsReferences|Any CPU.ActiveCfg = Release|Any CPU
		{E383F190-86FE-454C-8568-1762F8820925}.ReleaseContractsReferences|Any CPU.Build.0 = Release|Any CPU
		{E383F190-86FE-454C-8568-1762F8820925}.ReleaseContractsReferences|x86.ActiveCfg = Release|Any CPU
		{E383F190-86FE-454C-8568-1762F8820925}.ReleaseContractsReferences|x86.Build.0 = Release|Any CPU
		{3AC1E323-82F9-4E8E-BB52-D22FBA2C844F}.Debug|Any CPU.ActiveCfg = Debug|Any CPU
		{3AC1E323-82F9-4E8E-BB52-D22FBA2C844F}.Debug|Any CPU.Build.0 = Debug|Any CPU
		{3AC1E323-82F9-4E8E-BB52-D22FBA2C844F}.Debug|x86.ActiveCfg = Debug|Any CPU
		{3AC1E323-82F9-4E8E-BB52-D22FBA2C844F}.Debug|x86.Build.0 = Debug|Any CPU
		{3AC1E323-82F9-4E8E-BB52-D22FBA2C844F}.DebugContracts|Any CPU.ActiveCfg = Debug|Any CPU
		{3AC1E323-82F9-4E8E-BB52-D22FBA2C844F}.DebugContracts|Any CPU.Build.0 = Debug|Any CPU
		{3AC1E323-82F9-4E8E-BB52-D22FBA2C844F}.DebugContracts|x86.ActiveCfg = Debug|Any CPU
		{3AC1E323-82F9-4E8E-BB52-D22FBA2C844F}.DebugContracts|x86.Build.0 = Debug|Any CPU
		{3AC1E323-82F9-4E8E-BB52-D22FBA2C844F}.Release|Any CPU.ActiveCfg = Release|Any CPU
		{3AC1E323-82F9-4E8E-BB52-D22FBA2C844F}.Release|Any CPU.Build.0 = Release|Any CPU
		{3AC1E323-82F9-4E8E-BB52-D22FBA2C844F}.Release|x86.ActiveCfg = Release|Any CPU
		{3AC1E323-82F9-4E8E-BB52-D22FBA2C844F}.Release|x86.Build.0 = Release|Any CPU
		{3AC1E323-82F9-4E8E-BB52-D22FBA2C844F}.Release20|Any CPU.ActiveCfg = Release|Any CPU
		{3AC1E323-82F9-4E8E-BB52-D22FBA2C844F}.Release20|Any CPU.Build.0 = Release|Any CPU
		{3AC1E323-82F9-4E8E-BB52-D22FBA2C844F}.Release20|x86.ActiveCfg = Release|Any CPU
		{3AC1E323-82F9-4E8E-BB52-D22FBA2C844F}.Release20|x86.Build.0 = Release|Any CPU
		{3AC1E323-82F9-4E8E-BB52-D22FBA2C844F}.ReleaseContractsReferences|Any CPU.ActiveCfg = Release|Any CPU
		{3AC1E323-82F9-4E8E-BB52-D22FBA2C844F}.ReleaseContractsReferences|Any CPU.Build.0 = Release|Any CPU
		{3AC1E323-82F9-4E8E-BB52-D22FBA2C844F}.ReleaseContractsReferences|x86.ActiveCfg = Release|Any CPU
		{3AC1E323-82F9-4E8E-BB52-D22FBA2C844F}.ReleaseContractsReferences|x86.Build.0 = Release|Any CPU
		{EDDC5504-F47F-4261-AE56-987116E6E2DD}.Debug|Any CPU.ActiveCfg = Debug|Any CPU
		{EDDC5504-F47F-4261-AE56-987116E6E2DD}.Debug|Any CPU.Build.0 = Debug|Any CPU
		{EDDC5504-F47F-4261-AE56-987116E6E2DD}.Debug|x86.ActiveCfg = Debug|Any CPU
		{EDDC5504-F47F-4261-AE56-987116E6E2DD}.Debug|x86.Build.0 = Debug|Any CPU
		{EDDC5504-F47F-4261-AE56-987116E6E2DD}.DebugContracts|Any CPU.ActiveCfg = Debug|Any CPU
		{EDDC5504-F47F-4261-AE56-987116E6E2DD}.DebugContracts|Any CPU.Build.0 = Debug|Any CPU
		{EDDC5504-F47F-4261-AE56-987116E6E2DD}.DebugContracts|x86.ActiveCfg = Debug|Any CPU
		{EDDC5504-F47F-4261-AE56-987116E6E2DD}.DebugContracts|x86.Build.0 = Debug|Any CPU
		{EDDC5504-F47F-4261-AE56-987116E6E2DD}.Release|Any CPU.ActiveCfg = Release|Any CPU
		{EDDC5504-F47F-4261-AE56-987116E6E2DD}.Release|Any CPU.Build.0 = Release|Any CPU
		{EDDC5504-F47F-4261-AE56-987116E6E2DD}.Release|x86.ActiveCfg = Release|Any CPU
		{EDDC5504-F47F-4261-AE56-987116E6E2DD}.Release|x86.Build.0 = Release|Any CPU
		{EDDC5504-F47F-4261-AE56-987116E6E2DD}.Release20|Any CPU.ActiveCfg = Release|Any CPU
		{EDDC5504-F47F-4261-AE56-987116E6E2DD}.Release20|Any CPU.Build.0 = Release|Any CPU
		{EDDC5504-F47F-4261-AE56-987116E6E2DD}.Release20|x86.ActiveCfg = Release|Any CPU
		{EDDC5504-F47F-4261-AE56-987116E6E2DD}.Release20|x86.Build.0 = Release|Any CPU
		{EDDC5504-F47F-4261-AE56-987116E6E2DD}.ReleaseContractsReferences|Any CPU.ActiveCfg = Release|Any CPU
		{EDDC5504-F47F-4261-AE56-987116E6E2DD}.ReleaseContractsReferences|Any CPU.Build.0 = Release|Any CPU
		{EDDC5504-F47F-4261-AE56-987116E6E2DD}.ReleaseContractsReferences|x86.ActiveCfg = Release|Any CPU
		{EDDC5504-F47F-4261-AE56-987116E6E2DD}.ReleaseContractsReferences|x86.Build.0 = Release|Any CPU
		{C2F89DE1-B429-4B5D-AF22-3A075D00BAA4}.Debug|Any CPU.ActiveCfg = Debug|Any CPU
		{C2F89DE1-B429-4B5D-AF22-3A075D00BAA4}.Debug|Any CPU.Build.0 = Debug|Any CPU
		{C2F89DE1-B429-4B5D-AF22-3A075D00BAA4}.Debug|x86.ActiveCfg = Debug|Any CPU
		{C2F89DE1-B429-4B5D-AF22-3A075D00BAA4}.Debug|x86.Build.0 = Debug|Any CPU
		{C2F89DE1-B429-4B5D-AF22-3A075D00BAA4}.DebugContracts|Any CPU.ActiveCfg = Debug|Any CPU
		{C2F89DE1-B429-4B5D-AF22-3A075D00BAA4}.DebugContracts|Any CPU.Build.0 = Debug|Any CPU
		{C2F89DE1-B429-4B5D-AF22-3A075D00BAA4}.DebugContracts|x86.ActiveCfg = Debug|Any CPU
		{C2F89DE1-B429-4B5D-AF22-3A075D00BAA4}.DebugContracts|x86.Build.0 = Debug|Any CPU
		{C2F89DE1-B429-4B5D-AF22-3A075D00BAA4}.Release|Any CPU.ActiveCfg = Release|Any CPU
		{C2F89DE1-B429-4B5D-AF22-3A075D00BAA4}.Release|Any CPU.Build.0 = Release|Any CPU
		{C2F89DE1-B429-4B5D-AF22-3A075D00BAA4}.Release|x86.ActiveCfg = Release|Any CPU
		{C2F89DE1-B429-4B5D-AF22-3A075D00BAA4}.Release|x86.Build.0 = Release|Any CPU
		{C2F89DE1-B429-4B5D-AF22-3A075D00BAA4}.Release20|Any CPU.ActiveCfg = Release|Any CPU
		{C2F89DE1-B429-4B5D-AF22-3A075D00BAA4}.Release20|Any CPU.Build.0 = Release|Any CPU
		{C2F89DE1-B429-4B5D-AF22-3A075D00BAA4}.Release20|x86.ActiveCfg = Release|Any CPU
		{C2F89DE1-B429-4B5D-AF22-3A075D00BAA4}.Release20|x86.Build.0 = Release|Any CPU
		{C2F89DE1-B429-4B5D-AF22-3A075D00BAA4}.ReleaseContractsReferences|Any CPU.ActiveCfg = Release|Any CPU
		{C2F89DE1-B429-4B5D-AF22-3A075D00BAA4}.ReleaseContractsReferences|Any CPU.Build.0 = Release|Any CPU
		{C2F89DE1-B429-4B5D-AF22-3A075D00BAA4}.ReleaseContractsReferences|x86.ActiveCfg = Release|Any CPU
		{C2F89DE1-B429-4B5D-AF22-3A075D00BAA4}.ReleaseContractsReferences|x86.Build.0 = Release|Any CPU
	EndGlobalSection
	GlobalSection(SolutionProperties) = preSolution
		HideSolutionNode = FALSE
	EndGlobalSection
	GlobalSection(NestedProjects) = preSolution
		{A9A5C115-0680-44B3-A87E-5ECF4C93814E} = {7A2A3C07-B652-4759-AFC4-49378D764784}
		{960C14D1-EDBD-40E5-8AE6-25E311551B87} = {7A2A3C07-B652-4759-AFC4-49378D764784}
		{8836CFAC-D2B0-47A5-9A91-03A2218BF6FD} = {7A2A3C07-B652-4759-AFC4-49378D764784}
		{595D6322-637A-4A36-97F1-D53F3F9ECEA7} = {7A2A3C07-B652-4759-AFC4-49378D764784}
		{ACDD0973-E5D9-4C2B-9EAF-B5B5DF44EDDD} = {DD28733B-860A-4FE6-8D68-119EB179F90E}
		{6C49E8BF-82F4-40D0-AB49-8EA8A655A989} = {DD28733B-860A-4FE6-8D68-119EB179F90E}
		{52CBCA3C-1C19-4C0C-A4F0-B887E383AD74} = {DD28733B-860A-4FE6-8D68-119EB179F90E}
		{1CCAFD2C-4A61-4F7F-986C-A2F575086344} = {DD28733B-860A-4FE6-8D68-119EB179F90E}
		{61DF76E1-DE2B-4DF1-AD5F-89939AB06693} = {22937B93-4129-4F68-AB14-F7AFE020BA8F}
		{2C35D329-D1F8-4862-8DA2-F2D27E8D4DB7} = {22937B93-4129-4F68-AB14-F7AFE020BA8F}
		{8826810A-DC59-46E6-8978-21E273DB1236} = {278F278F-6F15-4CAE-9665-A068A795A222}
		{BD5D18DE-1C9D-4314-A777-21AA683EEACE} = {2E664E5C-14E3-4AA2-A336-7209544C78F0}
		{3BF3542B-4034-429F-9105-197A60625CA3} = {22937B93-4129-4F68-AB14-F7AFE020BA8F}
		{6B141FDE-F5DF-4DFD-B21F-C076BC87CCAF} = {22937B93-4129-4F68-AB14-F7AFE020BA8F}
		{4B220E23-A7E0-4222-83F5-C785F7C66B33} = {2E664E5C-14E3-4AA2-A336-7209544C78F0}
		{D2E33FEE-6689-4BB4-A95C-1B5C327A1E8F} = {1A9D9744-52ED-486A-A960-2D5E18799352}
		{3644D44B-DEC0-4B65-BBA0-C68E34821AAE} = {1A9D9744-52ED-486A-A960-2D5E18799352}
		{A30D218B-AAA4-483A-99F7-EAEB1B8B4610} = {1A9D9744-52ED-486A-A960-2D5E18799352}
		{E383F190-86FE-454C-8568-1762F8820925} = {A60EEA3D-8F36-4B81-8242-CA6B30087AE6}
		{3AC1E323-82F9-4E8E-BB52-D22FBA2C844F} = {A60EEA3D-8F36-4B81-8242-CA6B30087AE6}
		{EDDC5504-F47F-4261-AE56-987116E6E2DD} = {CBD0EAE9-B336-4359-AC80-E2E0A47FB991}
		{CBD0EAE9-B336-4359-AC80-E2E0A47FB991} = {A60EEA3D-8F36-4B81-8242-CA6B30087AE6}
		{C2F89DE1-B429-4B5D-AF22-3A075D00BAA4} = {278F278F-6F15-4CAE-9665-A068A795A222}
	EndGlobalSection
	GlobalSection(TestCaseManagementSettings) = postSolution
		CategoryFile = QuickGraph1.vsmdi
	EndGlobalSection
EndGlobal
