
Microsoft Visual Studio Solution File, Format Version 12.00
# Visual Studio 14
VisualStudioVersion = 14.0.25123.0
MinimumVisualStudioVersion = 10.0.40219.1
Project("{2150E333-8FDC-42A3-9474-1A3956D46DE8}") = ".paket", ".paket", "{FAAD5B1C-1217-48D6-B1EF-7CAC0440D6A4}"
	ProjectSection(SolutionItems) = preProject
		paket.dependencies = paket.dependencies
	EndProjectSection
EndProject
Project("{2150E333-8FDC-42A3-9474-1A3956D46DE8}") = "ci", "ci", "{6EC5788D-DB36-4094-AB0F-A9E2C0F56B62}"
	ProjectSection(SolutionItems) = preProject
		Build\ccnet.config = Build\ccnet.config
		Build\ccnet.server.config = Build\ccnet.server.config
		Build\quickgraph.build = Build\quickgraph.build
		Build\quickgraph.shfb = Build\quickgraph.shfb
	EndProjectSection
EndProject
Project("{2150E333-8FDC-42A3-9474-1A3956D46DE8}") = "Solution Items", "Solution Items", "{6D81E7BA-91B1-473B-B9BB-4DECB1825F66}"
	ProjectSection(SolutionItems) = preProject
		LocalTestRun.testrunconfig = LocalTestRun.testrunconfig
		nuspec.xsd = nuspec.xsd
		quickgraph.nuspec = quickgraph.nuspec
		QuickGraph.Perf1.psess = QuickGraph.Perf1.psess
		QuickGraph.vsmdi = QuickGraph.vsmdi
		QuickGraph1.vsmdi = QuickGraph1.vsmdi
	EndProjectSection
EndProject
Project("{2150E333-8FDC-42A3-9474-1A3956D46DE8}") = "Tests", "Tests", "{22937B93-4129-4F68-AB14-F7AFE020BA8F}"
	ProjectSection(SolutionItems) = preProject
		dgmlsample.dgml = dgmlsample.dgml
	EndProjectSection
EndProject
Project("{2150E333-8FDC-42A3-9474-1A3956D46DE8}") = "Core", "Core", "{7A2A3C07-B652-4759-AFC4-49378D764784}"
EndProject
Project("{2150E333-8FDC-42A3-9474-1A3956D46DE8}") = "Extras", "Extras", "{DD28733B-860A-4FE6-8D68-119EB179F90E}"
EndProject
Project("{FAE04EC0-301F-11D3-BF4B-00C04F79EFBC}") = "QuickGraph", "src\QuickGraph\QuickGraph.csproj", "{A9A5C115-0680-44B3-A87E-5ECF4C93814E}"
EndProject
Project("{FAE04EC0-301F-11D3-BF4B-00C04F79EFBC}") = "QuickGraph.Data", "src\QuickGraph.Data\QuickGraph.Data.csproj", "{960C14D1-EDBD-40E5-8AE6-25E311551B87}"
EndProject
Project("{FAE04EC0-301F-11D3-BF4B-00C04F79EFBC}") = "QuickGraph.Samples", "src\QuickGraph.Samples\QuickGraph.Samples.csproj", "{8836CFAC-D2B0-47A5-9A91-03A2218BF6FD}"
EndProject
Project("{FAE04EC0-301F-11D3-BF4B-00C04F79EFBC}") = "QuickGraph.Graphviz", "src\QuickGraph.Graphviz\QuickGraph.Graphviz.csproj", "{595D6322-637A-4A36-97F1-D53F3F9ECEA7}"
EndProject
Project("{FAE04EC0-301F-11D3-BF4B-00C04F79EFBC}") = "QuickGraph.Glee", "src\QuickGraph.Glee\QuickGraph.Glee.csproj", "{ACDD0973-E5D9-4C2B-9EAF-B5B5DF44EDDD}"
EndProject
Project("{FAE04EC0-301F-11D3-BF4B-00C04F79EFBC}") = "QuickGraph.Petri", "src\QuickGraph.Petri\QuickGraph.Petri.csproj", "{6C49E8BF-82F4-40D0-AB49-8EA8A655A989}"
EndProject
Project("{FAE04EC0-301F-11D3-BF4B-00C04F79EFBC}") = "QuickGraph.SeeIt", "src\QuickGraph.SeeIt\QuickGraph.SeeIt.csproj", "{52CBCA3C-1C19-4C0C-A4F0-B887E383AD74}"
EndProject
Project("{F2A71F9B-5D33-465A-A702-920D77279786}") = "QuickGraphFS", "src\QuickGraphFS\QuickGraphFS.fsproj", "{1CCAFD2C-4A61-4F7F-986C-A2F575086344}"
EndProject
Project("{FAE04EC0-301F-11D3-BF4B-00C04F79EFBC}") = "QuickGraph.Tests", "tests\QuickGraph.Tests\QuickGraph.Tests.csproj", "{61DF76E1-DE2B-4DF1-AD5F-89939AB06693}"
EndProject
Project("{FAE04EC0-301F-11D3-BF4B-00C04F79EFBC}") = "QuickGraph.Perf", "tests\QuickGraph.Perf\QuickGraph.Perf.csproj", "{2C35D329-D1F8-4862-8DA2-F2D27E8D4DB7}"
EndProject
Project("{F2A71F9B-5D33-465A-A702-920D77279786}") = "DotParser", "src\DotParser\DotParser.fsproj", "{8826810A-DC59-46E6-8978-21E273DB1236}"
EndProject
Project("{2150E333-8FDC-42A3-9474-1A3956D46DE8}") = "DotParser", "DotParser", "{278F278F-6F15-4CAE-9665-A068A795A222}"
EndProject
Project("{2150E333-8FDC-42A3-9474-1A3956D46DE8}") = "YC.FST", "YC.FST", "{2E664E5C-14E3-4AA2-A336-7209544C78F0}"
EndProject
Project("{F2A71F9B-5D33-465A-A702-920D77279786}") = "QuickGraph.FSA", "src\QuickGraph.FSA\QuickGraph.FSA.fsproj", "{BD5D18DE-1C9D-4314-A777-21AA683EEACE}"
EndProject
Project("{F2A71F9B-5D33-465A-A702-920D77279786}") = "QuickGraph.FSA.Tests", "tests\QuickGraph.FSA.Tests\QuickGraph.FSA.Tests.fsproj", "{3BF3542B-4034-429F-9105-197A60625CA3}"
EndProject
Project("{F2A71F9B-5D33-465A-A702-920D77279786}") = "QuickGraph.FST.Tests", "tests\QuickGraph.FST.Tests\QuickGraph.FST.Tests.fsproj", "{6B141FDE-F5DF-4DFD-B21F-C076BC87CCAF}"
EndProject
Project("{F2A71F9B-5D33-465A-A702-920D77279786}") = "QuickGraph.FST", "src\QuickGraph.FST\QuickGraph.FST.fsproj", "{4B220E23-A7E0-4222-83F5-C785F7C66B33}"
EndProject
Project("{2150E333-8FDC-42A3-9474-1A3956D46DE8}") = "GraphX", "GraphX", "{1A9D9744-52ED-486A-A960-2D5E18799352}"
EndProject
Project("{FAE04EC0-301F-11D3-BF4B-00C04F79EFBC}") = "GraphX.WPF.Controls", "src\GraphX\GraphX.Controls\GraphX.WPF.Controls.csproj", "{D2E33FEE-6689-4BB4-A95C-1B5C327A1E8F}"
EndProject
Project("{FAE04EC0-301F-11D3-BF4B-00C04F79EFBC}") = "GraphX.PCL.Common", "src\GraphX\GraphX.PCL.Common\GraphX.PCL.Common.csproj", "{3644D44B-DEC0-4B65-BBA0-C68E34821AAE}"
EndProject
Project("{FAE04EC0-301F-11D3-BF4B-00C04F79EFBC}") = "GraphX.PCL.Logic", "src\GraphX\GraphX.PCL.Logic\GraphX.PCL.Logic.csproj", "{A30D218B-AAA4-483A-99F7-EAEB1B8B4610}"
EndProject
Project("{2150E333-8FDC-42A3-9474-1A3956D46DE8}") = "GraphTask", "GraphTask", "{A60EEA3D-8F36-4B81-8242-CA6B30087AE6}"
EndProject
Project("{F2A71F9B-5D33-465A-A702-920D77279786}") = "GraphTask.Common", "src\GraphTask.Common\GraphTask.Common.fsproj", "{E383F190-86FE-454C-8568-1762F8820925}"
EndProject
Project("{FAE04EC0-301F-11D3-BF4B-00C04F79EFBC}") = "GraphTask.MainForm", "src\GraphTask.MainForm\GraphTask.MainForm.csproj", "{3AC1E323-82F9-4E8E-BB52-D22FBA2C844F}"
EndProject
Project("{2150E333-8FDC-42A3-9474-1A3956D46DE8}") = "Plugins", "Plugins", "{CBD0EAE9-B336-4359-AC80-E2E0A47FB991}"
EndProject
Project("{F2A71F9B-5D33-465A-A702-920D77279786}") = "DotParser.Tests", "tests\DotParser.Tests\DotParser.Tests.fsproj", "{C2F89DE1-B429-4B5D-AF22-3A075D00BAA4}"
EndProject
Project("{FAE04EC0-301F-11D3-BF4B-00C04F79EFBC}") = "PluginSample", "src\GraphTask.PluginSample\PluginSample.csproj", "{D495C472-6CBB-4B04-A30E-215EE125C08C}"
EndProject
Project("{FAE04EC0-301F-11D3-BF4B-00C04F79EFBC}") = "QuickGraph.GraphXAdapter", "src\QuickGraph.GraphXAdapter\QuickGraph.GraphXAdapter.csproj", "{646CFBB0-B998-45E7-8809-991A5538FF36}"
EndProject
Project("{FAE04EC0-301F-11D3-BF4B-00C04F79EFBC}") = "TopologicalSortPlugin", "src\GraphTask.Plugins\TopologicalSortPlugin\TopologicalSortPlugin.csproj", "{7A3CD47C-DF15-4FC6-A923-DEC16264E79F}"
EndProject
Project("{2150E333-8FDC-42A3-9474-1A3956D46DE8}") = "Common", "Common", "{0CE1D294-B109-461F-88DC-42AFCA5039E9}"
EndProject
Project("{FAE04EC0-301F-11D3-BF4B-00C04F79EFBC}") = "PluginsCommon", "src\GraphTask.Plugins\PluginsCommon\PluginsCommon.csproj", "{03BB2368-5892-4378-B397-8826FA3323BB}"
EndProject
Project("{FAE04EC0-301F-11D3-BF4B-00C04F79EFBC}") = "ChromaticPolinomialVisualisation", "src\GraphTask.ChromaticPolinomialVisualisation\ChromaticPolinomialVisualisation.csproj", "{7EBC6156-A93B-48FA-B630-C232E6EA1F8E}"
EndProject
Project("{FAE04EC0-301F-11D3-BF4B-00C04F79EFBC}") = "IsHamiltonianVisualisation", "src\IsHamiltonianVisualisation\IsHamiltonianVisualisation.csproj", "{192EAEFA-3CFF-4FBB-A7E3-5F08DFA35ECC}"
EndProject
Project("{FAE04EC0-301F-11D3-BF4B-00C04F79EFBC}") = "IsEulerianVisualisation", "src\IsEulerianVisualisation\IsEulerianVisualisation.csproj", "{BE9B5380-AF8D-4196-B414-4C82C8ED4F35}"
EndProject
Project("{F2A71F9B-5D33-465A-A702-920D77279786}") = "GraphTask.Performance", "src\GraphTask.Performance\GraphTask.Performance.fsproj", "{14F6CDFE-CB54-46B6-81F1-730506BC0383}"
EndProject
Project("{F2A71F9B-5D33-465A-A702-920D77279786}") = "RandomGraphGenerator", "src\GraphTask.RandomGraphGenerator\RandomGraphGenerator.fsproj", "{8D33982D-685B-4BFD-86CB-AC70CCD39FB8}"
EndProject
Project("{FAE04EC0-301F-11D3-BF4B-00C04F79EFBC}") = "HelperForKruskalAndPrimVisualisation", "src\GraphTask.HelperForKruskalAndPrimVisualisation\HelperForKruskalAndPrimVisualisation.csproj", "{61DB192B-ED4F-43F7-BF8E-8D6D1FA05C39}"
EndProject
Project("{FAE04EC0-301F-11D3-BF4B-00C04F79EFBC}") = "KruskalVisualisation", "src\GraphTask.KruskalVisualisation\KruskalVisualisation.csproj", "{215F0950-0F7C-48A8-B6BF-D2D400E4BC56}"
EndProject
Project("{FAE04EC0-301F-11D3-BF4B-00C04F79EFBC}") = "PrimVisualisation", "src\GraphTask.PrimVisualisation\PrimVisualisation.csproj", "{38217CE3-4207-4354-BAF4-B3772798FF06}"
EndProject
Project("{FAE04EC0-301F-11D3-BF4B-00C04F79EFBC}") = "EdgeColoringPlugin", "src\GraphTask.Plugins\EdgeColoringPlugin\EdgeColoringPlugin.csproj", "{2C971550-BCDE-4CD7-A099-17286D392C2E}"
EndProject
Project("{FAE04EC0-301F-11D3-BF4B-00C04F79EFBC}") = "VertexColoringPlugin", "src\GraphTask.Plugins\VertexColoringPlugin\VertexColoringPlugin.csproj", "{492FB0FE-9382-4656-974F-9074619C2BB7}"
EndProject
Project("{FAE04EC0-301F-11D3-BF4B-00C04F79EFBC}") = "CompleteColoringPlugin", "src\GraphTask.Plugins\CompleteColoringPlugin\CompleteColoringPlugin.csproj", "{90B04B29-080C-4132-AD57-E07DE119E3E7}"
EndProject
Project("{FAE04EC0-301F-11D3-BF4B-00C04F79EFBC}") = "HungarianAlgorithmVisualisation", "src\GraphTask.HungarianAlgorithmVisualisation\HungarianAlgorithmVisualisation.csproj", "{E2039A69-CC9D-4DB6-B9D9-3898DBD08AA1}"
EndProject
Project("{FAE04EC0-301F-11D3-BF4B-00C04F79EFBC}") = "YenVisualisation", "src\YenVisualisation\YenVisualisation.csproj", "{CC103150-DDBF-42D9-9C53-DA5D0915CFD1}"
EndProject
Project("{FAE04EC0-301F-11D3-BF4B-00C04F79EFBC}") = "ConnectedComponents", "ConnectedComponents\ConnectedComponents.csproj", "{FA87B6F5-3CF2-4CE6-9C0F-1FBC3C04AB85}"
EndProject
Project("{FAE04EC0-301F-11D3-BF4B-00C04F79EFBC}") = "StronglyConnectedComponents", "StronglyConnectedComponents\StronglyConnectedComponents.csproj", "{CAC7BC69-08AD-4A6C-8024-813E29D4F954}"
EndProject
Project("{FAE04EC0-301F-11D3-BF4B-00C04F79EFBC}") = "WeaklyConnectedComponents", "WeaklyConnectedComponents\WeaklyConnectedComponents.csproj", "{EFCEB46F-BC83-41D0-8970-FF4ECF897BE5}"
EndProject
Project("{FAE04EC0-301F-11D3-BF4B-00C04F79EFBC}") = "AStarPlugin", "AStarPlugin\AStarPlugin.csproj", "{C949B19D-B583-4A76-B245-4F4790284D70}"
EndProject
Project("{FAE04EC0-301F-11D3-BF4B-00C04F79EFBC}") = "BellmanFordPlugin", "BellmanFordPlugin\BellmanFordPlugin.csproj", "{9DE27DCF-2B03-46FF-9B63-2B68F2FAFD6E}"
EndProject
Project("{FAE04EC0-301F-11D3-BF4B-00C04F79EFBC}") = "FloydWarshallPlugin", "FloydWarshall\FloydWarshallPlugin.csproj", "{787B2521-C23E-4B4F-AE39-7FF6B78F7151}"
EndProject
Project("{FAE04EC0-301F-11D3-BF4B-00C04F79EFBC}") = "DagShortestPathPlugin", "DagShortestPathPlugin\DagShortestPathPlugin.csproj", "{EFCB8BD2-F75D-443D-9475-64B71E96E21F}"
EndProject
Global
	GlobalSection(SolutionConfigurationPlatforms) = preSolution
		Debug|Any CPU = Debug|Any CPU
		Debug|x86 = Debug|x86
		DebugContracts|Any CPU = DebugContracts|Any CPU
		DebugContracts|x86 = DebugContracts|x86
		Release|Any CPU = Release|Any CPU
		Release|x86 = Release|x86
		Release20|Any CPU = Release20|Any CPU
		Release20|x86 = Release20|x86
		ReleaseContractsReferences|Any CPU = ReleaseContractsReferences|Any CPU
		ReleaseContractsReferences|x86 = ReleaseContractsReferences|x86
	EndGlobalSection
	GlobalSection(ProjectConfigurationPlatforms) = postSolution
		{A9A5C115-0680-44B3-A87E-5ECF4C93814E}.Debug|Any CPU.ActiveCfg = Debug|Any CPU
		{A9A5C115-0680-44B3-A87E-5ECF4C93814E}.Debug|Any CPU.Build.0 = Debug|Any CPU
		{A9A5C115-0680-44B3-A87E-5ECF4C93814E}.Debug|x86.ActiveCfg = Debug|Any CPU
		{A9A5C115-0680-44B3-A87E-5ECF4C93814E}.Debug|x86.Build.0 = Debug|Any CPU
		{A9A5C115-0680-44B3-A87E-5ECF4C93814E}.DebugContracts|Any CPU.ActiveCfg = Debug|Any CPU
		{A9A5C115-0680-44B3-A87E-5ECF4C93814E}.DebugContracts|Any CPU.Build.0 = Debug|Any CPU
		{A9A5C115-0680-44B3-A87E-5ECF4C93814E}.DebugContracts|x86.ActiveCfg = Debug|Any CPU
		{A9A5C115-0680-44B3-A87E-5ECF4C93814E}.DebugContracts|x86.Build.0 = Debug|Any CPU
		{A9A5C115-0680-44B3-A87E-5ECF4C93814E}.Release|Any CPU.ActiveCfg = Release|Any CPU
		{A9A5C115-0680-44B3-A87E-5ECF4C93814E}.Release|Any CPU.Build.0 = Release|Any CPU
		{A9A5C115-0680-44B3-A87E-5ECF4C93814E}.Release|x86.ActiveCfg = Release|Any CPU
		{A9A5C115-0680-44B3-A87E-5ECF4C93814E}.Release|x86.Build.0 = Release|Any CPU
		{A9A5C115-0680-44B3-A87E-5ECF4C93814E}.Release20|Any CPU.ActiveCfg = Release20|Any CPU
		{A9A5C115-0680-44B3-A87E-5ECF4C93814E}.Release20|Any CPU.Build.0 = Release20|Any CPU
		{A9A5C115-0680-44B3-A87E-5ECF4C93814E}.Release20|x86.ActiveCfg = Release20|Any CPU
		{A9A5C115-0680-44B3-A87E-5ECF4C93814E}.Release20|x86.Build.0 = Release20|Any CPU
		{A9A5C115-0680-44B3-A87E-5ECF4C93814E}.ReleaseContractsReferences|Any CPU.ActiveCfg = Release20|Any CPU
		{A9A5C115-0680-44B3-A87E-5ECF4C93814E}.ReleaseContractsReferences|Any CPU.Build.0 = Release20|Any CPU
		{A9A5C115-0680-44B3-A87E-5ECF4C93814E}.ReleaseContractsReferences|x86.ActiveCfg = Release20|Any CPU
		{A9A5C115-0680-44B3-A87E-5ECF4C93814E}.ReleaseContractsReferences|x86.Build.0 = Release20|Any CPU
		{960C14D1-EDBD-40E5-8AE6-25E311551B87}.Debug|Any CPU.ActiveCfg = Debug|Any CPU
		{960C14D1-EDBD-40E5-8AE6-25E311551B87}.Debug|Any CPU.Build.0 = Debug|Any CPU
		{960C14D1-EDBD-40E5-8AE6-25E311551B87}.Debug|x86.ActiveCfg = Debug|Any CPU
		{960C14D1-EDBD-40E5-8AE6-25E311551B87}.Debug|x86.Build.0 = Debug|Any CPU
		{960C14D1-EDBD-40E5-8AE6-25E311551B87}.DebugContracts|Any CPU.ActiveCfg = Debug|Any CPU
		{960C14D1-EDBD-40E5-8AE6-25E311551B87}.DebugContracts|Any CPU.Build.0 = Debug|Any CPU
		{960C14D1-EDBD-40E5-8AE6-25E311551B87}.DebugContracts|x86.ActiveCfg = Debug|Any CPU
		{960C14D1-EDBD-40E5-8AE6-25E311551B87}.DebugContracts|x86.Build.0 = Debug|Any CPU
		{960C14D1-EDBD-40E5-8AE6-25E311551B87}.Release|Any CPU.ActiveCfg = Release|Any CPU
		{960C14D1-EDBD-40E5-8AE6-25E311551B87}.Release|Any CPU.Build.0 = Release|Any CPU
		{960C14D1-EDBD-40E5-8AE6-25E311551B87}.Release|x86.ActiveCfg = Release|Any CPU
		{960C14D1-EDBD-40E5-8AE6-25E311551B87}.Release|x86.Build.0 = Release|Any CPU
		{960C14D1-EDBD-40E5-8AE6-25E311551B87}.Release20|Any CPU.ActiveCfg = Release20|Any CPU
		{960C14D1-EDBD-40E5-8AE6-25E311551B87}.Release20|Any CPU.Build.0 = Release20|Any CPU
		{960C14D1-EDBD-40E5-8AE6-25E311551B87}.Release20|x86.ActiveCfg = Release20|Any CPU
		{960C14D1-EDBD-40E5-8AE6-25E311551B87}.Release20|x86.Build.0 = Release20|Any CPU
		{960C14D1-EDBD-40E5-8AE6-25E311551B87}.ReleaseContractsReferences|Any CPU.ActiveCfg = Release20|Any CPU
		{960C14D1-EDBD-40E5-8AE6-25E311551B87}.ReleaseContractsReferences|Any CPU.Build.0 = Release20|Any CPU
		{960C14D1-EDBD-40E5-8AE6-25E311551B87}.ReleaseContractsReferences|x86.ActiveCfg = Release20|Any CPU
		{960C14D1-EDBD-40E5-8AE6-25E311551B87}.ReleaseContractsReferences|x86.Build.0 = Release20|Any CPU
		{8836CFAC-D2B0-47A5-9A91-03A2218BF6FD}.Debug|Any CPU.ActiveCfg = Debug|Any CPU
		{8836CFAC-D2B0-47A5-9A91-03A2218BF6FD}.Debug|Any CPU.Build.0 = Debug|Any CPU
		{8836CFAC-D2B0-47A5-9A91-03A2218BF6FD}.Debug|x86.ActiveCfg = Debug|Any CPU
		{8836CFAC-D2B0-47A5-9A91-03A2218BF6FD}.Debug|x86.Build.0 = Debug|Any CPU
		{8836CFAC-D2B0-47A5-9A91-03A2218BF6FD}.DebugContracts|Any CPU.ActiveCfg = Debug|Any CPU
		{8836CFAC-D2B0-47A5-9A91-03A2218BF6FD}.DebugContracts|Any CPU.Build.0 = Debug|Any CPU
		{8836CFAC-D2B0-47A5-9A91-03A2218BF6FD}.DebugContracts|x86.ActiveCfg = Debug|Any CPU
		{8836CFAC-D2B0-47A5-9A91-03A2218BF6FD}.DebugContracts|x86.Build.0 = Debug|Any CPU
		{8836CFAC-D2B0-47A5-9A91-03A2218BF6FD}.Release|Any CPU.ActiveCfg = Release|Any CPU
		{8836CFAC-D2B0-47A5-9A91-03A2218BF6FD}.Release|Any CPU.Build.0 = Release|Any CPU
		{8836CFAC-D2B0-47A5-9A91-03A2218BF6FD}.Release|x86.ActiveCfg = Release|Any CPU
		{8836CFAC-D2B0-47A5-9A91-03A2218BF6FD}.Release|x86.Build.0 = Release|Any CPU
		{8836CFAC-D2B0-47A5-9A91-03A2218BF6FD}.Release20|Any CPU.ActiveCfg = Release|Any CPU
		{8836CFAC-D2B0-47A5-9A91-03A2218BF6FD}.Release20|Any CPU.Build.0 = Release|Any CPU
		{8836CFAC-D2B0-47A5-9A91-03A2218BF6FD}.Release20|x86.ActiveCfg = Release|Any CPU
		{8836CFAC-D2B0-47A5-9A91-03A2218BF6FD}.Release20|x86.Build.0 = Release|Any CPU
		{8836CFAC-D2B0-47A5-9A91-03A2218BF6FD}.ReleaseContractsReferences|Any CPU.ActiveCfg = Release|Any CPU
		{8836CFAC-D2B0-47A5-9A91-03A2218BF6FD}.ReleaseContractsReferences|Any CPU.Build.0 = Release|Any CPU
		{8836CFAC-D2B0-47A5-9A91-03A2218BF6FD}.ReleaseContractsReferences|x86.ActiveCfg = Release|Any CPU
		{8836CFAC-D2B0-47A5-9A91-03A2218BF6FD}.ReleaseContractsReferences|x86.Build.0 = Release|Any CPU
		{595D6322-637A-4A36-97F1-D53F3F9ECEA7}.Debug|Any CPU.ActiveCfg = Debug|Any CPU
		{595D6322-637A-4A36-97F1-D53F3F9ECEA7}.Debug|Any CPU.Build.0 = Debug|Any CPU
		{595D6322-637A-4A36-97F1-D53F3F9ECEA7}.Debug|x86.ActiveCfg = Debug|Any CPU
		{595D6322-637A-4A36-97F1-D53F3F9ECEA7}.Debug|x86.Build.0 = Debug|Any CPU
		{595D6322-637A-4A36-97F1-D53F3F9ECEA7}.DebugContracts|Any CPU.ActiveCfg = Debug|Any CPU
		{595D6322-637A-4A36-97F1-D53F3F9ECEA7}.DebugContracts|Any CPU.Build.0 = Debug|Any CPU
		{595D6322-637A-4A36-97F1-D53F3F9ECEA7}.DebugContracts|x86.ActiveCfg = Debug|Any CPU
		{595D6322-637A-4A36-97F1-D53F3F9ECEA7}.DebugContracts|x86.Build.0 = Debug|Any CPU
		{595D6322-637A-4A36-97F1-D53F3F9ECEA7}.Release|Any CPU.ActiveCfg = Release|Any CPU
		{595D6322-637A-4A36-97F1-D53F3F9ECEA7}.Release|Any CPU.Build.0 = Release|Any CPU
		{595D6322-637A-4A36-97F1-D53F3F9ECEA7}.Release|x86.ActiveCfg = Release|Any CPU
		{595D6322-637A-4A36-97F1-D53F3F9ECEA7}.Release|x86.Build.0 = Release|Any CPU
		{595D6322-637A-4A36-97F1-D53F3F9ECEA7}.Release20|Any CPU.ActiveCfg = Release20|Any CPU
		{595D6322-637A-4A36-97F1-D53F3F9ECEA7}.Release20|Any CPU.Build.0 = Release20|Any CPU
		{595D6322-637A-4A36-97F1-D53F3F9ECEA7}.Release20|x86.ActiveCfg = Release20|Any CPU
		{595D6322-637A-4A36-97F1-D53F3F9ECEA7}.Release20|x86.Build.0 = Release20|Any CPU
		{595D6322-637A-4A36-97F1-D53F3F9ECEA7}.ReleaseContractsReferences|Any CPU.ActiveCfg = Release20|Any CPU
		{595D6322-637A-4A36-97F1-D53F3F9ECEA7}.ReleaseContractsReferences|Any CPU.Build.0 = Release20|Any CPU
		{595D6322-637A-4A36-97F1-D53F3F9ECEA7}.ReleaseContractsReferences|x86.ActiveCfg = Release20|Any CPU
		{595D6322-637A-4A36-97F1-D53F3F9ECEA7}.ReleaseContractsReferences|x86.Build.0 = Release20|Any CPU
		{ACDD0973-E5D9-4C2B-9EAF-B5B5DF44EDDD}.Debug|Any CPU.ActiveCfg = Debug|Any CPU
		{ACDD0973-E5D9-4C2B-9EAF-B5B5DF44EDDD}.Debug|Any CPU.Build.0 = Debug|Any CPU
		{ACDD0973-E5D9-4C2B-9EAF-B5B5DF44EDDD}.Debug|x86.ActiveCfg = Debug|Any CPU
		{ACDD0973-E5D9-4C2B-9EAF-B5B5DF44EDDD}.Debug|x86.Build.0 = Debug|Any CPU
		{ACDD0973-E5D9-4C2B-9EAF-B5B5DF44EDDD}.DebugContracts|Any CPU.ActiveCfg = DebugContracts|Any CPU
		{ACDD0973-E5D9-4C2B-9EAF-B5B5DF44EDDD}.DebugContracts|Any CPU.Build.0 = DebugContracts|Any CPU
		{ACDD0973-E5D9-4C2B-9EAF-B5B5DF44EDDD}.DebugContracts|x86.ActiveCfg = DebugContracts|Any CPU
		{ACDD0973-E5D9-4C2B-9EAF-B5B5DF44EDDD}.DebugContracts|x86.Build.0 = DebugContracts|Any CPU
		{ACDD0973-E5D9-4C2B-9EAF-B5B5DF44EDDD}.Release|Any CPU.ActiveCfg = Release|Any CPU
		{ACDD0973-E5D9-4C2B-9EAF-B5B5DF44EDDD}.Release|Any CPU.Build.0 = Release|Any CPU
		{ACDD0973-E5D9-4C2B-9EAF-B5B5DF44EDDD}.Release|x86.ActiveCfg = Release|Any CPU
		{ACDD0973-E5D9-4C2B-9EAF-B5B5DF44EDDD}.Release|x86.Build.0 = Release|Any CPU
		{ACDD0973-E5D9-4C2B-9EAF-B5B5DF44EDDD}.Release20|Any CPU.ActiveCfg = Release20|Any CPU
		{ACDD0973-E5D9-4C2B-9EAF-B5B5DF44EDDD}.Release20|Any CPU.Build.0 = Release20|Any CPU
		{ACDD0973-E5D9-4C2B-9EAF-B5B5DF44EDDD}.Release20|x86.ActiveCfg = Release20|Any CPU
		{ACDD0973-E5D9-4C2B-9EAF-B5B5DF44EDDD}.Release20|x86.Build.0 = Release20|Any CPU
		{ACDD0973-E5D9-4C2B-9EAF-B5B5DF44EDDD}.ReleaseContractsReferences|Any CPU.ActiveCfg = ReleaseContractsReferences|Any CPU
		{ACDD0973-E5D9-4C2B-9EAF-B5B5DF44EDDD}.ReleaseContractsReferences|Any CPU.Build.0 = ReleaseContractsReferences|Any CPU
		{ACDD0973-E5D9-4C2B-9EAF-B5B5DF44EDDD}.ReleaseContractsReferences|x86.ActiveCfg = ReleaseContractsReferences|Any CPU
		{ACDD0973-E5D9-4C2B-9EAF-B5B5DF44EDDD}.ReleaseContractsReferences|x86.Build.0 = ReleaseContractsReferences|Any CPU
		{6C49E8BF-82F4-40D0-AB49-8EA8A655A989}.Debug|Any CPU.ActiveCfg = Debug|Any CPU
		{6C49E8BF-82F4-40D0-AB49-8EA8A655A989}.Debug|Any CPU.Build.0 = Debug|Any CPU
		{6C49E8BF-82F4-40D0-AB49-8EA8A655A989}.Debug|x86.ActiveCfg = Debug|Any CPU
		{6C49E8BF-82F4-40D0-AB49-8EA8A655A989}.Debug|x86.Build.0 = Debug|Any CPU
		{6C49E8BF-82F4-40D0-AB49-8EA8A655A989}.DebugContracts|Any CPU.ActiveCfg = Debug|Any CPU
		{6C49E8BF-82F4-40D0-AB49-8EA8A655A989}.DebugContracts|Any CPU.Build.0 = Debug|Any CPU
		{6C49E8BF-82F4-40D0-AB49-8EA8A655A989}.DebugContracts|x86.ActiveCfg = Debug|Any CPU
		{6C49E8BF-82F4-40D0-AB49-8EA8A655A989}.DebugContracts|x86.Build.0 = Debug|Any CPU
		{6C49E8BF-82F4-40D0-AB49-8EA8A655A989}.Release|Any CPU.ActiveCfg = Release|Any CPU
		{6C49E8BF-82F4-40D0-AB49-8EA8A655A989}.Release|Any CPU.Build.0 = Release|Any CPU
		{6C49E8BF-82F4-40D0-AB49-8EA8A655A989}.Release|x86.ActiveCfg = Release|Any CPU
		{6C49E8BF-82F4-40D0-AB49-8EA8A655A989}.Release|x86.Build.0 = Release|Any CPU
		{6C49E8BF-82F4-40D0-AB49-8EA8A655A989}.Release20|Any CPU.ActiveCfg = Release20|Any CPU
		{6C49E8BF-82F4-40D0-AB49-8EA8A655A989}.Release20|Any CPU.Build.0 = Release20|Any CPU
		{6C49E8BF-82F4-40D0-AB49-8EA8A655A989}.Release20|x86.ActiveCfg = Release20|Any CPU
		{6C49E8BF-82F4-40D0-AB49-8EA8A655A989}.Release20|x86.Build.0 = Release20|Any CPU
		{6C49E8BF-82F4-40D0-AB49-8EA8A655A989}.ReleaseContractsReferences|Any CPU.ActiveCfg = Release20|Any CPU
		{6C49E8BF-82F4-40D0-AB49-8EA8A655A989}.ReleaseContractsReferences|Any CPU.Build.0 = Release20|Any CPU
		{6C49E8BF-82F4-40D0-AB49-8EA8A655A989}.ReleaseContractsReferences|x86.ActiveCfg = Release20|Any CPU
		{6C49E8BF-82F4-40D0-AB49-8EA8A655A989}.ReleaseContractsReferences|x86.Build.0 = Release20|Any CPU
		{52CBCA3C-1C19-4C0C-A4F0-B887E383AD74}.Debug|Any CPU.ActiveCfg = Debug|Any CPU
		{52CBCA3C-1C19-4C0C-A4F0-B887E383AD74}.Debug|Any CPU.Build.0 = Debug|Any CPU
		{52CBCA3C-1C19-4C0C-A4F0-B887E383AD74}.Debug|x86.ActiveCfg = Debug|Any CPU
		{52CBCA3C-1C19-4C0C-A4F0-B887E383AD74}.Debug|x86.Build.0 = Debug|Any CPU
		{52CBCA3C-1C19-4C0C-A4F0-B887E383AD74}.DebugContracts|Any CPU.ActiveCfg = Debug|Any CPU
		{52CBCA3C-1C19-4C0C-A4F0-B887E383AD74}.DebugContracts|Any CPU.Build.0 = Debug|Any CPU
		{52CBCA3C-1C19-4C0C-A4F0-B887E383AD74}.DebugContracts|x86.ActiveCfg = Debug|Any CPU
		{52CBCA3C-1C19-4C0C-A4F0-B887E383AD74}.DebugContracts|x86.Build.0 = Debug|Any CPU
		{52CBCA3C-1C19-4C0C-A4F0-B887E383AD74}.Release|Any CPU.ActiveCfg = Release|Any CPU
		{52CBCA3C-1C19-4C0C-A4F0-B887E383AD74}.Release|Any CPU.Build.0 = Release|Any CPU
		{52CBCA3C-1C19-4C0C-A4F0-B887E383AD74}.Release|x86.ActiveCfg = Release|Any CPU
		{52CBCA3C-1C19-4C0C-A4F0-B887E383AD74}.Release|x86.Build.0 = Release|Any CPU
		{52CBCA3C-1C19-4C0C-A4F0-B887E383AD74}.Release20|Any CPU.ActiveCfg = Release|Any CPU
		{52CBCA3C-1C19-4C0C-A4F0-B887E383AD74}.Release20|Any CPU.Build.0 = Release|Any CPU
		{52CBCA3C-1C19-4C0C-A4F0-B887E383AD74}.Release20|x86.ActiveCfg = Release|Any CPU
		{52CBCA3C-1C19-4C0C-A4F0-B887E383AD74}.Release20|x86.Build.0 = Release|Any CPU
		{52CBCA3C-1C19-4C0C-A4F0-B887E383AD74}.ReleaseContractsReferences|Any CPU.ActiveCfg = Release|Any CPU
		{52CBCA3C-1C19-4C0C-A4F0-B887E383AD74}.ReleaseContractsReferences|Any CPU.Build.0 = Release|Any CPU
		{52CBCA3C-1C19-4C0C-A4F0-B887E383AD74}.ReleaseContractsReferences|x86.ActiveCfg = Release|Any CPU
		{52CBCA3C-1C19-4C0C-A4F0-B887E383AD74}.ReleaseContractsReferences|x86.Build.0 = Release|Any CPU
		{1CCAFD2C-4A61-4F7F-986C-A2F575086344}.Debug|Any CPU.ActiveCfg = Debug|Any CPU
		{1CCAFD2C-4A61-4F7F-986C-A2F575086344}.Debug|Any CPU.Build.0 = Debug|Any CPU
		{1CCAFD2C-4A61-4F7F-986C-A2F575086344}.Debug|x86.ActiveCfg = Debug|Any CPU
		{1CCAFD2C-4A61-4F7F-986C-A2F575086344}.Debug|x86.Build.0 = Debug|Any CPU
		{1CCAFD2C-4A61-4F7F-986C-A2F575086344}.DebugContracts|Any CPU.ActiveCfg = Debug|Any CPU
		{1CCAFD2C-4A61-4F7F-986C-A2F575086344}.DebugContracts|Any CPU.Build.0 = Debug|Any CPU
		{1CCAFD2C-4A61-4F7F-986C-A2F575086344}.DebugContracts|x86.ActiveCfg = Debug|Any CPU
		{1CCAFD2C-4A61-4F7F-986C-A2F575086344}.DebugContracts|x86.Build.0 = Debug|Any CPU
		{1CCAFD2C-4A61-4F7F-986C-A2F575086344}.Release|Any CPU.ActiveCfg = Release|Any CPU
		{1CCAFD2C-4A61-4F7F-986C-A2F575086344}.Release|Any CPU.Build.0 = Release|Any CPU
		{1CCAFD2C-4A61-4F7F-986C-A2F575086344}.Release|x86.ActiveCfg = Release|Any CPU
		{1CCAFD2C-4A61-4F7F-986C-A2F575086344}.Release|x86.Build.0 = Release|Any CPU
		{1CCAFD2C-4A61-4F7F-986C-A2F575086344}.Release20|Any CPU.ActiveCfg = Release|Any CPU
		{1CCAFD2C-4A61-4F7F-986C-A2F575086344}.Release20|Any CPU.Build.0 = Release|Any CPU
		{1CCAFD2C-4A61-4F7F-986C-A2F575086344}.Release20|x86.ActiveCfg = Release|Any CPU
		{1CCAFD2C-4A61-4F7F-986C-A2F575086344}.Release20|x86.Build.0 = Release|Any CPU
		{1CCAFD2C-4A61-4F7F-986C-A2F575086344}.ReleaseContractsReferences|Any CPU.ActiveCfg = Release|Any CPU
		{1CCAFD2C-4A61-4F7F-986C-A2F575086344}.ReleaseContractsReferences|Any CPU.Build.0 = Release|Any CPU
		{1CCAFD2C-4A61-4F7F-986C-A2F575086344}.ReleaseContractsReferences|x86.ActiveCfg = Release|Any CPU
		{1CCAFD2C-4A61-4F7F-986C-A2F575086344}.ReleaseContractsReferences|x86.Build.0 = Release|Any CPU
		{61DF76E1-DE2B-4DF1-AD5F-89939AB06693}.Debug|Any CPU.ActiveCfg = Debug|Any CPU
		{61DF76E1-DE2B-4DF1-AD5F-89939AB06693}.Debug|Any CPU.Build.0 = Debug|Any CPU
		{61DF76E1-DE2B-4DF1-AD5F-89939AB06693}.Debug|x86.ActiveCfg = Debug|Any CPU
		{61DF76E1-DE2B-4DF1-AD5F-89939AB06693}.Debug|x86.Build.0 = Debug|Any CPU
		{61DF76E1-DE2B-4DF1-AD5F-89939AB06693}.DebugContracts|Any CPU.ActiveCfg = Debug|Any CPU
		{61DF76E1-DE2B-4DF1-AD5F-89939AB06693}.DebugContracts|Any CPU.Build.0 = Debug|Any CPU
		{61DF76E1-DE2B-4DF1-AD5F-89939AB06693}.DebugContracts|x86.ActiveCfg = Debug|Any CPU
		{61DF76E1-DE2B-4DF1-AD5F-89939AB06693}.DebugContracts|x86.Build.0 = Debug|Any CPU
		{61DF76E1-DE2B-4DF1-AD5F-89939AB06693}.Release|Any CPU.ActiveCfg = Release|Any CPU
		{61DF76E1-DE2B-4DF1-AD5F-89939AB06693}.Release|Any CPU.Build.0 = Release|Any CPU
		{61DF76E1-DE2B-4DF1-AD5F-89939AB06693}.Release|x86.ActiveCfg = Release|Any CPU
		{61DF76E1-DE2B-4DF1-AD5F-89939AB06693}.Release|x86.Build.0 = Release|Any CPU
		{61DF76E1-DE2B-4DF1-AD5F-89939AB06693}.Release20|Any CPU.ActiveCfg = Release20|Any CPU
		{61DF76E1-DE2B-4DF1-AD5F-89939AB06693}.Release20|Any CPU.Build.0 = Release20|Any CPU
		{61DF76E1-DE2B-4DF1-AD5F-89939AB06693}.Release20|x86.ActiveCfg = Release20|Any CPU
		{61DF76E1-DE2B-4DF1-AD5F-89939AB06693}.Release20|x86.Build.0 = Release20|Any CPU
		{61DF76E1-DE2B-4DF1-AD5F-89939AB06693}.ReleaseContractsReferences|Any CPU.ActiveCfg = Release20|Any CPU
		{61DF76E1-DE2B-4DF1-AD5F-89939AB06693}.ReleaseContractsReferences|Any CPU.Build.0 = Release20|Any CPU
		{61DF76E1-DE2B-4DF1-AD5F-89939AB06693}.ReleaseContractsReferences|x86.ActiveCfg = Release20|Any CPU
		{61DF76E1-DE2B-4DF1-AD5F-89939AB06693}.ReleaseContractsReferences|x86.Build.0 = Release20|Any CPU
		{2C35D329-D1F8-4862-8DA2-F2D27E8D4DB7}.Debug|Any CPU.ActiveCfg = Debug|Any CPU
		{2C35D329-D1F8-4862-8DA2-F2D27E8D4DB7}.Debug|Any CPU.Build.0 = Debug|Any CPU
		{2C35D329-D1F8-4862-8DA2-F2D27E8D4DB7}.Debug|x86.ActiveCfg = Debug|Any CPU
		{2C35D329-D1F8-4862-8DA2-F2D27E8D4DB7}.Debug|x86.Build.0 = Debug|Any CPU
		{2C35D329-D1F8-4862-8DA2-F2D27E8D4DB7}.DebugContracts|Any CPU.ActiveCfg = Debug|Any CPU
		{2C35D329-D1F8-4862-8DA2-F2D27E8D4DB7}.DebugContracts|Any CPU.Build.0 = Debug|Any CPU
		{2C35D329-D1F8-4862-8DA2-F2D27E8D4DB7}.DebugContracts|x86.ActiveCfg = Debug|Any CPU
		{2C35D329-D1F8-4862-8DA2-F2D27E8D4DB7}.DebugContracts|x86.Build.0 = Debug|Any CPU
		{2C35D329-D1F8-4862-8DA2-F2D27E8D4DB7}.Release|Any CPU.ActiveCfg = Release|Any CPU
		{2C35D329-D1F8-4862-8DA2-F2D27E8D4DB7}.Release|Any CPU.Build.0 = Release|Any CPU
		{2C35D329-D1F8-4862-8DA2-F2D27E8D4DB7}.Release|x86.ActiveCfg = Release|Any CPU
		{2C35D329-D1F8-4862-8DA2-F2D27E8D4DB7}.Release|x86.Build.0 = Release|Any CPU
		{2C35D329-D1F8-4862-8DA2-F2D27E8D4DB7}.Release20|Any CPU.ActiveCfg = Release|Any CPU
		{2C35D329-D1F8-4862-8DA2-F2D27E8D4DB7}.Release20|Any CPU.Build.0 = Release|Any CPU
		{2C35D329-D1F8-4862-8DA2-F2D27E8D4DB7}.Release20|x86.ActiveCfg = Release|Any CPU
		{2C35D329-D1F8-4862-8DA2-F2D27E8D4DB7}.Release20|x86.Build.0 = Release|Any CPU
		{2C35D329-D1F8-4862-8DA2-F2D27E8D4DB7}.ReleaseContractsReferences|Any CPU.ActiveCfg = Release|Any CPU
		{2C35D329-D1F8-4862-8DA2-F2D27E8D4DB7}.ReleaseContractsReferences|Any CPU.Build.0 = Release|Any CPU
		{2C35D329-D1F8-4862-8DA2-F2D27E8D4DB7}.ReleaseContractsReferences|x86.ActiveCfg = Release|Any CPU
		{2C35D329-D1F8-4862-8DA2-F2D27E8D4DB7}.ReleaseContractsReferences|x86.Build.0 = Release|Any CPU
		{8826810A-DC59-46E6-8978-21E273DB1236}.Debug|Any CPU.ActiveCfg = Debug|Any CPU
		{8826810A-DC59-46E6-8978-21E273DB1236}.Debug|Any CPU.Build.0 = Debug|Any CPU
		{8826810A-DC59-46E6-8978-21E273DB1236}.Debug|x86.ActiveCfg = Debug|Any CPU
		{8826810A-DC59-46E6-8978-21E273DB1236}.Debug|x86.Build.0 = Debug|Any CPU
		{8826810A-DC59-46E6-8978-21E273DB1236}.DebugContracts|Any CPU.ActiveCfg = Debug|Any CPU
		{8826810A-DC59-46E6-8978-21E273DB1236}.DebugContracts|Any CPU.Build.0 = Debug|Any CPU
		{8826810A-DC59-46E6-8978-21E273DB1236}.DebugContracts|x86.ActiveCfg = Debug|Any CPU
		{8826810A-DC59-46E6-8978-21E273DB1236}.DebugContracts|x86.Build.0 = Debug|Any CPU
		{8826810A-DC59-46E6-8978-21E273DB1236}.Release|Any CPU.ActiveCfg = Release|Any CPU
		{8826810A-DC59-46E6-8978-21E273DB1236}.Release|Any CPU.Build.0 = Release|Any CPU
		{8826810A-DC59-46E6-8978-21E273DB1236}.Release|x86.ActiveCfg = Release|Any CPU
		{8826810A-DC59-46E6-8978-21E273DB1236}.Release|x86.Build.0 = Release|Any CPU
		{8826810A-DC59-46E6-8978-21E273DB1236}.Release20|Any CPU.ActiveCfg = Release|Any CPU
		{8826810A-DC59-46E6-8978-21E273DB1236}.Release20|Any CPU.Build.0 = Release|Any CPU
		{8826810A-DC59-46E6-8978-21E273DB1236}.Release20|x86.ActiveCfg = Release|Any CPU
		{8826810A-DC59-46E6-8978-21E273DB1236}.Release20|x86.Build.0 = Release|Any CPU
		{8826810A-DC59-46E6-8978-21E273DB1236}.ReleaseContractsReferences|Any CPU.ActiveCfg = Release|Any CPU
		{8826810A-DC59-46E6-8978-21E273DB1236}.ReleaseContractsReferences|Any CPU.Build.0 = Release|Any CPU
		{8826810A-DC59-46E6-8978-21E273DB1236}.ReleaseContractsReferences|x86.ActiveCfg = Release|Any CPU
		{8826810A-DC59-46E6-8978-21E273DB1236}.ReleaseContractsReferences|x86.Build.0 = Release|Any CPU
		{BD5D18DE-1C9D-4314-A777-21AA683EEACE}.Debug|Any CPU.ActiveCfg = Debug|Any CPU
		{BD5D18DE-1C9D-4314-A777-21AA683EEACE}.Debug|Any CPU.Build.0 = Debug|Any CPU
		{BD5D18DE-1C9D-4314-A777-21AA683EEACE}.Debug|x86.ActiveCfg = Debug|Any CPU
		{BD5D18DE-1C9D-4314-A777-21AA683EEACE}.Debug|x86.Build.0 = Debug|Any CPU
		{BD5D18DE-1C9D-4314-A777-21AA683EEACE}.DebugContracts|Any CPU.ActiveCfg = Debug|Any CPU
		{BD5D18DE-1C9D-4314-A777-21AA683EEACE}.DebugContracts|Any CPU.Build.0 = Debug|Any CPU
		{BD5D18DE-1C9D-4314-A777-21AA683EEACE}.DebugContracts|x86.ActiveCfg = Debug|Any CPU
		{BD5D18DE-1C9D-4314-A777-21AA683EEACE}.DebugContracts|x86.Build.0 = Debug|Any CPU
		{BD5D18DE-1C9D-4314-A777-21AA683EEACE}.Release|Any CPU.ActiveCfg = Release|Any CPU
		{BD5D18DE-1C9D-4314-A777-21AA683EEACE}.Release|Any CPU.Build.0 = Release|Any CPU
		{BD5D18DE-1C9D-4314-A777-21AA683EEACE}.Release|x86.ActiveCfg = Release|Any CPU
		{BD5D18DE-1C9D-4314-A777-21AA683EEACE}.Release|x86.Build.0 = Release|Any CPU
		{BD5D18DE-1C9D-4314-A777-21AA683EEACE}.Release20|Any CPU.ActiveCfg = Release|Any CPU
		{BD5D18DE-1C9D-4314-A777-21AA683EEACE}.Release20|Any CPU.Build.0 = Release|Any CPU
		{BD5D18DE-1C9D-4314-A777-21AA683EEACE}.Release20|x86.ActiveCfg = Release|Any CPU
		{BD5D18DE-1C9D-4314-A777-21AA683EEACE}.Release20|x86.Build.0 = Release|Any CPU
		{BD5D18DE-1C9D-4314-A777-21AA683EEACE}.ReleaseContractsReferences|Any CPU.ActiveCfg = Release|Any CPU
		{BD5D18DE-1C9D-4314-A777-21AA683EEACE}.ReleaseContractsReferences|Any CPU.Build.0 = Release|Any CPU
		{BD5D18DE-1C9D-4314-A777-21AA683EEACE}.ReleaseContractsReferences|x86.ActiveCfg = Release|Any CPU
		{BD5D18DE-1C9D-4314-A777-21AA683EEACE}.ReleaseContractsReferences|x86.Build.0 = Release|Any CPU
		{3BF3542B-4034-429F-9105-197A60625CA3}.Debug|Any CPU.ActiveCfg = Debug|Any CPU
		{3BF3542B-4034-429F-9105-197A60625CA3}.Debug|Any CPU.Build.0 = Debug|Any CPU
		{3BF3542B-4034-429F-9105-197A60625CA3}.Debug|x86.ActiveCfg = Debug|Any CPU
		{3BF3542B-4034-429F-9105-197A60625CA3}.Debug|x86.Build.0 = Debug|Any CPU
		{3BF3542B-4034-429F-9105-197A60625CA3}.DebugContracts|Any CPU.ActiveCfg = Debug|Any CPU
		{3BF3542B-4034-429F-9105-197A60625CA3}.DebugContracts|Any CPU.Build.0 = Debug|Any CPU
		{3BF3542B-4034-429F-9105-197A60625CA3}.DebugContracts|x86.ActiveCfg = Debug|Any CPU
		{3BF3542B-4034-429F-9105-197A60625CA3}.DebugContracts|x86.Build.0 = Debug|Any CPU
		{3BF3542B-4034-429F-9105-197A60625CA3}.Release|Any CPU.ActiveCfg = Release|Any CPU
		{3BF3542B-4034-429F-9105-197A60625CA3}.Release|Any CPU.Build.0 = Release|Any CPU
		{3BF3542B-4034-429F-9105-197A60625CA3}.Release|x86.ActiveCfg = Release|Any CPU
		{3BF3542B-4034-429F-9105-197A60625CA3}.Release|x86.Build.0 = Release|Any CPU
		{3BF3542B-4034-429F-9105-197A60625CA3}.Release20|Any CPU.ActiveCfg = Release|Any CPU
		{3BF3542B-4034-429F-9105-197A60625CA3}.Release20|Any CPU.Build.0 = Release|Any CPU
		{3BF3542B-4034-429F-9105-197A60625CA3}.Release20|x86.ActiveCfg = Release|Any CPU
		{3BF3542B-4034-429F-9105-197A60625CA3}.Release20|x86.Build.0 = Release|Any CPU
		{3BF3542B-4034-429F-9105-197A60625CA3}.ReleaseContractsReferences|Any CPU.ActiveCfg = Release|Any CPU
		{3BF3542B-4034-429F-9105-197A60625CA3}.ReleaseContractsReferences|Any CPU.Build.0 = Release|Any CPU
		{3BF3542B-4034-429F-9105-197A60625CA3}.ReleaseContractsReferences|x86.ActiveCfg = Release|Any CPU
		{3BF3542B-4034-429F-9105-197A60625CA3}.ReleaseContractsReferences|x86.Build.0 = Release|Any CPU
		{6B141FDE-F5DF-4DFD-B21F-C076BC87CCAF}.Debug|Any CPU.ActiveCfg = Debug|Any CPU
		{6B141FDE-F5DF-4DFD-B21F-C076BC87CCAF}.Debug|Any CPU.Build.0 = Debug|Any CPU
		{6B141FDE-F5DF-4DFD-B21F-C076BC87CCAF}.Debug|x86.ActiveCfg = Debug|Any CPU
		{6B141FDE-F5DF-4DFD-B21F-C076BC87CCAF}.Debug|x86.Build.0 = Debug|Any CPU
		{6B141FDE-F5DF-4DFD-B21F-C076BC87CCAF}.DebugContracts|Any CPU.ActiveCfg = Debug|Any CPU
		{6B141FDE-F5DF-4DFD-B21F-C076BC87CCAF}.DebugContracts|Any CPU.Build.0 = Debug|Any CPU
		{6B141FDE-F5DF-4DFD-B21F-C076BC87CCAF}.DebugContracts|x86.ActiveCfg = Debug|Any CPU
		{6B141FDE-F5DF-4DFD-B21F-C076BC87CCAF}.DebugContracts|x86.Build.0 = Debug|Any CPU
		{6B141FDE-F5DF-4DFD-B21F-C076BC87CCAF}.Release|Any CPU.ActiveCfg = Release|Any CPU
		{6B141FDE-F5DF-4DFD-B21F-C076BC87CCAF}.Release|Any CPU.Build.0 = Release|Any CPU
		{6B141FDE-F5DF-4DFD-B21F-C076BC87CCAF}.Release|x86.ActiveCfg = Release|Any CPU
		{6B141FDE-F5DF-4DFD-B21F-C076BC87CCAF}.Release|x86.Build.0 = Release|Any CPU
		{6B141FDE-F5DF-4DFD-B21F-C076BC87CCAF}.Release20|Any CPU.ActiveCfg = Release|Any CPU
		{6B141FDE-F5DF-4DFD-B21F-C076BC87CCAF}.Release20|Any CPU.Build.0 = Release|Any CPU
		{6B141FDE-F5DF-4DFD-B21F-C076BC87CCAF}.Release20|x86.ActiveCfg = Release|Any CPU
		{6B141FDE-F5DF-4DFD-B21F-C076BC87CCAF}.Release20|x86.Build.0 = Release|Any CPU
		{6B141FDE-F5DF-4DFD-B21F-C076BC87CCAF}.ReleaseContractsReferences|Any CPU.ActiveCfg = Release|Any CPU
		{6B141FDE-F5DF-4DFD-B21F-C076BC87CCAF}.ReleaseContractsReferences|Any CPU.Build.0 = Release|Any CPU
		{6B141FDE-F5DF-4DFD-B21F-C076BC87CCAF}.ReleaseContractsReferences|x86.ActiveCfg = Release|Any CPU
		{6B141FDE-F5DF-4DFD-B21F-C076BC87CCAF}.ReleaseContractsReferences|x86.Build.0 = Release|Any CPU
		{4B220E23-A7E0-4222-83F5-C785F7C66B33}.Debug|Any CPU.ActiveCfg = Debug|Any CPU
		{4B220E23-A7E0-4222-83F5-C785F7C66B33}.Debug|Any CPU.Build.0 = Debug|Any CPU
		{4B220E23-A7E0-4222-83F5-C785F7C66B33}.Debug|x86.ActiveCfg = Debug|Any CPU
		{4B220E23-A7E0-4222-83F5-C785F7C66B33}.Debug|x86.Build.0 = Debug|Any CPU
		{4B220E23-A7E0-4222-83F5-C785F7C66B33}.DebugContracts|Any CPU.ActiveCfg = Debug|Any CPU
		{4B220E23-A7E0-4222-83F5-C785F7C66B33}.DebugContracts|Any CPU.Build.0 = Debug|Any CPU
		{4B220E23-A7E0-4222-83F5-C785F7C66B33}.DebugContracts|x86.ActiveCfg = Debug|Any CPU
		{4B220E23-A7E0-4222-83F5-C785F7C66B33}.DebugContracts|x86.Build.0 = Debug|Any CPU
		{4B220E23-A7E0-4222-83F5-C785F7C66B33}.Release|Any CPU.ActiveCfg = Release|Any CPU
		{4B220E23-A7E0-4222-83F5-C785F7C66B33}.Release|Any CPU.Build.0 = Release|Any CPU
		{4B220E23-A7E0-4222-83F5-C785F7C66B33}.Release|x86.ActiveCfg = Release|Any CPU
		{4B220E23-A7E0-4222-83F5-C785F7C66B33}.Release|x86.Build.0 = Release|Any CPU
		{4B220E23-A7E0-4222-83F5-C785F7C66B33}.Release20|Any CPU.ActiveCfg = Release|Any CPU
		{4B220E23-A7E0-4222-83F5-C785F7C66B33}.Release20|Any CPU.Build.0 = Release|Any CPU
		{4B220E23-A7E0-4222-83F5-C785F7C66B33}.Release20|x86.ActiveCfg = Release|Any CPU
		{4B220E23-A7E0-4222-83F5-C785F7C66B33}.Release20|x86.Build.0 = Release|Any CPU
		{4B220E23-A7E0-4222-83F5-C785F7C66B33}.ReleaseContractsReferences|Any CPU.ActiveCfg = Release|Any CPU
		{4B220E23-A7E0-4222-83F5-C785F7C66B33}.ReleaseContractsReferences|Any CPU.Build.0 = Release|Any CPU
		{4B220E23-A7E0-4222-83F5-C785F7C66B33}.ReleaseContractsReferences|x86.ActiveCfg = Release|Any CPU
		{4B220E23-A7E0-4222-83F5-C785F7C66B33}.ReleaseContractsReferences|x86.Build.0 = Release|Any CPU
		{D2E33FEE-6689-4BB4-A95C-1B5C327A1E8F}.Debug|Any CPU.ActiveCfg = Debug|Any CPU
		{D2E33FEE-6689-4BB4-A95C-1B5C327A1E8F}.Debug|Any CPU.Build.0 = Debug|Any CPU
		{D2E33FEE-6689-4BB4-A95C-1B5C327A1E8F}.Debug|x86.ActiveCfg = Debug|x86
		{D2E33FEE-6689-4BB4-A95C-1B5C327A1E8F}.Debug|x86.Build.0 = Debug|x86
		{D2E33FEE-6689-4BB4-A95C-1B5C327A1E8F}.DebugContracts|Any CPU.ActiveCfg = Debug|Any CPU
		{D2E33FEE-6689-4BB4-A95C-1B5C327A1E8F}.DebugContracts|Any CPU.Build.0 = Debug|Any CPU
		{D2E33FEE-6689-4BB4-A95C-1B5C327A1E8F}.DebugContracts|x86.ActiveCfg = Debug|x86
		{D2E33FEE-6689-4BB4-A95C-1B5C327A1E8F}.DebugContracts|x86.Build.0 = Debug|x86
		{D2E33FEE-6689-4BB4-A95C-1B5C327A1E8F}.Release|Any CPU.ActiveCfg = Release|Any CPU
		{D2E33FEE-6689-4BB4-A95C-1B5C327A1E8F}.Release|Any CPU.Build.0 = Release|Any CPU
		{D2E33FEE-6689-4BB4-A95C-1B5C327A1E8F}.Release|x86.ActiveCfg = Release|x86
		{D2E33FEE-6689-4BB4-A95C-1B5C327A1E8F}.Release|x86.Build.0 = Release|x86
		{D2E33FEE-6689-4BB4-A95C-1B5C327A1E8F}.Release20|Any CPU.ActiveCfg = Release|Any CPU
		{D2E33FEE-6689-4BB4-A95C-1B5C327A1E8F}.Release20|Any CPU.Build.0 = Release|Any CPU
		{D2E33FEE-6689-4BB4-A95C-1B5C327A1E8F}.Release20|x86.ActiveCfg = Release|x86
		{D2E33FEE-6689-4BB4-A95C-1B5C327A1E8F}.Release20|x86.Build.0 = Release|x86
		{D2E33FEE-6689-4BB4-A95C-1B5C327A1E8F}.ReleaseContractsReferences|Any CPU.ActiveCfg = Release|Any CPU
		{D2E33FEE-6689-4BB4-A95C-1B5C327A1E8F}.ReleaseContractsReferences|Any CPU.Build.0 = Release|Any CPU
		{D2E33FEE-6689-4BB4-A95C-1B5C327A1E8F}.ReleaseContractsReferences|x86.ActiveCfg = Release|x86
		{D2E33FEE-6689-4BB4-A95C-1B5C327A1E8F}.ReleaseContractsReferences|x86.Build.0 = Release|x86
		{3644D44B-DEC0-4B65-BBA0-C68E34821AAE}.Debug|Any CPU.ActiveCfg = Debug|Any CPU
		{3644D44B-DEC0-4B65-BBA0-C68E34821AAE}.Debug|Any CPU.Build.0 = Debug|Any CPU
		{3644D44B-DEC0-4B65-BBA0-C68E34821AAE}.Debug|x86.ActiveCfg = Debug|Any CPU
		{3644D44B-DEC0-4B65-BBA0-C68E34821AAE}.Debug|x86.Build.0 = Debug|Any CPU
		{3644D44B-DEC0-4B65-BBA0-C68E34821AAE}.DebugContracts|Any CPU.ActiveCfg = Debug|Any CPU
		{3644D44B-DEC0-4B65-BBA0-C68E34821AAE}.DebugContracts|Any CPU.Build.0 = Debug|Any CPU
		{3644D44B-DEC0-4B65-BBA0-C68E34821AAE}.DebugContracts|x86.ActiveCfg = Debug|Any CPU
		{3644D44B-DEC0-4B65-BBA0-C68E34821AAE}.DebugContracts|x86.Build.0 = Debug|Any CPU
		{3644D44B-DEC0-4B65-BBA0-C68E34821AAE}.Release|Any CPU.ActiveCfg = Release|Any CPU
		{3644D44B-DEC0-4B65-BBA0-C68E34821AAE}.Release|Any CPU.Build.0 = Release|Any CPU
		{3644D44B-DEC0-4B65-BBA0-C68E34821AAE}.Release|x86.ActiveCfg = Release|Any CPU
		{3644D44B-DEC0-4B65-BBA0-C68E34821AAE}.Release|x86.Build.0 = Release|Any CPU
		{3644D44B-DEC0-4B65-BBA0-C68E34821AAE}.Release20|Any CPU.ActiveCfg = Release|Any CPU
		{3644D44B-DEC0-4B65-BBA0-C68E34821AAE}.Release20|Any CPU.Build.0 = Release|Any CPU
		{3644D44B-DEC0-4B65-BBA0-C68E34821AAE}.Release20|x86.ActiveCfg = Release|Any CPU
		{3644D44B-DEC0-4B65-BBA0-C68E34821AAE}.Release20|x86.Build.0 = Release|Any CPU
		{3644D44B-DEC0-4B65-BBA0-C68E34821AAE}.ReleaseContractsReferences|Any CPU.ActiveCfg = Release|Any CPU
		{3644D44B-DEC0-4B65-BBA0-C68E34821AAE}.ReleaseContractsReferences|Any CPU.Build.0 = Release|Any CPU
		{3644D44B-DEC0-4B65-BBA0-C68E34821AAE}.ReleaseContractsReferences|x86.ActiveCfg = Release|Any CPU
		{3644D44B-DEC0-4B65-BBA0-C68E34821AAE}.ReleaseContractsReferences|x86.Build.0 = Release|Any CPU
		{A30D218B-AAA4-483A-99F7-EAEB1B8B4610}.Debug|Any CPU.ActiveCfg = Debug|Any CPU
		{A30D218B-AAA4-483A-99F7-EAEB1B8B4610}.Debug|Any CPU.Build.0 = Debug|Any CPU
		{A30D218B-AAA4-483A-99F7-EAEB1B8B4610}.Debug|x86.ActiveCfg = Debug|Any CPU
		{A30D218B-AAA4-483A-99F7-EAEB1B8B4610}.Debug|x86.Build.0 = Debug|Any CPU
		{A30D218B-AAA4-483A-99F7-EAEB1B8B4610}.DebugContracts|Any CPU.ActiveCfg = Debug|Any CPU
		{A30D218B-AAA4-483A-99F7-EAEB1B8B4610}.DebugContracts|Any CPU.Build.0 = Debug|Any CPU
		{A30D218B-AAA4-483A-99F7-EAEB1B8B4610}.DebugContracts|x86.ActiveCfg = Debug|Any CPU
		{A30D218B-AAA4-483A-99F7-EAEB1B8B4610}.DebugContracts|x86.Build.0 = Debug|Any CPU
		{A30D218B-AAA4-483A-99F7-EAEB1B8B4610}.Release|Any CPU.ActiveCfg = Release|Any CPU
		{A30D218B-AAA4-483A-99F7-EAEB1B8B4610}.Release|Any CPU.Build.0 = Release|Any CPU
		{A30D218B-AAA4-483A-99F7-EAEB1B8B4610}.Release|x86.ActiveCfg = Release|Any CPU
		{A30D218B-AAA4-483A-99F7-EAEB1B8B4610}.Release|x86.Build.0 = Release|Any CPU
		{A30D218B-AAA4-483A-99F7-EAEB1B8B4610}.Release20|Any CPU.ActiveCfg = Release|Any CPU
		{A30D218B-AAA4-483A-99F7-EAEB1B8B4610}.Release20|Any CPU.Build.0 = Release|Any CPU
		{A30D218B-AAA4-483A-99F7-EAEB1B8B4610}.Release20|x86.ActiveCfg = Release|Any CPU
		{A30D218B-AAA4-483A-99F7-EAEB1B8B4610}.Release20|x86.Build.0 = Release|Any CPU
		{A30D218B-AAA4-483A-99F7-EAEB1B8B4610}.ReleaseContractsReferences|Any CPU.ActiveCfg = Release|Any CPU
		{A30D218B-AAA4-483A-99F7-EAEB1B8B4610}.ReleaseContractsReferences|Any CPU.Build.0 = Release|Any CPU
		{A30D218B-AAA4-483A-99F7-EAEB1B8B4610}.ReleaseContractsReferences|x86.ActiveCfg = Release|Any CPU
		{A30D218B-AAA4-483A-99F7-EAEB1B8B4610}.ReleaseContractsReferences|x86.Build.0 = Release|Any CPU
		{E383F190-86FE-454C-8568-1762F8820925}.Debug|Any CPU.ActiveCfg = Debug|Any CPU
		{E383F190-86FE-454C-8568-1762F8820925}.Debug|Any CPU.Build.0 = Debug|Any CPU
		{E383F190-86FE-454C-8568-1762F8820925}.Debug|x86.ActiveCfg = Debug|Any CPU
		{E383F190-86FE-454C-8568-1762F8820925}.Debug|x86.Build.0 = Debug|Any CPU
		{E383F190-86FE-454C-8568-1762F8820925}.DebugContracts|Any CPU.ActiveCfg = Debug|Any CPU
		{E383F190-86FE-454C-8568-1762F8820925}.DebugContracts|Any CPU.Build.0 = Debug|Any CPU
		{E383F190-86FE-454C-8568-1762F8820925}.DebugContracts|x86.ActiveCfg = Debug|Any CPU
		{E383F190-86FE-454C-8568-1762F8820925}.DebugContracts|x86.Build.0 = Debug|Any CPU
		{E383F190-86FE-454C-8568-1762F8820925}.Release|Any CPU.ActiveCfg = Release|Any CPU
		{E383F190-86FE-454C-8568-1762F8820925}.Release|Any CPU.Build.0 = Release|Any CPU
		{E383F190-86FE-454C-8568-1762F8820925}.Release|x86.ActiveCfg = Release|Any CPU
		{E383F190-86FE-454C-8568-1762F8820925}.Release|x86.Build.0 = Release|Any CPU
		{E383F190-86FE-454C-8568-1762F8820925}.Release20|Any CPU.ActiveCfg = Release|Any CPU
		{E383F190-86FE-454C-8568-1762F8820925}.Release20|Any CPU.Build.0 = Release|Any CPU
		{E383F190-86FE-454C-8568-1762F8820925}.Release20|x86.ActiveCfg = Release|Any CPU
		{E383F190-86FE-454C-8568-1762F8820925}.Release20|x86.Build.0 = Release|Any CPU
		{E383F190-86FE-454C-8568-1762F8820925}.ReleaseContractsReferences|Any CPU.ActiveCfg = Release|Any CPU
		{E383F190-86FE-454C-8568-1762F8820925}.ReleaseContractsReferences|Any CPU.Build.0 = Release|Any CPU
		{E383F190-86FE-454C-8568-1762F8820925}.ReleaseContractsReferences|x86.ActiveCfg = Release|Any CPU
		{E383F190-86FE-454C-8568-1762F8820925}.ReleaseContractsReferences|x86.Build.0 = Release|Any CPU
		{3AC1E323-82F9-4E8E-BB52-D22FBA2C844F}.Debug|Any CPU.ActiveCfg = Debug|Any CPU
		{3AC1E323-82F9-4E8E-BB52-D22FBA2C844F}.Debug|Any CPU.Build.0 = Debug|Any CPU
		{3AC1E323-82F9-4E8E-BB52-D22FBA2C844F}.Debug|x86.ActiveCfg = Debug|Any CPU
		{3AC1E323-82F9-4E8E-BB52-D22FBA2C844F}.Debug|x86.Build.0 = Debug|Any CPU
		{3AC1E323-82F9-4E8E-BB52-D22FBA2C844F}.DebugContracts|Any CPU.ActiveCfg = Debug|Any CPU
		{3AC1E323-82F9-4E8E-BB52-D22FBA2C844F}.DebugContracts|Any CPU.Build.0 = Debug|Any CPU
		{3AC1E323-82F9-4E8E-BB52-D22FBA2C844F}.DebugContracts|x86.ActiveCfg = Debug|Any CPU
		{3AC1E323-82F9-4E8E-BB52-D22FBA2C844F}.DebugContracts|x86.Build.0 = Debug|Any CPU
		{3AC1E323-82F9-4E8E-BB52-D22FBA2C844F}.Release|Any CPU.ActiveCfg = Release|Any CPU
		{3AC1E323-82F9-4E8E-BB52-D22FBA2C844F}.Release|Any CPU.Build.0 = Release|Any CPU
		{3AC1E323-82F9-4E8E-BB52-D22FBA2C844F}.Release|x86.ActiveCfg = Release|Any CPU
		{3AC1E323-82F9-4E8E-BB52-D22FBA2C844F}.Release|x86.Build.0 = Release|Any CPU
		{3AC1E323-82F9-4E8E-BB52-D22FBA2C844F}.Release20|Any CPU.ActiveCfg = Release|Any CPU
		{3AC1E323-82F9-4E8E-BB52-D22FBA2C844F}.Release20|Any CPU.Build.0 = Release|Any CPU
		{3AC1E323-82F9-4E8E-BB52-D22FBA2C844F}.Release20|x86.ActiveCfg = Release|Any CPU
		{3AC1E323-82F9-4E8E-BB52-D22FBA2C844F}.Release20|x86.Build.0 = Release|Any CPU
		{3AC1E323-82F9-4E8E-BB52-D22FBA2C844F}.ReleaseContractsReferences|Any CPU.ActiveCfg = Release|Any CPU
		{3AC1E323-82F9-4E8E-BB52-D22FBA2C844F}.ReleaseContractsReferences|Any CPU.Build.0 = Release|Any CPU
		{3AC1E323-82F9-4E8E-BB52-D22FBA2C844F}.ReleaseContractsReferences|x86.ActiveCfg = Release|Any CPU
		{3AC1E323-82F9-4E8E-BB52-D22FBA2C844F}.ReleaseContractsReferences|x86.Build.0 = Release|Any CPU
		{C2F89DE1-B429-4B5D-AF22-3A075D00BAA4}.Debug|Any CPU.ActiveCfg = Debug|Any CPU
		{C2F89DE1-B429-4B5D-AF22-3A075D00BAA4}.Debug|Any CPU.Build.0 = Debug|Any CPU
		{C2F89DE1-B429-4B5D-AF22-3A075D00BAA4}.Debug|x86.ActiveCfg = Debug|Any CPU
		{C2F89DE1-B429-4B5D-AF22-3A075D00BAA4}.Debug|x86.Build.0 = Debug|Any CPU
		{C2F89DE1-B429-4B5D-AF22-3A075D00BAA4}.DebugContracts|Any CPU.ActiveCfg = Debug|Any CPU
		{C2F89DE1-B429-4B5D-AF22-3A075D00BAA4}.DebugContracts|Any CPU.Build.0 = Debug|Any CPU
		{C2F89DE1-B429-4B5D-AF22-3A075D00BAA4}.DebugContracts|x86.ActiveCfg = Debug|Any CPU
		{C2F89DE1-B429-4B5D-AF22-3A075D00BAA4}.DebugContracts|x86.Build.0 = Debug|Any CPU
		{C2F89DE1-B429-4B5D-AF22-3A075D00BAA4}.Release|Any CPU.ActiveCfg = Release|Any CPU
		{C2F89DE1-B429-4B5D-AF22-3A075D00BAA4}.Release|Any CPU.Build.0 = Release|Any CPU
		{C2F89DE1-B429-4B5D-AF22-3A075D00BAA4}.Release|x86.ActiveCfg = Release|Any CPU
		{C2F89DE1-B429-4B5D-AF22-3A075D00BAA4}.Release|x86.Build.0 = Release|Any CPU
		{C2F89DE1-B429-4B5D-AF22-3A075D00BAA4}.Release20|Any CPU.ActiveCfg = Release|Any CPU
		{C2F89DE1-B429-4B5D-AF22-3A075D00BAA4}.Release20|Any CPU.Build.0 = Release|Any CPU
		{C2F89DE1-B429-4B5D-AF22-3A075D00BAA4}.Release20|x86.ActiveCfg = Release|Any CPU
		{C2F89DE1-B429-4B5D-AF22-3A075D00BAA4}.Release20|x86.Build.0 = Release|Any CPU
		{C2F89DE1-B429-4B5D-AF22-3A075D00BAA4}.ReleaseContractsReferences|Any CPU.ActiveCfg = Release|Any CPU
		{C2F89DE1-B429-4B5D-AF22-3A075D00BAA4}.ReleaseContractsReferences|Any CPU.Build.0 = Release|Any CPU
		{C2F89DE1-B429-4B5D-AF22-3A075D00BAA4}.ReleaseContractsReferences|x86.ActiveCfg = Release|Any CPU
		{C2F89DE1-B429-4B5D-AF22-3A075D00BAA4}.ReleaseContractsReferences|x86.Build.0 = Release|Any CPU
		{D495C472-6CBB-4B04-A30E-215EE125C08C}.Debug|Any CPU.ActiveCfg = Debug|Any CPU
		{D495C472-6CBB-4B04-A30E-215EE125C08C}.Debug|Any CPU.Build.0 = Debug|Any CPU
		{D495C472-6CBB-4B04-A30E-215EE125C08C}.Debug|x86.ActiveCfg = Debug|Any CPU
		{D495C472-6CBB-4B04-A30E-215EE125C08C}.Debug|x86.Build.0 = Debug|Any CPU
		{D495C472-6CBB-4B04-A30E-215EE125C08C}.DebugContracts|Any CPU.ActiveCfg = Debug|Any CPU
		{D495C472-6CBB-4B04-A30E-215EE125C08C}.DebugContracts|Any CPU.Build.0 = Debug|Any CPU
		{D495C472-6CBB-4B04-A30E-215EE125C08C}.DebugContracts|x86.ActiveCfg = Debug|Any CPU
		{D495C472-6CBB-4B04-A30E-215EE125C08C}.DebugContracts|x86.Build.0 = Debug|Any CPU
		{D495C472-6CBB-4B04-A30E-215EE125C08C}.Release|Any CPU.ActiveCfg = Release|Any CPU
		{D495C472-6CBB-4B04-A30E-215EE125C08C}.Release|Any CPU.Build.0 = Release|Any CPU
		{D495C472-6CBB-4B04-A30E-215EE125C08C}.Release|x86.ActiveCfg = Release|Any CPU
		{D495C472-6CBB-4B04-A30E-215EE125C08C}.Release|x86.Build.0 = Release|Any CPU
		{D495C472-6CBB-4B04-A30E-215EE125C08C}.Release20|Any CPU.ActiveCfg = Release|Any CPU
		{D495C472-6CBB-4B04-A30E-215EE125C08C}.Release20|Any CPU.Build.0 = Release|Any CPU
		{D495C472-6CBB-4B04-A30E-215EE125C08C}.Release20|x86.ActiveCfg = Release|Any CPU
		{D495C472-6CBB-4B04-A30E-215EE125C08C}.Release20|x86.Build.0 = Release|Any CPU
		{D495C472-6CBB-4B04-A30E-215EE125C08C}.ReleaseContractsReferences|Any CPU.ActiveCfg = Release|Any CPU
		{D495C472-6CBB-4B04-A30E-215EE125C08C}.ReleaseContractsReferences|Any CPU.Build.0 = Release|Any CPU
		{D495C472-6CBB-4B04-A30E-215EE125C08C}.ReleaseContractsReferences|x86.ActiveCfg = Release|Any CPU
		{D495C472-6CBB-4B04-A30E-215EE125C08C}.ReleaseContractsReferences|x86.Build.0 = Release|Any CPU
		{646CFBB0-B998-45E7-8809-991A5538FF36}.Debug|Any CPU.ActiveCfg = Debug|Any CPU
		{646CFBB0-B998-45E7-8809-991A5538FF36}.Debug|Any CPU.Build.0 = Debug|Any CPU
		{646CFBB0-B998-45E7-8809-991A5538FF36}.Debug|x86.ActiveCfg = Debug|Any CPU
		{646CFBB0-B998-45E7-8809-991A5538FF36}.Debug|x86.Build.0 = Debug|Any CPU
		{646CFBB0-B998-45E7-8809-991A5538FF36}.DebugContracts|Any CPU.ActiveCfg = Debug|Any CPU
		{646CFBB0-B998-45E7-8809-991A5538FF36}.DebugContracts|Any CPU.Build.0 = Debug|Any CPU
		{646CFBB0-B998-45E7-8809-991A5538FF36}.DebugContracts|x86.ActiveCfg = Debug|Any CPU
		{646CFBB0-B998-45E7-8809-991A5538FF36}.DebugContracts|x86.Build.0 = Debug|Any CPU
		{646CFBB0-B998-45E7-8809-991A5538FF36}.Release|Any CPU.ActiveCfg = Release|Any CPU
		{646CFBB0-B998-45E7-8809-991A5538FF36}.Release|Any CPU.Build.0 = Release|Any CPU
		{646CFBB0-B998-45E7-8809-991A5538FF36}.Release|x86.ActiveCfg = Release|Any CPU
		{646CFBB0-B998-45E7-8809-991A5538FF36}.Release|x86.Build.0 = Release|Any CPU
		{646CFBB0-B998-45E7-8809-991A5538FF36}.Release20|Any CPU.ActiveCfg = Release|Any CPU
		{646CFBB0-B998-45E7-8809-991A5538FF36}.Release20|Any CPU.Build.0 = Release|Any CPU
		{646CFBB0-B998-45E7-8809-991A5538FF36}.Release20|x86.ActiveCfg = Release|Any CPU
		{646CFBB0-B998-45E7-8809-991A5538FF36}.Release20|x86.Build.0 = Release|Any CPU
		{646CFBB0-B998-45E7-8809-991A5538FF36}.ReleaseContractsReferences|Any CPU.ActiveCfg = Release|Any CPU
		{646CFBB0-B998-45E7-8809-991A5538FF36}.ReleaseContractsReferences|Any CPU.Build.0 = Release|Any CPU
		{646CFBB0-B998-45E7-8809-991A5538FF36}.ReleaseContractsReferences|x86.ActiveCfg = Release|Any CPU
		{646CFBB0-B998-45E7-8809-991A5538FF36}.ReleaseContractsReferences|x86.Build.0 = Release|Any CPU
		{7A3CD47C-DF15-4FC6-A923-DEC16264E79F}.Debug|Any CPU.ActiveCfg = Debug|Any CPU
		{7A3CD47C-DF15-4FC6-A923-DEC16264E79F}.Debug|Any CPU.Build.0 = Debug|Any CPU
		{7A3CD47C-DF15-4FC6-A923-DEC16264E79F}.Debug|x86.ActiveCfg = Debug|Any CPU
		{7A3CD47C-DF15-4FC6-A923-DEC16264E79F}.Debug|x86.Build.0 = Debug|Any CPU
		{7A3CD47C-DF15-4FC6-A923-DEC16264E79F}.DebugContracts|Any CPU.ActiveCfg = Debug|Any CPU
		{7A3CD47C-DF15-4FC6-A923-DEC16264E79F}.DebugContracts|Any CPU.Build.0 = Debug|Any CPU
		{7A3CD47C-DF15-4FC6-A923-DEC16264E79F}.DebugContracts|x86.ActiveCfg = Debug|Any CPU
		{7A3CD47C-DF15-4FC6-A923-DEC16264E79F}.DebugContracts|x86.Build.0 = Debug|Any CPU
		{7A3CD47C-DF15-4FC6-A923-DEC16264E79F}.Release|Any CPU.ActiveCfg = Release|Any CPU
		{7A3CD47C-DF15-4FC6-A923-DEC16264E79F}.Release|Any CPU.Build.0 = Release|Any CPU
		{7A3CD47C-DF15-4FC6-A923-DEC16264E79F}.Release|x86.ActiveCfg = Release|Any CPU
		{7A3CD47C-DF15-4FC6-A923-DEC16264E79F}.Release|x86.Build.0 = Release|Any CPU
		{7A3CD47C-DF15-4FC6-A923-DEC16264E79F}.Release20|Any CPU.ActiveCfg = Release|Any CPU
		{7A3CD47C-DF15-4FC6-A923-DEC16264E79F}.Release20|Any CPU.Build.0 = Release|Any CPU
		{7A3CD47C-DF15-4FC6-A923-DEC16264E79F}.Release20|x86.ActiveCfg = Release|Any CPU
		{7A3CD47C-DF15-4FC6-A923-DEC16264E79F}.Release20|x86.Build.0 = Release|Any CPU
		{7A3CD47C-DF15-4FC6-A923-DEC16264E79F}.ReleaseContractsReferences|Any CPU.ActiveCfg = Release|Any CPU
		{7A3CD47C-DF15-4FC6-A923-DEC16264E79F}.ReleaseContractsReferences|Any CPU.Build.0 = Release|Any CPU
		{7A3CD47C-DF15-4FC6-A923-DEC16264E79F}.ReleaseContractsReferences|x86.ActiveCfg = Release|Any CPU
		{7A3CD47C-DF15-4FC6-A923-DEC16264E79F}.ReleaseContractsReferences|x86.Build.0 = Release|Any CPU
		{03BB2368-5892-4378-B397-8826FA3323BB}.Debug|Any CPU.ActiveCfg = Debug|Any CPU
		{03BB2368-5892-4378-B397-8826FA3323BB}.Debug|Any CPU.Build.0 = Debug|Any CPU
		{03BB2368-5892-4378-B397-8826FA3323BB}.Debug|x86.ActiveCfg = Debug|Any CPU
		{03BB2368-5892-4378-B397-8826FA3323BB}.Debug|x86.Build.0 = Debug|Any CPU
		{03BB2368-5892-4378-B397-8826FA3323BB}.DebugContracts|Any CPU.ActiveCfg = Debug|Any CPU
		{03BB2368-5892-4378-B397-8826FA3323BB}.DebugContracts|Any CPU.Build.0 = Debug|Any CPU
		{03BB2368-5892-4378-B397-8826FA3323BB}.DebugContracts|x86.ActiveCfg = Debug|Any CPU
		{03BB2368-5892-4378-B397-8826FA3323BB}.DebugContracts|x86.Build.0 = Debug|Any CPU
		{03BB2368-5892-4378-B397-8826FA3323BB}.Release|Any CPU.ActiveCfg = Release|Any CPU
		{03BB2368-5892-4378-B397-8826FA3323BB}.Release|Any CPU.Build.0 = Release|Any CPU
		{03BB2368-5892-4378-B397-8826FA3323BB}.Release|x86.ActiveCfg = Release|Any CPU
		{03BB2368-5892-4378-B397-8826FA3323BB}.Release|x86.Build.0 = Release|Any CPU
		{03BB2368-5892-4378-B397-8826FA3323BB}.Release20|Any CPU.ActiveCfg = Release|Any CPU
		{03BB2368-5892-4378-B397-8826FA3323BB}.Release20|Any CPU.Build.0 = Release|Any CPU
		{03BB2368-5892-4378-B397-8826FA3323BB}.Release20|x86.ActiveCfg = Release|Any CPU
		{03BB2368-5892-4378-B397-8826FA3323BB}.Release20|x86.Build.0 = Release|Any CPU
		{03BB2368-5892-4378-B397-8826FA3323BB}.ReleaseContractsReferences|Any CPU.ActiveCfg = Release|Any CPU
		{03BB2368-5892-4378-B397-8826FA3323BB}.ReleaseContractsReferences|Any CPU.Build.0 = Release|Any CPU
		{03BB2368-5892-4378-B397-8826FA3323BB}.ReleaseContractsReferences|x86.ActiveCfg = Release|Any CPU
		{03BB2368-5892-4378-B397-8826FA3323BB}.ReleaseContractsReferences|x86.Build.0 = Release|Any CPU
		{7EBC6156-A93B-48FA-B630-C232E6EA1F8E}.Debug|Any CPU.ActiveCfg = Debug|Any CPU
		{7EBC6156-A93B-48FA-B630-C232E6EA1F8E}.Debug|Any CPU.Build.0 = Debug|Any CPU
		{7EBC6156-A93B-48FA-B630-C232E6EA1F8E}.Debug|x86.ActiveCfg = Debug|Any CPU
		{7EBC6156-A93B-48FA-B630-C232E6EA1F8E}.Debug|x86.Build.0 = Debug|Any CPU
		{7EBC6156-A93B-48FA-B630-C232E6EA1F8E}.DebugContracts|Any CPU.ActiveCfg = Debug|Any CPU
		{7EBC6156-A93B-48FA-B630-C232E6EA1F8E}.DebugContracts|Any CPU.Build.0 = Debug|Any CPU
		{7EBC6156-A93B-48FA-B630-C232E6EA1F8E}.DebugContracts|x86.ActiveCfg = Debug|Any CPU
		{7EBC6156-A93B-48FA-B630-C232E6EA1F8E}.DebugContracts|x86.Build.0 = Debug|Any CPU
		{7EBC6156-A93B-48FA-B630-C232E6EA1F8E}.Release|Any CPU.ActiveCfg = Release|Any CPU
		{7EBC6156-A93B-48FA-B630-C232E6EA1F8E}.Release|Any CPU.Build.0 = Release|Any CPU
		{7EBC6156-A93B-48FA-B630-C232E6EA1F8E}.Release|x86.ActiveCfg = Release|Any CPU
		{7EBC6156-A93B-48FA-B630-C232E6EA1F8E}.Release|x86.Build.0 = Release|Any CPU
		{7EBC6156-A93B-48FA-B630-C232E6EA1F8E}.Release20|Any CPU.ActiveCfg = Release|Any CPU
		{7EBC6156-A93B-48FA-B630-C232E6EA1F8E}.Release20|Any CPU.Build.0 = Release|Any CPU
		{7EBC6156-A93B-48FA-B630-C232E6EA1F8E}.Release20|x86.ActiveCfg = Release|Any CPU
		{7EBC6156-A93B-48FA-B630-C232E6EA1F8E}.Release20|x86.Build.0 = Release|Any CPU
		{7EBC6156-A93B-48FA-B630-C232E6EA1F8E}.ReleaseContractsReferences|Any CPU.ActiveCfg = Release|Any CPU
		{7EBC6156-A93B-48FA-B630-C232E6EA1F8E}.ReleaseContractsReferences|Any CPU.Build.0 = Release|Any CPU
		{7EBC6156-A93B-48FA-B630-C232E6EA1F8E}.ReleaseContractsReferences|x86.ActiveCfg = Release|Any CPU
		{7EBC6156-A93B-48FA-B630-C232E6EA1F8E}.ReleaseContractsReferences|x86.Build.0 = Release|Any CPU
		{192EAEFA-3CFF-4FBB-A7E3-5F08DFA35ECC}.Debug|Any CPU.ActiveCfg = Debug|Any CPU
		{192EAEFA-3CFF-4FBB-A7E3-5F08DFA35ECC}.Debug|Any CPU.Build.0 = Debug|Any CPU
		{192EAEFA-3CFF-4FBB-A7E3-5F08DFA35ECC}.Debug|x86.ActiveCfg = Debug|Any CPU
		{192EAEFA-3CFF-4FBB-A7E3-5F08DFA35ECC}.Debug|x86.Build.0 = Debug|Any CPU
		{192EAEFA-3CFF-4FBB-A7E3-5F08DFA35ECC}.DebugContracts|Any CPU.ActiveCfg = Debug|Any CPU
		{192EAEFA-3CFF-4FBB-A7E3-5F08DFA35ECC}.DebugContracts|Any CPU.Build.0 = Debug|Any CPU
		{192EAEFA-3CFF-4FBB-A7E3-5F08DFA35ECC}.DebugContracts|x86.ActiveCfg = Debug|Any CPU
		{192EAEFA-3CFF-4FBB-A7E3-5F08DFA35ECC}.DebugContracts|x86.Build.0 = Debug|Any CPU
		{192EAEFA-3CFF-4FBB-A7E3-5F08DFA35ECC}.Release|Any CPU.ActiveCfg = Release|Any CPU
		{192EAEFA-3CFF-4FBB-A7E3-5F08DFA35ECC}.Release|Any CPU.Build.0 = Release|Any CPU
		{192EAEFA-3CFF-4FBB-A7E3-5F08DFA35ECC}.Release|x86.ActiveCfg = Release|Any CPU
		{192EAEFA-3CFF-4FBB-A7E3-5F08DFA35ECC}.Release|x86.Build.0 = Release|Any CPU
		{192EAEFA-3CFF-4FBB-A7E3-5F08DFA35ECC}.Release20|Any CPU.ActiveCfg = Release|Any CPU
		{192EAEFA-3CFF-4FBB-A7E3-5F08DFA35ECC}.Release20|Any CPU.Build.0 = Release|Any CPU
		{192EAEFA-3CFF-4FBB-A7E3-5F08DFA35ECC}.Release20|x86.ActiveCfg = Release|Any CPU
		{192EAEFA-3CFF-4FBB-A7E3-5F08DFA35ECC}.Release20|x86.Build.0 = Release|Any CPU
		{192EAEFA-3CFF-4FBB-A7E3-5F08DFA35ECC}.ReleaseContractsReferences|Any CPU.ActiveCfg = Release|Any CPU
		{192EAEFA-3CFF-4FBB-A7E3-5F08DFA35ECC}.ReleaseContractsReferences|Any CPU.Build.0 = Release|Any CPU
		{192EAEFA-3CFF-4FBB-A7E3-5F08DFA35ECC}.ReleaseContractsReferences|x86.ActiveCfg = Release|Any CPU
		{192EAEFA-3CFF-4FBB-A7E3-5F08DFA35ECC}.ReleaseContractsReferences|x86.Build.0 = Release|Any CPU
		{BE9B5380-AF8D-4196-B414-4C82C8ED4F35}.Debug|Any CPU.ActiveCfg = Debug|Any CPU
		{BE9B5380-AF8D-4196-B414-4C82C8ED4F35}.Debug|Any CPU.Build.0 = Debug|Any CPU
		{BE9B5380-AF8D-4196-B414-4C82C8ED4F35}.Debug|x86.ActiveCfg = Debug|Any CPU
		{BE9B5380-AF8D-4196-B414-4C82C8ED4F35}.Debug|x86.Build.0 = Debug|Any CPU
		{BE9B5380-AF8D-4196-B414-4C82C8ED4F35}.DebugContracts|Any CPU.ActiveCfg = Debug|Any CPU
		{BE9B5380-AF8D-4196-B414-4C82C8ED4F35}.DebugContracts|Any CPU.Build.0 = Debug|Any CPU
		{BE9B5380-AF8D-4196-B414-4C82C8ED4F35}.DebugContracts|x86.ActiveCfg = Debug|Any CPU
		{BE9B5380-AF8D-4196-B414-4C82C8ED4F35}.DebugContracts|x86.Build.0 = Debug|Any CPU
		{BE9B5380-AF8D-4196-B414-4C82C8ED4F35}.Release|Any CPU.ActiveCfg = Release|Any CPU
		{BE9B5380-AF8D-4196-B414-4C82C8ED4F35}.Release|Any CPU.Build.0 = Release|Any CPU
		{BE9B5380-AF8D-4196-B414-4C82C8ED4F35}.Release|x86.ActiveCfg = Release|Any CPU
		{BE9B5380-AF8D-4196-B414-4C82C8ED4F35}.Release|x86.Build.0 = Release|Any CPU
		{BE9B5380-AF8D-4196-B414-4C82C8ED4F35}.Release20|Any CPU.ActiveCfg = Release|Any CPU
		{BE9B5380-AF8D-4196-B414-4C82C8ED4F35}.Release20|Any CPU.Build.0 = Release|Any CPU
		{BE9B5380-AF8D-4196-B414-4C82C8ED4F35}.Release20|x86.ActiveCfg = Release|Any CPU
		{BE9B5380-AF8D-4196-B414-4C82C8ED4F35}.Release20|x86.Build.0 = Release|Any CPU
		{BE9B5380-AF8D-4196-B414-4C82C8ED4F35}.ReleaseContractsReferences|Any CPU.ActiveCfg = Release|Any CPU
		{BE9B5380-AF8D-4196-B414-4C82C8ED4F35}.ReleaseContractsReferences|Any CPU.Build.0 = Release|Any CPU
		{BE9B5380-AF8D-4196-B414-4C82C8ED4F35}.ReleaseContractsReferences|x86.ActiveCfg = Release|Any CPU
		{BE9B5380-AF8D-4196-B414-4C82C8ED4F35}.ReleaseContractsReferences|x86.Build.0 = Release|Any CPU
		{14F6CDFE-CB54-46B6-81F1-730506BC0383}.Debug|Any CPU.ActiveCfg = Debug|Any CPU
		{14F6CDFE-CB54-46B6-81F1-730506BC0383}.Debug|Any CPU.Build.0 = Debug|Any CPU
		{14F6CDFE-CB54-46B6-81F1-730506BC0383}.Debug|x86.ActiveCfg = Debug|Any CPU
		{14F6CDFE-CB54-46B6-81F1-730506BC0383}.DebugContracts|Any CPU.ActiveCfg = Debug|Any CPU
		{14F6CDFE-CB54-46B6-81F1-730506BC0383}.DebugContracts|Any CPU.Build.0 = Debug|Any CPU
		{14F6CDFE-CB54-46B6-81F1-730506BC0383}.DebugContracts|x86.ActiveCfg = Debug|Any CPU
		{14F6CDFE-CB54-46B6-81F1-730506BC0383}.Release|Any CPU.ActiveCfg = Release|Any CPU
		{14F6CDFE-CB54-46B6-81F1-730506BC0383}.Release|Any CPU.Build.0 = Release|Any CPU
		{14F6CDFE-CB54-46B6-81F1-730506BC0383}.Release|x86.ActiveCfg = Release|Any CPU
		{14F6CDFE-CB54-46B6-81F1-730506BC0383}.Release20|Any CPU.ActiveCfg = Release|Any CPU
		{14F6CDFE-CB54-46B6-81F1-730506BC0383}.Release20|Any CPU.Build.0 = Release|Any CPU
		{14F6CDFE-CB54-46B6-81F1-730506BC0383}.Release20|x86.ActiveCfg = Release|Any CPU
		{14F6CDFE-CB54-46B6-81F1-730506BC0383}.ReleaseContractsReferences|Any CPU.ActiveCfg = Release|Any CPU
		{14F6CDFE-CB54-46B6-81F1-730506BC0383}.ReleaseContractsReferences|Any CPU.Build.0 = Release|Any CPU
		{14F6CDFE-CB54-46B6-81F1-730506BC0383}.ReleaseContractsReferences|x86.ActiveCfg = Release|Any CPU
		{8D33982D-685B-4BFD-86CB-AC70CCD39FB8}.Debug|Any CPU.ActiveCfg = Debug|Any CPU
		{8D33982D-685B-4BFD-86CB-AC70CCD39FB8}.Debug|Any CPU.Build.0 = Debug|Any CPU
		{8D33982D-685B-4BFD-86CB-AC70CCD39FB8}.Debug|x86.ActiveCfg = Debug|Any CPU
		{8D33982D-685B-4BFD-86CB-AC70CCD39FB8}.DebugContracts|Any CPU.ActiveCfg = Debug|Any CPU
		{8D33982D-685B-4BFD-86CB-AC70CCD39FB8}.DebugContracts|Any CPU.Build.0 = Debug|Any CPU
		{8D33982D-685B-4BFD-86CB-AC70CCD39FB8}.DebugContracts|x86.ActiveCfg = Debug|Any CPU
		{8D33982D-685B-4BFD-86CB-AC70CCD39FB8}.Release|Any CPU.ActiveCfg = Release|Any CPU
		{8D33982D-685B-4BFD-86CB-AC70CCD39FB8}.Release|Any CPU.Build.0 = Release|Any CPU
		{8D33982D-685B-4BFD-86CB-AC70CCD39FB8}.Release|x86.ActiveCfg = Release|Any CPU
		{8D33982D-685B-4BFD-86CB-AC70CCD39FB8}.Release20|Any CPU.ActiveCfg = Release|Any CPU
		{8D33982D-685B-4BFD-86CB-AC70CCD39FB8}.Release20|Any CPU.Build.0 = Release|Any CPU
		{8D33982D-685B-4BFD-86CB-AC70CCD39FB8}.Release20|x86.ActiveCfg = Release|Any CPU
		{8D33982D-685B-4BFD-86CB-AC70CCD39FB8}.ReleaseContractsReferences|Any CPU.ActiveCfg = Release|Any CPU
		{8D33982D-685B-4BFD-86CB-AC70CCD39FB8}.ReleaseContractsReferences|Any CPU.Build.0 = Release|Any CPU
		{8D33982D-685B-4BFD-86CB-AC70CCD39FB8}.ReleaseContractsReferences|x86.ActiveCfg = Release|Any CPU
		{61DB192B-ED4F-43F7-BF8E-8D6D1FA05C39}.Debug|Any CPU.ActiveCfg = Debug|Any CPU
		{61DB192B-ED4F-43F7-BF8E-8D6D1FA05C39}.Debug|Any CPU.Build.0 = Debug|Any CPU
		{61DB192B-ED4F-43F7-BF8E-8D6D1FA05C39}.Debug|x86.ActiveCfg = Debug|Any CPU
		{61DB192B-ED4F-43F7-BF8E-8D6D1FA05C39}.Debug|x86.Build.0 = Debug|Any CPU
		{61DB192B-ED4F-43F7-BF8E-8D6D1FA05C39}.DebugContracts|Any CPU.ActiveCfg = Debug|Any CPU
		{61DB192B-ED4F-43F7-BF8E-8D6D1FA05C39}.DebugContracts|Any CPU.Build.0 = Debug|Any CPU
		{61DB192B-ED4F-43F7-BF8E-8D6D1FA05C39}.DebugContracts|x86.ActiveCfg = Debug|Any CPU
		{61DB192B-ED4F-43F7-BF8E-8D6D1FA05C39}.DebugContracts|x86.Build.0 = Debug|Any CPU
		{61DB192B-ED4F-43F7-BF8E-8D6D1FA05C39}.Release|Any CPU.ActiveCfg = Release|Any CPU
		{61DB192B-ED4F-43F7-BF8E-8D6D1FA05C39}.Release|Any CPU.Build.0 = Release|Any CPU
		{61DB192B-ED4F-43F7-BF8E-8D6D1FA05C39}.Release|x86.ActiveCfg = Release|Any CPU
		{61DB192B-ED4F-43F7-BF8E-8D6D1FA05C39}.Release|x86.Build.0 = Release|Any CPU
		{61DB192B-ED4F-43F7-BF8E-8D6D1FA05C39}.Release20|Any CPU.ActiveCfg = Release|Any CPU
		{61DB192B-ED4F-43F7-BF8E-8D6D1FA05C39}.Release20|Any CPU.Build.0 = Release|Any CPU
		{61DB192B-ED4F-43F7-BF8E-8D6D1FA05C39}.Release20|x86.ActiveCfg = Release|Any CPU
		{61DB192B-ED4F-43F7-BF8E-8D6D1FA05C39}.Release20|x86.Build.0 = Release|Any CPU
		{61DB192B-ED4F-43F7-BF8E-8D6D1FA05C39}.ReleaseContractsReferences|Any CPU.ActiveCfg = Release|Any CPU
		{61DB192B-ED4F-43F7-BF8E-8D6D1FA05C39}.ReleaseContractsReferences|Any CPU.Build.0 = Release|Any CPU
		{61DB192B-ED4F-43F7-BF8E-8D6D1FA05C39}.ReleaseContractsReferences|x86.ActiveCfg = Release|Any CPU
		{61DB192B-ED4F-43F7-BF8E-8D6D1FA05C39}.ReleaseContractsReferences|x86.Build.0 = Release|Any CPU
		{215F0950-0F7C-48A8-B6BF-D2D400E4BC56}.Debug|Any CPU.ActiveCfg = Debug|Any CPU
		{215F0950-0F7C-48A8-B6BF-D2D400E4BC56}.Debug|Any CPU.Build.0 = Debug|Any CPU
		{215F0950-0F7C-48A8-B6BF-D2D400E4BC56}.Debug|x86.ActiveCfg = Debug|Any CPU
		{215F0950-0F7C-48A8-B6BF-D2D400E4BC56}.Debug|x86.Build.0 = Debug|Any CPU
		{215F0950-0F7C-48A8-B6BF-D2D400E4BC56}.DebugContracts|Any CPU.ActiveCfg = Debug|Any CPU
		{215F0950-0F7C-48A8-B6BF-D2D400E4BC56}.DebugContracts|Any CPU.Build.0 = Debug|Any CPU
		{215F0950-0F7C-48A8-B6BF-D2D400E4BC56}.DebugContracts|x86.ActiveCfg = Debug|Any CPU
		{215F0950-0F7C-48A8-B6BF-D2D400E4BC56}.DebugContracts|x86.Build.0 = Debug|Any CPU
		{215F0950-0F7C-48A8-B6BF-D2D400E4BC56}.Release|Any CPU.ActiveCfg = Release|Any CPU
		{215F0950-0F7C-48A8-B6BF-D2D400E4BC56}.Release|Any CPU.Build.0 = Release|Any CPU
		{215F0950-0F7C-48A8-B6BF-D2D400E4BC56}.Release|x86.ActiveCfg = Release|Any CPU
		{215F0950-0F7C-48A8-B6BF-D2D400E4BC56}.Release|x86.Build.0 = Release|Any CPU
		{215F0950-0F7C-48A8-B6BF-D2D400E4BC56}.Release20|Any CPU.ActiveCfg = Release|Any CPU
		{215F0950-0F7C-48A8-B6BF-D2D400E4BC56}.Release20|Any CPU.Build.0 = Release|Any CPU
		{215F0950-0F7C-48A8-B6BF-D2D400E4BC56}.Release20|x86.ActiveCfg = Release|Any CPU
		{215F0950-0F7C-48A8-B6BF-D2D400E4BC56}.Release20|x86.Build.0 = Release|Any CPU
		{215F0950-0F7C-48A8-B6BF-D2D400E4BC56}.ReleaseContractsReferences|Any CPU.ActiveCfg = Release|Any CPU
		{215F0950-0F7C-48A8-B6BF-D2D400E4BC56}.ReleaseContractsReferences|Any CPU.Build.0 = Release|Any CPU
		{215F0950-0F7C-48A8-B6BF-D2D400E4BC56}.ReleaseContractsReferences|x86.ActiveCfg = Release|Any CPU
		{215F0950-0F7C-48A8-B6BF-D2D400E4BC56}.ReleaseContractsReferences|x86.Build.0 = Release|Any CPU
		{38217CE3-4207-4354-BAF4-B3772798FF06}.Debug|Any CPU.ActiveCfg = Debug|Any CPU
		{38217CE3-4207-4354-BAF4-B3772798FF06}.Debug|Any CPU.Build.0 = Debug|Any CPU
		{38217CE3-4207-4354-BAF4-B3772798FF06}.Debug|x86.ActiveCfg = Debug|Any CPU
		{38217CE3-4207-4354-BAF4-B3772798FF06}.Debug|x86.Build.0 = Debug|Any CPU
		{38217CE3-4207-4354-BAF4-B3772798FF06}.DebugContracts|Any CPU.ActiveCfg = Debug|Any CPU
		{38217CE3-4207-4354-BAF4-B3772798FF06}.DebugContracts|Any CPU.Build.0 = Debug|Any CPU
		{38217CE3-4207-4354-BAF4-B3772798FF06}.DebugContracts|x86.ActiveCfg = Debug|Any CPU
		{38217CE3-4207-4354-BAF4-B3772798FF06}.DebugContracts|x86.Build.0 = Debug|Any CPU
		{38217CE3-4207-4354-BAF4-B3772798FF06}.Release|Any CPU.ActiveCfg = Release|Any CPU
		{38217CE3-4207-4354-BAF4-B3772798FF06}.Release|Any CPU.Build.0 = Release|Any CPU
		{38217CE3-4207-4354-BAF4-B3772798FF06}.Release|x86.ActiveCfg = Release|Any CPU
		{38217CE3-4207-4354-BAF4-B3772798FF06}.Release|x86.Build.0 = Release|Any CPU
		{38217CE3-4207-4354-BAF4-B3772798FF06}.Release20|Any CPU.ActiveCfg = Release|Any CPU
		{38217CE3-4207-4354-BAF4-B3772798FF06}.Release20|Any CPU.Build.0 = Release|Any CPU
		{38217CE3-4207-4354-BAF4-B3772798FF06}.Release20|x86.ActiveCfg = Release|Any CPU
		{38217CE3-4207-4354-BAF4-B3772798FF06}.Release20|x86.Build.0 = Release|Any CPU
		{38217CE3-4207-4354-BAF4-B3772798FF06}.ReleaseContractsReferences|Any CPU.ActiveCfg = Release|Any CPU
		{38217CE3-4207-4354-BAF4-B3772798FF06}.ReleaseContractsReferences|Any CPU.Build.0 = Release|Any CPU
		{38217CE3-4207-4354-BAF4-B3772798FF06}.ReleaseContractsReferences|x86.ActiveCfg = Release|Any CPU
		{38217CE3-4207-4354-BAF4-B3772798FF06}.ReleaseContractsReferences|x86.Build.0 = Release|Any CPU
		{2C971550-BCDE-4CD7-A099-17286D392C2E}.Debug|Any CPU.ActiveCfg = Debug|Any CPU
		{2C971550-BCDE-4CD7-A099-17286D392C2E}.Debug|Any CPU.Build.0 = Debug|Any CPU
		{2C971550-BCDE-4CD7-A099-17286D392C2E}.Debug|x86.ActiveCfg = Debug|Any CPU
		{2C971550-BCDE-4CD7-A099-17286D392C2E}.Debug|x86.Build.0 = Debug|Any CPU
		{2C971550-BCDE-4CD7-A099-17286D392C2E}.DebugContracts|Any CPU.ActiveCfg = Debug|Any CPU
		{2C971550-BCDE-4CD7-A099-17286D392C2E}.DebugContracts|Any CPU.Build.0 = Debug|Any CPU
		{2C971550-BCDE-4CD7-A099-17286D392C2E}.DebugContracts|x86.ActiveCfg = Debug|Any CPU
		{2C971550-BCDE-4CD7-A099-17286D392C2E}.DebugContracts|x86.Build.0 = Debug|Any CPU
		{2C971550-BCDE-4CD7-A099-17286D392C2E}.Release|Any CPU.ActiveCfg = Release|Any CPU
		{2C971550-BCDE-4CD7-A099-17286D392C2E}.Release|Any CPU.Build.0 = Release|Any CPU
		{2C971550-BCDE-4CD7-A099-17286D392C2E}.Release|x86.ActiveCfg = Release|Any CPU
		{2C971550-BCDE-4CD7-A099-17286D392C2E}.Release|x86.Build.0 = Release|Any CPU
		{2C971550-BCDE-4CD7-A099-17286D392C2E}.Release20|Any CPU.ActiveCfg = Release|Any CPU
		{2C971550-BCDE-4CD7-A099-17286D392C2E}.Release20|Any CPU.Build.0 = Release|Any CPU
		{2C971550-BCDE-4CD7-A099-17286D392C2E}.Release20|x86.ActiveCfg = Release|Any CPU
		{2C971550-BCDE-4CD7-A099-17286D392C2E}.Release20|x86.Build.0 = Release|Any CPU
		{2C971550-BCDE-4CD7-A099-17286D392C2E}.ReleaseContractsReferences|Any CPU.ActiveCfg = Release|Any CPU
		{2C971550-BCDE-4CD7-A099-17286D392C2E}.ReleaseContractsReferences|Any CPU.Build.0 = Release|Any CPU
		{2C971550-BCDE-4CD7-A099-17286D392C2E}.ReleaseContractsReferences|x86.ActiveCfg = Release|Any CPU
		{2C971550-BCDE-4CD7-A099-17286D392C2E}.ReleaseContractsReferences|x86.Build.0 = Release|Any CPU
		{492FB0FE-9382-4656-974F-9074619C2BB7}.Debug|Any CPU.ActiveCfg = Debug|Any CPU
		{492FB0FE-9382-4656-974F-9074619C2BB7}.Debug|Any CPU.Build.0 = Debug|Any CPU
		{492FB0FE-9382-4656-974F-9074619C2BB7}.Debug|x86.ActiveCfg = Debug|Any CPU
		{492FB0FE-9382-4656-974F-9074619C2BB7}.Debug|x86.Build.0 = Debug|Any CPU
		{492FB0FE-9382-4656-974F-9074619C2BB7}.DebugContracts|Any CPU.ActiveCfg = Debug|Any CPU
		{492FB0FE-9382-4656-974F-9074619C2BB7}.DebugContracts|Any CPU.Build.0 = Debug|Any CPU
		{492FB0FE-9382-4656-974F-9074619C2BB7}.DebugContracts|x86.ActiveCfg = Debug|Any CPU
		{492FB0FE-9382-4656-974F-9074619C2BB7}.DebugContracts|x86.Build.0 = Debug|Any CPU
		{492FB0FE-9382-4656-974F-9074619C2BB7}.Release|Any CPU.ActiveCfg = Release|Any CPU
		{492FB0FE-9382-4656-974F-9074619C2BB7}.Release|Any CPU.Build.0 = Release|Any CPU
		{492FB0FE-9382-4656-974F-9074619C2BB7}.Release|x86.ActiveCfg = Release|Any CPU
		{492FB0FE-9382-4656-974F-9074619C2BB7}.Release|x86.Build.0 = Release|Any CPU
		{492FB0FE-9382-4656-974F-9074619C2BB7}.Release20|Any CPU.ActiveCfg = Release|Any CPU
		{492FB0FE-9382-4656-974F-9074619C2BB7}.Release20|Any CPU.Build.0 = Release|Any CPU
		{492FB0FE-9382-4656-974F-9074619C2BB7}.Release20|x86.ActiveCfg = Release|Any CPU
		{492FB0FE-9382-4656-974F-9074619C2BB7}.Release20|x86.Build.0 = Release|Any CPU
		{492FB0FE-9382-4656-974F-9074619C2BB7}.ReleaseContractsReferences|Any CPU.ActiveCfg = Release|Any CPU
		{492FB0FE-9382-4656-974F-9074619C2BB7}.ReleaseContractsReferences|Any CPU.Build.0 = Release|Any CPU
		{492FB0FE-9382-4656-974F-9074619C2BB7}.ReleaseContractsReferences|x86.ActiveCfg = Release|Any CPU
		{492FB0FE-9382-4656-974F-9074619C2BB7}.ReleaseContractsReferences|x86.Build.0 = Release|Any CPU
		{90B04B29-080C-4132-AD57-E07DE119E3E7}.Debug|Any CPU.ActiveCfg = Debug|Any CPU
		{90B04B29-080C-4132-AD57-E07DE119E3E7}.Debug|Any CPU.Build.0 = Debug|Any CPU
		{90B04B29-080C-4132-AD57-E07DE119E3E7}.Debug|x86.ActiveCfg = Debug|Any CPU
		{90B04B29-080C-4132-AD57-E07DE119E3E7}.Debug|x86.Build.0 = Debug|Any CPU
		{90B04B29-080C-4132-AD57-E07DE119E3E7}.DebugContracts|Any CPU.ActiveCfg = Debug|Any CPU
		{90B04B29-080C-4132-AD57-E07DE119E3E7}.DebugContracts|Any CPU.Build.0 = Debug|Any CPU
		{90B04B29-080C-4132-AD57-E07DE119E3E7}.DebugContracts|x86.ActiveCfg = Debug|Any CPU
		{90B04B29-080C-4132-AD57-E07DE119E3E7}.DebugContracts|x86.Build.0 = Debug|Any CPU
		{90B04B29-080C-4132-AD57-E07DE119E3E7}.Release|Any CPU.ActiveCfg = Release|Any CPU
		{90B04B29-080C-4132-AD57-E07DE119E3E7}.Release|Any CPU.Build.0 = Release|Any CPU
		{90B04B29-080C-4132-AD57-E07DE119E3E7}.Release|x86.ActiveCfg = Release|Any CPU
		{90B04B29-080C-4132-AD57-E07DE119E3E7}.Release|x86.Build.0 = Release|Any CPU
		{90B04B29-080C-4132-AD57-E07DE119E3E7}.Release20|Any CPU.ActiveCfg = Release|Any CPU
		{90B04B29-080C-4132-AD57-E07DE119E3E7}.Release20|Any CPU.Build.0 = Release|Any CPU
		{90B04B29-080C-4132-AD57-E07DE119E3E7}.Release20|x86.ActiveCfg = Release|Any CPU
		{90B04B29-080C-4132-AD57-E07DE119E3E7}.Release20|x86.Build.0 = Release|Any CPU
		{90B04B29-080C-4132-AD57-E07DE119E3E7}.ReleaseContractsReferences|Any CPU.ActiveCfg = Release|Any CPU
		{90B04B29-080C-4132-AD57-E07DE119E3E7}.ReleaseContractsReferences|Any CPU.Build.0 = Release|Any CPU
		{90B04B29-080C-4132-AD57-E07DE119E3E7}.ReleaseContractsReferences|x86.ActiveCfg = Release|Any CPU
		{90B04B29-080C-4132-AD57-E07DE119E3E7}.ReleaseContractsReferences|x86.Build.0 = Release|Any CPU
		{E2039A69-CC9D-4DB6-B9D9-3898DBD08AA1}.Debug|Any CPU.ActiveCfg = Debug|Any CPU
		{E2039A69-CC9D-4DB6-B9D9-3898DBD08AA1}.Debug|Any CPU.Build.0 = Debug|Any CPU
		{E2039A69-CC9D-4DB6-B9D9-3898DBD08AA1}.Debug|x86.ActiveCfg = Debug|Any CPU
		{E2039A69-CC9D-4DB6-B9D9-3898DBD08AA1}.Debug|x86.Build.0 = Debug|Any CPU
		{E2039A69-CC9D-4DB6-B9D9-3898DBD08AA1}.DebugContracts|Any CPU.ActiveCfg = Debug|Any CPU
		{E2039A69-CC9D-4DB6-B9D9-3898DBD08AA1}.DebugContracts|Any CPU.Build.0 = Debug|Any CPU
		{E2039A69-CC9D-4DB6-B9D9-3898DBD08AA1}.DebugContracts|x86.ActiveCfg = Debug|Any CPU
		{E2039A69-CC9D-4DB6-B9D9-3898DBD08AA1}.DebugContracts|x86.Build.0 = Debug|Any CPU
		{E2039A69-CC9D-4DB6-B9D9-3898DBD08AA1}.Release|Any CPU.ActiveCfg = Release|Any CPU
		{E2039A69-CC9D-4DB6-B9D9-3898DBD08AA1}.Release|Any CPU.Build.0 = Release|Any CPU
		{E2039A69-CC9D-4DB6-B9D9-3898DBD08AA1}.Release|x86.ActiveCfg = Release|Any CPU
		{E2039A69-CC9D-4DB6-B9D9-3898DBD08AA1}.Release|x86.Build.0 = Release|Any CPU
		{E2039A69-CC9D-4DB6-B9D9-3898DBD08AA1}.Release20|Any CPU.ActiveCfg = Release|Any CPU
		{E2039A69-CC9D-4DB6-B9D9-3898DBD08AA1}.Release20|Any CPU.Build.0 = Release|Any CPU
		{E2039A69-CC9D-4DB6-B9D9-3898DBD08AA1}.Release20|x86.ActiveCfg = Release|Any CPU
		{E2039A69-CC9D-4DB6-B9D9-3898DBD08AA1}.Release20|x86.Build.0 = Release|Any CPU
		{E2039A69-CC9D-4DB6-B9D9-3898DBD08AA1}.ReleaseContractsReferences|Any CPU.ActiveCfg = Release|Any CPU
		{E2039A69-CC9D-4DB6-B9D9-3898DBD08AA1}.ReleaseContractsReferences|Any CPU.Build.0 = Release|Any CPU
		{E2039A69-CC9D-4DB6-B9D9-3898DBD08AA1}.ReleaseContractsReferences|x86.ActiveCfg = Release|Any CPU
		{E2039A69-CC9D-4DB6-B9D9-3898DBD08AA1}.ReleaseContractsReferences|x86.Build.0 = Release|Any CPU
		{CC103150-DDBF-42D9-9C53-DA5D0915CFD1}.Debug|Any CPU.ActiveCfg = Debug|Any CPU
		{CC103150-DDBF-42D9-9C53-DA5D0915CFD1}.Debug|Any CPU.Build.0 = Debug|Any CPU
		{CC103150-DDBF-42D9-9C53-DA5D0915CFD1}.Debug|x86.ActiveCfg = Debug|Any CPU
		{CC103150-DDBF-42D9-9C53-DA5D0915CFD1}.Debug|x86.Build.0 = Debug|Any CPU
		{CC103150-DDBF-42D9-9C53-DA5D0915CFD1}.DebugContracts|Any CPU.ActiveCfg = Debug|Any CPU
		{CC103150-DDBF-42D9-9C53-DA5D0915CFD1}.DebugContracts|Any CPU.Build.0 = Debug|Any CPU
		{CC103150-DDBF-42D9-9C53-DA5D0915CFD1}.DebugContracts|x86.ActiveCfg = Debug|Any CPU
		{CC103150-DDBF-42D9-9C53-DA5D0915CFD1}.DebugContracts|x86.Build.0 = Debug|Any CPU
		{CC103150-DDBF-42D9-9C53-DA5D0915CFD1}.Release|Any CPU.ActiveCfg = Release|Any CPU
		{CC103150-DDBF-42D9-9C53-DA5D0915CFD1}.Release|Any CPU.Build.0 = Release|Any CPU
		{CC103150-DDBF-42D9-9C53-DA5D0915CFD1}.Release|x86.ActiveCfg = Release|Any CPU
		{CC103150-DDBF-42D9-9C53-DA5D0915CFD1}.Release|x86.Build.0 = Release|Any CPU
		{CC103150-DDBF-42D9-9C53-DA5D0915CFD1}.Release20|Any CPU.ActiveCfg = Release|Any CPU
		{CC103150-DDBF-42D9-9C53-DA5D0915CFD1}.Release20|Any CPU.Build.0 = Release|Any CPU
		{CC103150-DDBF-42D9-9C53-DA5D0915CFD1}.Release20|x86.ActiveCfg = Release|Any CPU
		{CC103150-DDBF-42D9-9C53-DA5D0915CFD1}.Release20|x86.Build.0 = Release|Any CPU
		{CC103150-DDBF-42D9-9C53-DA5D0915CFD1}.ReleaseContractsReferences|Any CPU.ActiveCfg = Release|Any CPU
		{CC103150-DDBF-42D9-9C53-DA5D0915CFD1}.ReleaseContractsReferences|Any CPU.Build.0 = Release|Any CPU
		{CC103150-DDBF-42D9-9C53-DA5D0915CFD1}.ReleaseContractsReferences|x86.ActiveCfg = Release|Any CPU
		{CC103150-DDBF-42D9-9C53-DA5D0915CFD1}.ReleaseContractsReferences|x86.Build.0 = Release|Any CPU
		{FA87B6F5-3CF2-4CE6-9C0F-1FBC3C04AB85}.Debug|Any CPU.ActiveCfg = Debug|Any CPU
		{FA87B6F5-3CF2-4CE6-9C0F-1FBC3C04AB85}.Debug|Any CPU.Build.0 = Debug|Any CPU
		{FA87B6F5-3CF2-4CE6-9C0F-1FBC3C04AB85}.Debug|x86.ActiveCfg = Debug|Any CPU
		{FA87B6F5-3CF2-4CE6-9C0F-1FBC3C04AB85}.Debug|x86.Build.0 = Debug|Any CPU
		{FA87B6F5-3CF2-4CE6-9C0F-1FBC3C04AB85}.DebugContracts|Any CPU.ActiveCfg = Debug|Any CPU
		{FA87B6F5-3CF2-4CE6-9C0F-1FBC3C04AB85}.DebugContracts|Any CPU.Build.0 = Debug|Any CPU
		{FA87B6F5-3CF2-4CE6-9C0F-1FBC3C04AB85}.DebugContracts|x86.ActiveCfg = Debug|Any CPU
		{FA87B6F5-3CF2-4CE6-9C0F-1FBC3C04AB85}.DebugContracts|x86.Build.0 = Debug|Any CPU
		{FA87B6F5-3CF2-4CE6-9C0F-1FBC3C04AB85}.Release|Any CPU.ActiveCfg = Release|Any CPU
		{FA87B6F5-3CF2-4CE6-9C0F-1FBC3C04AB85}.Release|Any CPU.Build.0 = Release|Any CPU
		{FA87B6F5-3CF2-4CE6-9C0F-1FBC3C04AB85}.Release|x86.ActiveCfg = Release|Any CPU
		{FA87B6F5-3CF2-4CE6-9C0F-1FBC3C04AB85}.Release|x86.Build.0 = Release|Any CPU
		{FA87B6F5-3CF2-4CE6-9C0F-1FBC3C04AB85}.Release20|Any CPU.ActiveCfg = Release|Any CPU
		{FA87B6F5-3CF2-4CE6-9C0F-1FBC3C04AB85}.Release20|Any CPU.Build.0 = Release|Any CPU
		{FA87B6F5-3CF2-4CE6-9C0F-1FBC3C04AB85}.Release20|x86.ActiveCfg = Release|Any CPU
		{FA87B6F5-3CF2-4CE6-9C0F-1FBC3C04AB85}.Release20|x86.Build.0 = Release|Any CPU
		{FA87B6F5-3CF2-4CE6-9C0F-1FBC3C04AB85}.ReleaseContractsReferences|Any CPU.ActiveCfg = Release|Any CPU
		{FA87B6F5-3CF2-4CE6-9C0F-1FBC3C04AB85}.ReleaseContractsReferences|Any CPU.Build.0 = Release|Any CPU
		{FA87B6F5-3CF2-4CE6-9C0F-1FBC3C04AB85}.ReleaseContractsReferences|x86.ActiveCfg = Release|Any CPU
		{FA87B6F5-3CF2-4CE6-9C0F-1FBC3C04AB85}.ReleaseContractsReferences|x86.Build.0 = Release|Any CPU
		{CAC7BC69-08AD-4A6C-8024-813E29D4F954}.Debug|Any CPU.ActiveCfg = Debug|Any CPU
		{CAC7BC69-08AD-4A6C-8024-813E29D4F954}.Debug|Any CPU.Build.0 = Debug|Any CPU
		{CAC7BC69-08AD-4A6C-8024-813E29D4F954}.Debug|x86.ActiveCfg = Debug|Any CPU
		{CAC7BC69-08AD-4A6C-8024-813E29D4F954}.Debug|x86.Build.0 = Debug|Any CPU
		{CAC7BC69-08AD-4A6C-8024-813E29D4F954}.DebugContracts|Any CPU.ActiveCfg = Debug|Any CPU
		{CAC7BC69-08AD-4A6C-8024-813E29D4F954}.DebugContracts|Any CPU.Build.0 = Debug|Any CPU
		{CAC7BC69-08AD-4A6C-8024-813E29D4F954}.DebugContracts|x86.ActiveCfg = Debug|Any CPU
		{CAC7BC69-08AD-4A6C-8024-813E29D4F954}.DebugContracts|x86.Build.0 = Debug|Any CPU
		{CAC7BC69-08AD-4A6C-8024-813E29D4F954}.Release|Any CPU.ActiveCfg = Release|Any CPU
		{CAC7BC69-08AD-4A6C-8024-813E29D4F954}.Release|Any CPU.Build.0 = Release|Any CPU
		{CAC7BC69-08AD-4A6C-8024-813E29D4F954}.Release|x86.ActiveCfg = Release|Any CPU
		{CAC7BC69-08AD-4A6C-8024-813E29D4F954}.Release|x86.Build.0 = Release|Any CPU
		{CAC7BC69-08AD-4A6C-8024-813E29D4F954}.Release20|Any CPU.ActiveCfg = Release|Any CPU
		{CAC7BC69-08AD-4A6C-8024-813E29D4F954}.Release20|Any CPU.Build.0 = Release|Any CPU
		{CAC7BC69-08AD-4A6C-8024-813E29D4F954}.Release20|x86.ActiveCfg = Release|Any CPU
		{CAC7BC69-08AD-4A6C-8024-813E29D4F954}.Release20|x86.Build.0 = Release|Any CPU
		{CAC7BC69-08AD-4A6C-8024-813E29D4F954}.ReleaseContractsReferences|Any CPU.ActiveCfg = Release|Any CPU
		{CAC7BC69-08AD-4A6C-8024-813E29D4F954}.ReleaseContractsReferences|Any CPU.Build.0 = Release|Any CPU
		{CAC7BC69-08AD-4A6C-8024-813E29D4F954}.ReleaseContractsReferences|x86.ActiveCfg = Release|Any CPU
		{CAC7BC69-08AD-4A6C-8024-813E29D4F954}.ReleaseContractsReferences|x86.Build.0 = Release|Any CPU
		{EFCEB46F-BC83-41D0-8970-FF4ECF897BE5}.Debug|Any CPU.ActiveCfg = Debug|Any CPU
		{EFCEB46F-BC83-41D0-8970-FF4ECF897BE5}.Debug|Any CPU.Build.0 = Debug|Any CPU
		{EFCEB46F-BC83-41D0-8970-FF4ECF897BE5}.Debug|x86.ActiveCfg = Debug|Any CPU
		{EFCEB46F-BC83-41D0-8970-FF4ECF897BE5}.Debug|x86.Build.0 = Debug|Any CPU
		{EFCEB46F-BC83-41D0-8970-FF4ECF897BE5}.DebugContracts|Any CPU.ActiveCfg = Debug|Any CPU
		{EFCEB46F-BC83-41D0-8970-FF4ECF897BE5}.DebugContracts|Any CPU.Build.0 = Debug|Any CPU
		{EFCEB46F-BC83-41D0-8970-FF4ECF897BE5}.DebugContracts|x86.ActiveCfg = Debug|Any CPU
		{EFCEB46F-BC83-41D0-8970-FF4ECF897BE5}.DebugContracts|x86.Build.0 = Debug|Any CPU
		{EFCEB46F-BC83-41D0-8970-FF4ECF897BE5}.Release|Any CPU.ActiveCfg = Release|Any CPU
		{EFCEB46F-BC83-41D0-8970-FF4ECF897BE5}.Release|Any CPU.Build.0 = Release|Any CPU
		{EFCEB46F-BC83-41D0-8970-FF4ECF897BE5}.Release|x86.ActiveCfg = Release|Any CPU
		{EFCEB46F-BC83-41D0-8970-FF4ECF897BE5}.Release|x86.Build.0 = Release|Any CPU
		{EFCEB46F-BC83-41D0-8970-FF4ECF897BE5}.Release20|Any CPU.ActiveCfg = Release|Any CPU
		{EFCEB46F-BC83-41D0-8970-FF4ECF897BE5}.Release20|Any CPU.Build.0 = Release|Any CPU
		{EFCEB46F-BC83-41D0-8970-FF4ECF897BE5}.Release20|x86.ActiveCfg = Release|Any CPU
		{EFCEB46F-BC83-41D0-8970-FF4ECF897BE5}.Release20|x86.Build.0 = Release|Any CPU
		{EFCEB46F-BC83-41D0-8970-FF4ECF897BE5}.ReleaseContractsReferences|Any CPU.ActiveCfg = Release|Any CPU
		{EFCEB46F-BC83-41D0-8970-FF4ECF897BE5}.ReleaseContractsReferences|Any CPU.Build.0 = Release|Any CPU
		{EFCEB46F-BC83-41D0-8970-FF4ECF897BE5}.ReleaseContractsReferences|x86.ActiveCfg = Release|Any CPU
		{EFCEB46F-BC83-41D0-8970-FF4ECF897BE5}.ReleaseContractsReferences|x86.Build.0 = Release|Any CPU
		{C949B19D-B583-4A76-B245-4F4790284D70}.Debug|Any CPU.ActiveCfg = Debug|Any CPU
		{C949B19D-B583-4A76-B245-4F4790284D70}.Debug|Any CPU.Build.0 = Debug|Any CPU
		{C949B19D-B583-4A76-B245-4F4790284D70}.Debug|x86.ActiveCfg = Debug|Any CPU
		{C949B19D-B583-4A76-B245-4F4790284D70}.Debug|x86.Build.0 = Debug|Any CPU
		{C949B19D-B583-4A76-B245-4F4790284D70}.DebugContracts|Any CPU.ActiveCfg = Debug|Any CPU
		{C949B19D-B583-4A76-B245-4F4790284D70}.DebugContracts|Any CPU.Build.0 = Debug|Any CPU
		{C949B19D-B583-4A76-B245-4F4790284D70}.DebugContracts|x86.ActiveCfg = Debug|Any CPU
		{C949B19D-B583-4A76-B245-4F4790284D70}.DebugContracts|x86.Build.0 = Debug|Any CPU
		{C949B19D-B583-4A76-B245-4F4790284D70}.Release|Any CPU.ActiveCfg = Release|Any CPU
		{C949B19D-B583-4A76-B245-4F4790284D70}.Release|Any CPU.Build.0 = Release|Any CPU
		{C949B19D-B583-4A76-B245-4F4790284D70}.Release|x86.ActiveCfg = Release|Any CPU
		{C949B19D-B583-4A76-B245-4F4790284D70}.Release|x86.Build.0 = Release|Any CPU
		{C949B19D-B583-4A76-B245-4F4790284D70}.Release20|Any CPU.ActiveCfg = Release|Any CPU
		{C949B19D-B583-4A76-B245-4F4790284D70}.Release20|Any CPU.Build.0 = Release|Any CPU
		{C949B19D-B583-4A76-B245-4F4790284D70}.Release20|x86.ActiveCfg = Release|Any CPU
		{C949B19D-B583-4A76-B245-4F4790284D70}.Release20|x86.Build.0 = Release|Any CPU
		{C949B19D-B583-4A76-B245-4F4790284D70}.ReleaseContractsReferences|Any CPU.ActiveCfg = Release|Any CPU
		{C949B19D-B583-4A76-B245-4F4790284D70}.ReleaseContractsReferences|Any CPU.Build.0 = Release|Any CPU
		{C949B19D-B583-4A76-B245-4F4790284D70}.ReleaseContractsReferences|x86.ActiveCfg = Release|Any CPU
		{C949B19D-B583-4A76-B245-4F4790284D70}.ReleaseContractsReferences|x86.Build.0 = Release|Any CPU
		{9DE27DCF-2B03-46FF-9B63-2B68F2FAFD6E}.Debug|Any CPU.ActiveCfg = Debug|Any CPU
		{9DE27DCF-2B03-46FF-9B63-2B68F2FAFD6E}.Debug|Any CPU.Build.0 = Debug|Any CPU
		{9DE27DCF-2B03-46FF-9B63-2B68F2FAFD6E}.Debug|x86.ActiveCfg = Debug|Any CPU
		{9DE27DCF-2B03-46FF-9B63-2B68F2FAFD6E}.Debug|x86.Build.0 = Debug|Any CPU
		{9DE27DCF-2B03-46FF-9B63-2B68F2FAFD6E}.DebugContracts|Any CPU.ActiveCfg = Debug|Any CPU
		{9DE27DCF-2B03-46FF-9B63-2B68F2FAFD6E}.DebugContracts|Any CPU.Build.0 = Debug|Any CPU
		{9DE27DCF-2B03-46FF-9B63-2B68F2FAFD6E}.DebugContracts|x86.ActiveCfg = Debug|Any CPU
		{9DE27DCF-2B03-46FF-9B63-2B68F2FAFD6E}.DebugContracts|x86.Build.0 = Debug|Any CPU
		{9DE27DCF-2B03-46FF-9B63-2B68F2FAFD6E}.Release|Any CPU.ActiveCfg = Release|Any CPU
		{9DE27DCF-2B03-46FF-9B63-2B68F2FAFD6E}.Release|Any CPU.Build.0 = Release|Any CPU
		{9DE27DCF-2B03-46FF-9B63-2B68F2FAFD6E}.Release|x86.ActiveCfg = Release|Any CPU
		{9DE27DCF-2B03-46FF-9B63-2B68F2FAFD6E}.Release|x86.Build.0 = Release|Any CPU
		{9DE27DCF-2B03-46FF-9B63-2B68F2FAFD6E}.Release20|Any CPU.ActiveCfg = Release|Any CPU
		{9DE27DCF-2B03-46FF-9B63-2B68F2FAFD6E}.Release20|Any CPU.Build.0 = Release|Any CPU
		{9DE27DCF-2B03-46FF-9B63-2B68F2FAFD6E}.Release20|x86.ActiveCfg = Release|Any CPU
		{9DE27DCF-2B03-46FF-9B63-2B68F2FAFD6E}.Release20|x86.Build.0 = Release|Any CPU
		{9DE27DCF-2B03-46FF-9B63-2B68F2FAFD6E}.ReleaseContractsReferences|Any CPU.ActiveCfg = Release|Any CPU
		{9DE27DCF-2B03-46FF-9B63-2B68F2FAFD6E}.ReleaseContractsReferences|Any CPU.Build.0 = Release|Any CPU
		{9DE27DCF-2B03-46FF-9B63-2B68F2FAFD6E}.ReleaseContractsReferences|x86.ActiveCfg = Release|Any CPU
		{9DE27DCF-2B03-46FF-9B63-2B68F2FAFD6E}.ReleaseContractsReferences|x86.Build.0 = Release|Any CPU
		{787B2521-C23E-4B4F-AE39-7FF6B78F7151}.Debug|Any CPU.ActiveCfg = Debug|Any CPU
		{787B2521-C23E-4B4F-AE39-7FF6B78F7151}.Debug|Any CPU.Build.0 = Debug|Any CPU
		{787B2521-C23E-4B4F-AE39-7FF6B78F7151}.Debug|x86.ActiveCfg = Debug|Any CPU
		{787B2521-C23E-4B4F-AE39-7FF6B78F7151}.Debug|x86.Build.0 = Debug|Any CPU
		{787B2521-C23E-4B4F-AE39-7FF6B78F7151}.DebugContracts|Any CPU.ActiveCfg = Debug|Any CPU
		{787B2521-C23E-4B4F-AE39-7FF6B78F7151}.DebugContracts|Any CPU.Build.0 = Debug|Any CPU
		{787B2521-C23E-4B4F-AE39-7FF6B78F7151}.DebugContracts|x86.ActiveCfg = Debug|Any CPU
		{787B2521-C23E-4B4F-AE39-7FF6B78F7151}.DebugContracts|x86.Build.0 = Debug|Any CPU
		{787B2521-C23E-4B4F-AE39-7FF6B78F7151}.Release|Any CPU.ActiveCfg = Release|Any CPU
		{787B2521-C23E-4B4F-AE39-7FF6B78F7151}.Release|Any CPU.Build.0 = Release|Any CPU
		{787B2521-C23E-4B4F-AE39-7FF6B78F7151}.Release|x86.ActiveCfg = Release|Any CPU
		{787B2521-C23E-4B4F-AE39-7FF6B78F7151}.Release|x86.Build.0 = Release|Any CPU
		{787B2521-C23E-4B4F-AE39-7FF6B78F7151}.Release20|Any CPU.ActiveCfg = Release|Any CPU
		{787B2521-C23E-4B4F-AE39-7FF6B78F7151}.Release20|Any CPU.Build.0 = Release|Any CPU
		{787B2521-C23E-4B4F-AE39-7FF6B78F7151}.Release20|x86.ActiveCfg = Release|Any CPU
		{787B2521-C23E-4B4F-AE39-7FF6B78F7151}.Release20|x86.Build.0 = Release|Any CPU
		{787B2521-C23E-4B4F-AE39-7FF6B78F7151}.ReleaseContractsReferences|Any CPU.ActiveCfg = Release|Any CPU
		{787B2521-C23E-4B4F-AE39-7FF6B78F7151}.ReleaseContractsReferences|Any CPU.Build.0 = Release|Any CPU
		{787B2521-C23E-4B4F-AE39-7FF6B78F7151}.ReleaseContractsReferences|x86.ActiveCfg = Release|Any CPU
		{787B2521-C23E-4B4F-AE39-7FF6B78F7151}.ReleaseContractsReferences|x86.Build.0 = Release|Any CPU
		{EFCB8BD2-F75D-443D-9475-64B71E96E21F}.Debug|Any CPU.ActiveCfg = Debug|Any CPU
		{EFCB8BD2-F75D-443D-9475-64B71E96E21F}.Debug|Any CPU.Build.0 = Debug|Any CPU
		{EFCB8BD2-F75D-443D-9475-64B71E96E21F}.Debug|x86.ActiveCfg = Debug|Any CPU
		{EFCB8BD2-F75D-443D-9475-64B71E96E21F}.Debug|x86.Build.0 = Debug|Any CPU
		{EFCB8BD2-F75D-443D-9475-64B71E96E21F}.DebugContracts|Any CPU.ActiveCfg = Debug|Any CPU
		{EFCB8BD2-F75D-443D-9475-64B71E96E21F}.DebugContracts|Any CPU.Build.0 = Debug|Any CPU
		{EFCB8BD2-F75D-443D-9475-64B71E96E21F}.DebugContracts|x86.ActiveCfg = Debug|Any CPU
		{EFCB8BD2-F75D-443D-9475-64B71E96E21F}.DebugContracts|x86.Build.0 = Debug|Any CPU
		{EFCB8BD2-F75D-443D-9475-64B71E96E21F}.Release|Any CPU.ActiveCfg = Release|Any CPU
		{EFCB8BD2-F75D-443D-9475-64B71E96E21F}.Release|Any CPU.Build.0 = Release|Any CPU
		{EFCB8BD2-F75D-443D-9475-64B71E96E21F}.Release|x86.ActiveCfg = Release|Any CPU
		{EFCB8BD2-F75D-443D-9475-64B71E96E21F}.Release|x86.Build.0 = Release|Any CPU
		{EFCB8BD2-F75D-443D-9475-64B71E96E21F}.Release20|Any CPU.ActiveCfg = Release|Any CPU
		{EFCB8BD2-F75D-443D-9475-64B71E96E21F}.Release20|Any CPU.Build.0 = Release|Any CPU
		{EFCB8BD2-F75D-443D-9475-64B71E96E21F}.Release20|x86.ActiveCfg = Release|Any CPU
		{EFCB8BD2-F75D-443D-9475-64B71E96E21F}.Release20|x86.Build.0 = Release|Any CPU
		{EFCB8BD2-F75D-443D-9475-64B71E96E21F}.ReleaseContractsReferences|Any CPU.ActiveCfg = Release|Any CPU
		{EFCB8BD2-F75D-443D-9475-64B71E96E21F}.ReleaseContractsReferences|Any CPU.Build.0 = Release|Any CPU
		{EFCB8BD2-F75D-443D-9475-64B71E96E21F}.ReleaseContractsReferences|x86.ActiveCfg = Release|Any CPU
		{EFCB8BD2-F75D-443D-9475-64B71E96E21F}.ReleaseContractsReferences|x86.Build.0 = Release|Any CPU
	EndGlobalSection
	GlobalSection(SolutionProperties) = preSolution
		HideSolutionNode = FALSE
	EndGlobalSection
	GlobalSection(NestedProjects) = preSolution
		{A9A5C115-0680-44B3-A87E-5ECF4C93814E} = {7A2A3C07-B652-4759-AFC4-49378D764784}
		{960C14D1-EDBD-40E5-8AE6-25E311551B87} = {7A2A3C07-B652-4759-AFC4-49378D764784}
		{8836CFAC-D2B0-47A5-9A91-03A2218BF6FD} = {7A2A3C07-B652-4759-AFC4-49378D764784}
		{595D6322-637A-4A36-97F1-D53F3F9ECEA7} = {7A2A3C07-B652-4759-AFC4-49378D764784}
		{ACDD0973-E5D9-4C2B-9EAF-B5B5DF44EDDD} = {DD28733B-860A-4FE6-8D68-119EB179F90E}
		{6C49E8BF-82F4-40D0-AB49-8EA8A655A989} = {DD28733B-860A-4FE6-8D68-119EB179F90E}
		{52CBCA3C-1C19-4C0C-A4F0-B887E383AD74} = {DD28733B-860A-4FE6-8D68-119EB179F90E}
		{1CCAFD2C-4A61-4F7F-986C-A2F575086344} = {DD28733B-860A-4FE6-8D68-119EB179F90E}
		{61DF76E1-DE2B-4DF1-AD5F-89939AB06693} = {22937B93-4129-4F68-AB14-F7AFE020BA8F}
		{2C35D329-D1F8-4862-8DA2-F2D27E8D4DB7} = {22937B93-4129-4F68-AB14-F7AFE020BA8F}
		{8826810A-DC59-46E6-8978-21E273DB1236} = {278F278F-6F15-4CAE-9665-A068A795A222}
		{BD5D18DE-1C9D-4314-A777-21AA683EEACE} = {2E664E5C-14E3-4AA2-A336-7209544C78F0}
		{3BF3542B-4034-429F-9105-197A60625CA3} = {22937B93-4129-4F68-AB14-F7AFE020BA8F}
		{6B141FDE-F5DF-4DFD-B21F-C076BC87CCAF} = {22937B93-4129-4F68-AB14-F7AFE020BA8F}
		{4B220E23-A7E0-4222-83F5-C785F7C66B33} = {2E664E5C-14E3-4AA2-A336-7209544C78F0}
		{D2E33FEE-6689-4BB4-A95C-1B5C327A1E8F} = {1A9D9744-52ED-486A-A960-2D5E18799352}
		{3644D44B-DEC0-4B65-BBA0-C68E34821AAE} = {1A9D9744-52ED-486A-A960-2D5E18799352}
		{A30D218B-AAA4-483A-99F7-EAEB1B8B4610} = {1A9D9744-52ED-486A-A960-2D5E18799352}
		{E383F190-86FE-454C-8568-1762F8820925} = {A60EEA3D-8F36-4B81-8242-CA6B30087AE6}
		{3AC1E323-82F9-4E8E-BB52-D22FBA2C844F} = {A60EEA3D-8F36-4B81-8242-CA6B30087AE6}
		{CBD0EAE9-B336-4359-AC80-E2E0A47FB991} = {A60EEA3D-8F36-4B81-8242-CA6B30087AE6}
		{C2F89DE1-B429-4B5D-AF22-3A075D00BAA4} = {278F278F-6F15-4CAE-9665-A068A795A222}
		{D495C472-6CBB-4B04-A30E-215EE125C08C} = {CBD0EAE9-B336-4359-AC80-E2E0A47FB991}
		{646CFBB0-B998-45E7-8809-991A5538FF36} = {7A2A3C07-B652-4759-AFC4-49378D764784}
		{7A3CD47C-DF15-4FC6-A923-DEC16264E79F} = {CBD0EAE9-B336-4359-AC80-E2E0A47FB991}
		{0CE1D294-B109-461F-88DC-42AFCA5039E9} = {CBD0EAE9-B336-4359-AC80-E2E0A47FB991}
		{03BB2368-5892-4378-B397-8826FA3323BB} = {0CE1D294-B109-461F-88DC-42AFCA5039E9}
		{7EBC6156-A93B-48FA-B630-C232E6EA1F8E} = {CBD0EAE9-B336-4359-AC80-E2E0A47FB991}
		{BE9B5380-AF8D-4196-B414-4C82C8ED4F35} = {CBD0EAE9-B336-4359-AC80-E2E0A47FB991}
		{14F6CDFE-CB54-46B6-81F1-730506BC0383} = {0CE1D294-B109-461F-88DC-42AFCA5039E9}
		{8D33982D-685B-4BFD-86CB-AC70CCD39FB8} = {0CE1D294-B109-461F-88DC-42AFCA5039E9}
		{61DB192B-ED4F-43F7-BF8E-8D6D1FA05C39} = {0CE1D294-B109-461F-88DC-42AFCA5039E9}
		{215F0950-0F7C-48A8-B6BF-D2D400E4BC56} = {CBD0EAE9-B336-4359-AC80-E2E0A47FB991}
		{38217CE3-4207-4354-BAF4-B3772798FF06} = {CBD0EAE9-B336-4359-AC80-E2E0A47FB991}
		{2C971550-BCDE-4CD7-A099-17286D392C2E} = {CBD0EAE9-B336-4359-AC80-E2E0A47FB991}
		{492FB0FE-9382-4656-974F-9074619C2BB7} = {CBD0EAE9-B336-4359-AC80-E2E0A47FB991}
		{90B04B29-080C-4132-AD57-E07DE119E3E7} = {CBD0EAE9-B336-4359-AC80-E2E0A47FB991}
		{E2039A69-CC9D-4DB6-B9D9-3898DBD08AA1} = {CBD0EAE9-B336-4359-AC80-E2E0A47FB991}
		{CC103150-DDBF-42D9-9C53-DA5D0915CFD1} = {CBD0EAE9-B336-4359-AC80-E2E0A47FB991}
		{FA87B6F5-3CF2-4CE6-9C0F-1FBC3C04AB85} = {0CE1D294-B109-461F-88DC-42AFCA5039E9}
		{CAC7BC69-08AD-4A6C-8024-813E29D4F954} = {CBD0EAE9-B336-4359-AC80-E2E0A47FB991}
		{EFCEB46F-BC83-41D0-8970-FF4ECF897BE5} = {CBD0EAE9-B336-4359-AC80-E2E0A47FB991}
		{C949B19D-B583-4A76-B245-4F4790284D70} = {CBD0EAE9-B336-4359-AC80-E2E0A47FB991}
		{9DE27DCF-2B03-46FF-9B63-2B68F2FAFD6E} = {0CE1D294-B109-461F-88DC-42AFCA5039E9}
		{787B2521-C23E-4B4F-AE39-7FF6B78F7151} = {CBD0EAE9-B336-4359-AC80-E2E0A47FB991}
		{EFCB8BD2-F75D-443D-9475-64B71E96E21F} = {CBD0EAE9-B336-4359-AC80-E2E0A47FB991}
	EndGlobalSection
	GlobalSection(TestCaseManagementSettings) = postSolution
		CategoryFile = QuickGraph1.vsmdi
	EndGlobalSection
EndGlobal
