
Microsoft Visual Studio Solution File, Format Version 11.00
# Visual Studio 2010
Project("{FAE04EC0-301F-11D3-BF4B-00C04F79EFBC}") = "QuickGraph", "3.0\sources\QuickGraph\QuickGraph.csproj", "{A9A5C115-0680-44B3-A87E-5ECF4C93814E}"
EndProject
Project("{FAE04EC0-301F-11D3-BF4B-00C04F79EFBC}") = "QuickGraph.Tests", "3.0\sources\QuickGraph.Tests\QuickGraph.Tests.csproj", "{61DF76E1-DE2B-4DF1-AD5F-89939AB06693}"
EndProject
Project("{FAE04EC0-301F-11D3-BF4B-00C04F79EFBC}") = "QuickGraph.Data", "3.0\sources\QuickGraph.Data\QuickGraph.Data.csproj", "{960C14D1-EDBD-40E5-8AE6-25E311551B87}"
EndProject
Project("{FAE04EC0-301F-11D3-BF4B-00C04F79EFBC}") = "QuickGraph.Graphviz", "3.0\sources\QuickGraph.Graphviz\QuickGraph.Graphviz.csproj", "{595D6322-637A-4A36-97F1-D53F3F9ECEA7}"
EndProject
Project("{2150E333-8FDC-42A3-9474-1A3956D46DE8}") = "Solution Items", "Solution Items", "{60A06011-2818-4BCB-BF1B-C28137A7F50D}"
	ProjectSection(SolutionItems) = preProject
		AppHarbor.vsmdi = AppHarbor.vsmdi
		3.0\sources\LocalTestRun.testrunconfig = 3.0\sources\LocalTestRun.testrunconfig
		3.0\sources\quickgraph.nuspec = 3.0\sources\quickgraph.nuspec
	EndProjectSection
EndProject
Project("{FAE04EC0-301F-11D3-BF4B-00C04F79EFBC}") = "QuickGraph.Serialization", "3.0\sources\QuickGraph.Serialization\QuickGraph.Serialization.csproj", "{4D96C520-8EDA-49F0-9201-ED8BEE69B1FC}"
EndProject
Global
	GlobalSection(TeamFoundationVersionControl) = preSolution
		SccNumberOfProjects = 6
		SccEnterpriseProvider = {4CA58AB2-18FA-4F8D-95D4-32DDF27D184C}
		SccTeamFoundationServer = https://tfs.codeplex.com/tfs/tfs03
		SccLocalPath0 = .
		SccProjectUniqueName1 = 3.0\\sources\\QuickGraph\\QuickGraph.csproj
		SccProjectName1 = 3.0/sources/QuickGraph
		SccLocalPath1 = 3.0\\sources\\QuickGraph
		SccProjectUniqueName2 = 3.0\\sources\\QuickGraph.Tests\\QuickGraph.Tests.csproj
		SccProjectName2 = 3.0/sources/QuickGraph.Tests
		SccLocalPath2 = 3.0\\sources\\QuickGraph.Tests
		SccProjectUniqueName3 = 3.0\\sources\\QuickGraph.Data\\QuickGraph.Data.csproj
		SccProjectName3 = 3.0/sources/QuickGraph.Data
		SccLocalPath3 = 3.0\\sources\\QuickGraph.Data
		SccProjectUniqueName4 = 3.0\\sources\\QuickGraph.Graphviz\\QuickGraph.Graphviz.csproj
		SccProjectName4 = 3.0/sources/QuickGraph.Graphviz
		SccLocalPath4 = 3.0\\sources\\QuickGraph.Graphviz
		SccProjectUniqueName5 = 3.0\\sources\\QuickGraph.Serialization\\QuickGraph.Serialization.csproj
		SccProjectName5 = 3.0/sources/QuickGraph.Serialization
		SccLocalPath5 = 3.0\\sources\\QuickGraph.Serialization
	EndGlobalSection
	GlobalSection(TestCaseManagementSettings) = postSolution
		CategoryFile = AppHarbor.vsmdi
	EndGlobalSection
	GlobalSection(SolutionConfigurationPlatforms) = preSolution
		Debug|Any CPU = Debug|Any CPU
		Release|Any CPU = Release|Any CPU
	EndGlobalSection
	GlobalSection(ProjectConfigurationPlatforms) = postSolution
		{A9A5C115-0680-44B3-A87E-5ECF4C93814E}.Debug|Any CPU.ActiveCfg = Debug|Any CPU
		{A9A5C115-0680-44B3-A87E-5ECF4C93814E}.Debug|Any CPU.Build.0 = Debug|Any CPU
		{A9A5C115-0680-44B3-A87E-5ECF4C93814E}.Release|Any CPU.ActiveCfg = Release|Any CPU
		{A9A5C115-0680-44B3-A87E-5ECF4C93814E}.Release|Any CPU.Build.0 = Release|Any CPU
		{61DF76E1-DE2B-4DF1-AD5F-89939AB06693}.Debug|Any CPU.ActiveCfg = Debug|Any CPU
		{61DF76E1-DE2B-4DF1-AD5F-89939AB06693}.Debug|Any CPU.Build.0 = Debug|Any CPU
		{61DF76E1-DE2B-4DF1-AD5F-89939AB06693}.Release|Any CPU.ActiveCfg = Release|Any CPU
		{61DF76E1-DE2B-4DF1-AD5F-89939AB06693}.Release|Any CPU.Build.0 = Release|Any CPU
		{960C14D1-EDBD-40E5-8AE6-25E311551B87}.Debug|Any CPU.ActiveCfg = Debug|Any CPU
		{960C14D1-EDBD-40E5-8AE6-25E311551B87}.Debug|Any CPU.Build.0 = Debug|Any CPU
		{960C14D1-EDBD-40E5-8AE6-25E311551B87}.Release|Any CPU.ActiveCfg = Release|Any CPU
		{960C14D1-EDBD-40E5-8AE6-25E311551B87}.Release|Any CPU.Build.0 = Release|Any CPU
		{595D6322-637A-4A36-97F1-D53F3F9ECEA7}.Debug|Any CPU.ActiveCfg = Debug|Any CPU
		{595D6322-637A-4A36-97F1-D53F3F9ECEA7}.Debug|Any CPU.Build.0 = Debug|Any CPU
		{595D6322-637A-4A36-97F1-D53F3F9ECEA7}.Release|Any CPU.ActiveCfg = Release|Any CPU
		{595D6322-637A-4A36-97F1-D53F3F9ECEA7}.Release|Any CPU.Build.0 = Release|Any CPU
		{4D96C520-8EDA-49F0-9201-ED8BEE69B1FC}.Debug|Any CPU.ActiveCfg = Debug|Any CPU
		{4D96C520-8EDA-49F0-9201-ED8BEE69B1FC}.Debug|Any CPU.Build.0 = Debug|Any CPU
		{4D96C520-8EDA-49F0-9201-ED8BEE69B1FC}.Release|Any CPU.ActiveCfg = Release|Any CPU
		{4D96C520-8EDA-49F0-9201-ED8BEE69B1FC}.Release|Any CPU.Build.0 = Release|Any CPU
	EndGlobalSection
	GlobalSection(SolutionProperties) = preSolution
		HideSolutionNode = FALSE
	EndGlobalSection
EndGlobal
