
Microsoft Visual Studio Solution File, Format Version 11.00
# Visual Studio 2010
Project("{2150E333-8FDC-42A3-9474-1A3956D46DE8}") = "ci", "ci", "{6EC5788D-DB36-4094-AB0F-A9E2C0F56B62}"
	ProjectSection(SolutionItems) = preProject
		Build\ccnet.config = Build\ccnet.config
		Build\ccnet.server.config = Build\ccnet.server.config
		Build\quickgraph.build = Build\quickgraph.build
		quickgraph.nuspec = quickgraph.nuspec
		Build\quickgraph.shfb = Build\quickgraph.shfb
	EndProjectSection
EndProject
Project("{2150E333-8FDC-42A3-9474-1A3956D46DE8}") = "Solution Items", "Solution Items", "{6D81E7BA-91B1-473B-B9BB-4DECB1825F66}"
	ProjectSection(SolutionItems) = preProject
		LocalTestRun.testrunconfig = LocalTestRun.testrunconfig
		quickgraph.nuspec = quickgraph.nuspec
		QuickGraph.Perf1.psess = QuickGraph.Perf1.psess
		QuickGraph.vsmdi = QuickGraph.vsmdi
		QuickGraph1.vsmdi = QuickGraph1.vsmdi
	EndProjectSection
EndProject
Project("{2150E333-8FDC-42A3-9474-1A3956D46DE8}") = "Tests", "Tests", "{22937B93-4129-4F68-AB14-F7AFE020BA8F}"
	ProjectSection(SolutionItems) = preProject
		dgmlsample.dgml = dgmlsample.dgml
	EndProjectSection
EndProject
Project("{2150E333-8FDC-42A3-9474-1A3956D46DE8}") = "Core", "Core", "{7A2A3C07-B652-4759-AFC4-49378D764784}"
EndProject
Project("{FAE04EC0-301F-11D3-BF4B-00C04F79EFBC}") = "QuickGraph", "QuickGraph\QuickGraph.csproj", "{A9A5C115-0680-44B3-A87E-5ECF4C93814E}"
EndProject
Project("{FAE04EC0-301F-11D3-BF4B-00C04F79EFBC}") = "QuickGraph.Graphviz", "QuickGraph.Graphviz\QuickGraph.Graphviz.csproj", "{595D6322-637A-4A36-97F1-D53F3F9ECEA7}"
EndProject
Project("{FAE04EC0-301F-11D3-BF4B-00C04F79EFBC}") = "QuickGraph.Data", "QuickGraph.Data\QuickGraph.Data.csproj", "{960C14D1-EDBD-40E5-8AE6-25E311551B87}"
EndProject
Project("{FAE04EC0-301F-11D3-BF4B-00C04F79EFBC}") = "All", "All\All.csproj", "{0C5AD831-C7DB-471B-AD55-28601C6FEA8F}"
EndProject
Project("{FAE04EC0-301F-11D3-BF4B-00C04F79EFBC}") = "QuickGraph.Samples", "QuickGraph.Samples\QuickGraph.Samples.csproj", "{8836CFAC-D2B0-47A5-9A91-03A2218BF6FD}"
EndProject
Project("{FAE04EC0-301F-11D3-BF4B-00C04F79EFBC}") = "QuickGraph.Tests", "QuickGraph.Tests\QuickGraph.Tests.csproj", "{61DF76E1-DE2B-4DF1-AD5F-89939AB06693}"
EndProject
Global
	GlobalSection(TeamFoundationVersionControl) = preSolution
		SccNumberOfProjects = 7
		SccEnterpriseProvider = {4CA58AB2-18FA-4F8D-95D4-32DDF27D184C}
		SccTeamFoundationServer = https://tfs.codeplex.com/tfs/tfs03
		SccLocalPath0 = .
		SccProjectUniqueName1 = QuickGraph\\QuickGraph.csproj
		SccProjectTopLevelParentUniqueName1 = QuickGraph.sln
		SccProjectName1 = QuickGraph
		SccLocalPath1 = QuickGraph
		SccProjectUniqueName2 = QuickGraph.Graphviz\\QuickGraph.Graphviz.csproj
		SccProjectTopLevelParentUniqueName2 = QuickGraph.sln
		SccProjectName2 = QuickGraph.Graphviz
		SccLocalPath2 = QuickGraph.Graphviz
		SccProjectUniqueName3 = QuickGraph.Data\\QuickGraph.Data.csproj
		SccProjectTopLevelParentUniqueName3 = QuickGraph.sln
		SccProjectName3 = QuickGraph.Data
		SccLocalPath3 = QuickGraph.Data
		SccProjectUniqueName4 = QuickGraph.Samples\\QuickGraph.Samples.csproj
		SccProjectTopLevelParentUniqueName4 = QuickGraph.sln
		SccProjectName4 = QuickGraph.Samples
		SccLocalPath4 = QuickGraph.Samples
		SccProjectUniqueName5 = All\\All.csproj
		SccProjectName5 = All
		SccLocalPath5 = All
		SccProjectUniqueName6 = QuickGraph.Tests\\QuickGraph.Tests.csproj
		SccProjectTopLevelParentUniqueName6 = QuickGraph.sln
		SccProjectName6 = QuickGraph.Tests
		SccLocalPath6 = QuickGraph.Tests
	EndGlobalSection
	GlobalSection(TestCaseManagementSettings) = postSolution
		CategoryFile = QuickGraph1.vsmdi
	EndGlobalSection
	GlobalSection(SolutionConfigurationPlatforms) = preSolution
		Debug|Any CPU = Debug|Any CPU
		Release|Any CPU = Release|Any CPU
		Release20|Any CPU = Release20|Any CPU
	EndGlobalSection
	GlobalSection(ProjectConfigurationPlatforms) = postSolution
		{A9A5C115-0680-44B3-A87E-5ECF4C93814E}.Debug|Any CPU.ActiveCfg = Debug|Any CPU
		{A9A5C115-0680-44B3-A87E-5ECF4C93814E}.Debug|Any CPU.Build.0 = Debug|Any CPU
		{A9A5C115-0680-44B3-A87E-5ECF4C93814E}.Release|Any CPU.ActiveCfg = Release|Any CPU
		{A9A5C115-0680-44B3-A87E-5ECF4C93814E}.Release|Any CPU.Build.0 = Release|Any CPU
		{A9A5C115-0680-44B3-A87E-5ECF4C93814E}.Release20|Any CPU.ActiveCfg = Release|Any CPU
		{A9A5C115-0680-44B3-A87E-5ECF4C93814E}.Release20|Any CPU.Build.0 = Release|Any CPU
		{595D6322-637A-4A36-97F1-D53F3F9ECEA7}.Debug|Any CPU.ActiveCfg = Debug|Any CPU
		{595D6322-637A-4A36-97F1-D53F3F9ECEA7}.Debug|Any CPU.Build.0 = Debug|Any CPU
		{595D6322-637A-4A36-97F1-D53F3F9ECEA7}.Release|Any CPU.ActiveCfg = Release|Any CPU
		{595D6322-637A-4A36-97F1-D53F3F9ECEA7}.Release|Any CPU.Build.0 = Release|Any CPU
		{595D6322-637A-4A36-97F1-D53F3F9ECEA7}.Release20|Any CPU.ActiveCfg = Release20|Any CPU
		{595D6322-637A-4A36-97F1-D53F3F9ECEA7}.Release20|Any CPU.Build.0 = Release20|Any CPU
		{960C14D1-EDBD-40E5-8AE6-25E311551B87}.Debug|Any CPU.ActiveCfg = Debug|Any CPU
		{960C14D1-EDBD-40E5-8AE6-25E311551B87}.Debug|Any CPU.Build.0 = Debug|Any CPU
		{960C14D1-EDBD-40E5-8AE6-25E311551B87}.Release|Any CPU.ActiveCfg = Release|Any CPU
		{960C14D1-EDBD-40E5-8AE6-25E311551B87}.Release|Any CPU.Build.0 = Release|Any CPU
		{960C14D1-EDBD-40E5-8AE6-25E311551B87}.Release20|Any CPU.ActiveCfg = Release20|Any CPU
		{960C14D1-EDBD-40E5-8AE6-25E311551B87}.Release20|Any CPU.Build.0 = Release20|Any CPU
		{0C5AD831-C7DB-471B-AD55-28601C6FEA8F}.Debug|Any CPU.ActiveCfg = Debug|Any CPU
		{0C5AD831-C7DB-471B-AD55-28601C6FEA8F}.Debug|Any CPU.Build.0 = Debug|Any CPU
		{0C5AD831-C7DB-471B-AD55-28601C6FEA8F}.Release|Any CPU.ActiveCfg = Release|Any CPU
		{0C5AD831-C7DB-471B-AD55-28601C6FEA8F}.Release|Any CPU.Build.0 = Release|Any CPU
		{0C5AD831-C7DB-471B-AD55-28601C6FEA8F}.Release20|Any CPU.ActiveCfg = Release20|Any CPU
		{0C5AD831-C7DB-471B-AD55-28601C6FEA8F}.Release20|Any CPU.Build.0 = Release20|Any CPU
		{8836CFAC-D2B0-47A5-9A91-03A2218BF6FD}.Debug|Any CPU.ActiveCfg = Debug|Any CPU
		{8836CFAC-D2B0-47A5-9A91-03A2218BF6FD}.Debug|Any CPU.Build.0 = Debug|Any CPU
		{8836CFAC-D2B0-47A5-9A91-03A2218BF6FD}.Release|Any CPU.ActiveCfg = Release|Any CPU
		{8836CFAC-D2B0-47A5-9A91-03A2218BF6FD}.Release|Any CPU.Build.0 = Release|Any CPU
		{8836CFAC-D2B0-47A5-9A91-03A2218BF6FD}.Release20|Any CPU.ActiveCfg = Release|Any CPU
		{8836CFAC-D2B0-47A5-9A91-03A2218BF6FD}.Release20|Any CPU.Build.0 = Release|Any CPU
		{61DF76E1-DE2B-4DF1-AD5F-89939AB06693}.Debug|Any CPU.ActiveCfg = Debug|Any CPU
		{61DF76E1-DE2B-4DF1-AD5F-89939AB06693}.Debug|Any CPU.Build.0 = Debug|Any CPU
		{61DF76E1-DE2B-4DF1-AD5F-89939AB06693}.Release|Any CPU.ActiveCfg = Release|Any CPU
		{61DF76E1-DE2B-4DF1-AD5F-89939AB06693}.Release|Any CPU.Build.0 = Release|Any CPU
		{61DF76E1-DE2B-4DF1-AD5F-89939AB06693}.Release20|Any CPU.ActiveCfg = Release20|Any CPU
		{61DF76E1-DE2B-4DF1-AD5F-89939AB06693}.Release20|Any CPU.Build.0 = Release20|Any CPU
	EndGlobalSection
	GlobalSection(SolutionProperties) = preSolution
		HideSolutionNode = FALSE
	EndGlobalSection
	GlobalSection(NestedProjects) = preSolution
		{61DF76E1-DE2B-4DF1-AD5F-89939AB06693} = {22937B93-4129-4F68-AB14-F7AFE020BA8F}
		{A9A5C115-0680-44B3-A87E-5ECF4C93814E} = {7A2A3C07-B652-4759-AFC4-49378D764784}
		{595D6322-637A-4A36-97F1-D53F3F9ECEA7} = {7A2A3C07-B652-4759-AFC4-49378D764784}
		{960C14D1-EDBD-40E5-8AE6-25E311551B87} = {7A2A3C07-B652-4759-AFC4-49378D764784}
		{8836CFAC-D2B0-47A5-9A91-03A2218BF6FD} = {7A2A3C07-B652-4759-AFC4-49378D764784}
	EndGlobalSection
EndGlobal
