
Microsoft Visual Studio Solution File, Format Version 10.00
# Visual Studio 2008
Project("{2150E333-8FDC-42A3-9474-1A3956D46DE8}") = "ci", "ci", "{6EC5788D-DB36-4094-AB0F-A9E2C0F56B62}"
	ProjectSection(SolutionItems) = preProject
		Build\ccnet.config = Build\ccnet.config
		Build\ccnet.server.config = Build\ccnet.server.config
		Build\quickgraph.build = Build\quickgraph.build
	EndProjectSection
EndProject
Project("{2150E333-8FDC-42A3-9474-1A3956D46DE8}") = "Solution Items", "Solution Items", "{6D81E7BA-91B1-473B-B9BB-4DECB1825F66}"
	ProjectSection(SolutionItems) = preProject
		LocalTestRun.testrunconfig = LocalTestRun.testrunconfig
		QuickGraph.Perf1.psess = QuickGraph.Perf1.psess
		QuickGraph.vsmdi = QuickGraph.vsmdi
		QuickGraph1.vsmdi = QuickGraph1.vsmdi
	EndProjectSection
EndProject
Project("{FAE04EC0-301F-11D3-BF4B-00C04F79EFBC}") = "QuickGraph", "QuickGraph\QuickGraph.csproj", "{A9A5C115-0680-44B3-A87E-5ECF4C93814E}"
EndProject
Project("{FAE04EC0-301F-11D3-BF4B-00C04F79EFBC}") = "QuickGraph.Glee", "QuickGraph.Glee\QuickGraph.Glee.csproj", "{ACDD0973-E5D9-4C2B-9EAF-B5B5DF44EDDD}"
EndProject
Project("{FAE04EC0-301F-11D3-BF4B-00C04F79EFBC}") = "QuickGraph.Graphviz", "QuickGraph.Graphviz\QuickGraph.Graphviz.csproj", "{595D6322-637A-4A36-97F1-D53F3F9ECEA7}"
EndProject
Project("{FAE04EC0-301F-11D3-BF4B-00C04F79EFBC}") = "QuickGraph.Data", "QuickGraph.Data\QuickGraph.Data.csproj", "{960C14D1-EDBD-40E5-8AE6-25E311551B87}"
EndProject
Project("{FAE04EC0-301F-11D3-BF4B-00C04F79EFBC}") = "QuickGraph.Tests", "QuickGraph.Tests\QuickGraph.Tests.csproj", "{61DF76E1-DE2B-4DF1-AD5F-89939AB06693}"
EndProject
Project("{FAE04EC0-301F-11D3-BF4B-00C04F79EFBC}") = "QuickGraph.Perf", "QuickGraph.Perf\QuickGraph.Perf.csproj", "{2C35D329-D1F8-4862-8DA2-F2D27E8D4DB7}"
EndProject
Project("{FAE04EC0-301F-11D3-BF4B-00C04F79EFBC}") = "QuickGraph.Silverlight", "QuickGraph.Silverlight\QuickGraph.Silverlight.csproj", "{58F715F1-269D-47F0-BFA6-A61DA6BA9C70}"
EndProject
Project("{FAE04EC0-301F-11D3-BF4B-00C04F79EFBC}") = "All", "All\All.csproj", "{0C5AD831-C7DB-471B-AD55-28601C6FEA8F}"
EndProject
Project("{FAE04EC0-301F-11D3-BF4B-00C04F79EFBC}") = "QuickGraph.Glee.Tests", "QuickGraph.Glee.Tests\QuickGraph.Glee.Tests.csproj", "{6DAF0C64-2620-476F-914B-F12BBA448191}"
EndProject
Project("{2150E333-8FDC-42A3-9474-1A3956D46DE8}") = "Glee", "Glee", "{9530464E-EA0C-4DF5-9D7F-85AEB05E2914}"
EndProject
Project("{FAE04EC0-301F-11D3-BF4B-00C04F79EFBC}") = "QuickGraph.Samples", "QuickGraph.Samples\QuickGraph.Samples.csproj", "{8836CFAC-D2B0-47A5-9A91-03A2218BF6FD}"
EndProject
Project("{2150E333-8FDC-42A3-9474-1A3956D46DE8}") = "Pex - Tests", "Pex - Tests", "{22937B93-4129-4F68-AB14-F7AFE020BA8F}"
EndProject
Project("{2150E333-8FDC-42A3-9474-1A3956D46DE8}") = "Core", "Core", "{7A2A3C07-B652-4759-AFC4-49378D764784}"
EndProject
Global
	GlobalSection(TestCaseManagementSettings) = postSolution
		CategoryFile = QuickGraph1.vsmdi
	EndGlobalSection
	GlobalSection(SolutionConfigurationPlatforms) = preSolution
		Debug|Any CPU = Debug|Any CPU
		DebugContracts|Any CPU = DebugContracts|Any CPU
		DebugContractsNoTools|Any CPU = DebugContractsNoTools|Any CPU
		DebugContractsWithBugs|Any CPU = DebugContractsWithBugs|Any CPU
		Release|Any CPU = Release|Any CPU
		Release20|Any CPU = Release20|Any CPU
		ReleaseContractsReferences|Any CPU = ReleaseContractsReferences|Any CPU
	EndGlobalSection
	GlobalSection(ProjectConfigurationPlatforms) = postSolution
		{A9A5C115-0680-44B3-A87E-5ECF4C93814E}.Debug|Any CPU.ActiveCfg = Debug|Any CPU
		{A9A5C115-0680-44B3-A87E-5ECF4C93814E}.Debug|Any CPU.Build.0 = Debug|Any CPU
		{A9A5C115-0680-44B3-A87E-5ECF4C93814E}.DebugContracts|Any CPU.ActiveCfg = DebugContracts|Any CPU
		{A9A5C115-0680-44B3-A87E-5ECF4C93814E}.DebugContracts|Any CPU.Build.0 = DebugContracts|Any CPU
		{A9A5C115-0680-44B3-A87E-5ECF4C93814E}.DebugContractsNoTools|Any CPU.ActiveCfg = DebugContractsNoTools|Any CPU
		{A9A5C115-0680-44B3-A87E-5ECF4C93814E}.DebugContractsNoTools|Any CPU.Build.0 = DebugContractsNoTools|Any CPU
		{A9A5C115-0680-44B3-A87E-5ECF4C93814E}.DebugContractsWithBugs|Any CPU.ActiveCfg = DebugContractsWithBugs|Any CPU
		{A9A5C115-0680-44B3-A87E-5ECF4C93814E}.DebugContractsWithBugs|Any CPU.Build.0 = DebugContractsWithBugs|Any CPU
		{A9A5C115-0680-44B3-A87E-5ECF4C93814E}.Release|Any CPU.ActiveCfg = Release|Any CPU
		{A9A5C115-0680-44B3-A87E-5ECF4C93814E}.Release|Any CPU.Build.0 = Release|Any CPU
		{A9A5C115-0680-44B3-A87E-5ECF4C93814E}.Release20|Any CPU.ActiveCfg = Release20|Any CPU
		{A9A5C115-0680-44B3-A87E-5ECF4C93814E}.Release20|Any CPU.Build.0 = Release20|Any CPU
		{A9A5C115-0680-44B3-A87E-5ECF4C93814E}.ReleaseContractsReferences|Any CPU.ActiveCfg = ReleaseContractsReferences|Any CPU
		{A9A5C115-0680-44B3-A87E-5ECF4C93814E}.ReleaseContractsReferences|Any CPU.Build.0 = ReleaseContractsReferences|Any CPU
		{ACDD0973-E5D9-4C2B-9EAF-B5B5DF44EDDD}.Debug|Any CPU.ActiveCfg = Debug|Any CPU
		{ACDD0973-E5D9-4C2B-9EAF-B5B5DF44EDDD}.Debug|Any CPU.Build.0 = Debug|Any CPU
		{ACDD0973-E5D9-4C2B-9EAF-B5B5DF44EDDD}.DebugContracts|Any CPU.ActiveCfg = DebugContracts|Any CPU
		{ACDD0973-E5D9-4C2B-9EAF-B5B5DF44EDDD}.DebugContracts|Any CPU.Build.0 = DebugContracts|Any CPU
		{ACDD0973-E5D9-4C2B-9EAF-B5B5DF44EDDD}.DebugContractsNoTools|Any CPU.ActiveCfg = DebugContracts|Any CPU
		{ACDD0973-E5D9-4C2B-9EAF-B5B5DF44EDDD}.DebugContractsWithBugs|Any CPU.ActiveCfg = DebugContracts|Any CPU
		{ACDD0973-E5D9-4C2B-9EAF-B5B5DF44EDDD}.Release|Any CPU.ActiveCfg = Release|Any CPU
		{ACDD0973-E5D9-4C2B-9EAF-B5B5DF44EDDD}.Release|Any CPU.Build.0 = Release|Any CPU
		{ACDD0973-E5D9-4C2B-9EAF-B5B5DF44EDDD}.Release20|Any CPU.ActiveCfg = Release20|Any CPU
		{ACDD0973-E5D9-4C2B-9EAF-B5B5DF44EDDD}.Release20|Any CPU.Build.0 = Release20|Any CPU
		{ACDD0973-E5D9-4C2B-9EAF-B5B5DF44EDDD}.ReleaseContractsReferences|Any CPU.ActiveCfg = ReleaseContractsReferences|Any CPU
		{ACDD0973-E5D9-4C2B-9EAF-B5B5DF44EDDD}.ReleaseContractsReferences|Any CPU.Build.0 = ReleaseContractsReferences|Any CPU
		{595D6322-637A-4A36-97F1-D53F3F9ECEA7}.Debug|Any CPU.ActiveCfg = Debug|Any CPU
		{595D6322-637A-4A36-97F1-D53F3F9ECEA7}.Debug|Any CPU.Build.0 = Debug|Any CPU
		{595D6322-637A-4A36-97F1-D53F3F9ECEA7}.DebugContracts|Any CPU.ActiveCfg = DebugContracts|Any CPU
		{595D6322-637A-4A36-97F1-D53F3F9ECEA7}.DebugContracts|Any CPU.Build.0 = DebugContracts|Any CPU
		{595D6322-637A-4A36-97F1-D53F3F9ECEA7}.DebugContractsNoTools|Any CPU.ActiveCfg = DebugContracts|Any CPU
		{595D6322-637A-4A36-97F1-D53F3F9ECEA7}.DebugContractsWithBugs|Any CPU.ActiveCfg = DebugContractsWithBugs|Any CPU
		{595D6322-637A-4A36-97F1-D53F3F9ECEA7}.DebugContractsWithBugs|Any CPU.Build.0 = DebugContractsWithBugs|Any CPU
		{595D6322-637A-4A36-97F1-D53F3F9ECEA7}.Release|Any CPU.ActiveCfg = Release|Any CPU
		{595D6322-637A-4A36-97F1-D53F3F9ECEA7}.Release|Any CPU.Build.0 = Release|Any CPU
		{595D6322-637A-4A36-97F1-D53F3F9ECEA7}.Release20|Any CPU.ActiveCfg = Release20|Any CPU
		{595D6322-637A-4A36-97F1-D53F3F9ECEA7}.Release20|Any CPU.Build.0 = Release20|Any CPU
		{595D6322-637A-4A36-97F1-D53F3F9ECEA7}.ReleaseContractsReferences|Any CPU.ActiveCfg = ReleaseContractsReferences|Any CPU
		{595D6322-637A-4A36-97F1-D53F3F9ECEA7}.ReleaseContractsReferences|Any CPU.Build.0 = ReleaseContractsReferences|Any CPU
		{960C14D1-EDBD-40E5-8AE6-25E311551B87}.Debug|Any CPU.ActiveCfg = Debug|Any CPU
		{960C14D1-EDBD-40E5-8AE6-25E311551B87}.Debug|Any CPU.Build.0 = Debug|Any CPU
		{960C14D1-EDBD-40E5-8AE6-25E311551B87}.DebugContracts|Any CPU.ActiveCfg = DebugContracts|Any CPU
		{960C14D1-EDBD-40E5-8AE6-25E311551B87}.DebugContracts|Any CPU.Build.0 = DebugContracts|Any CPU
		{960C14D1-EDBD-40E5-8AE6-25E311551B87}.DebugContractsNoTools|Any CPU.ActiveCfg = DebugContracts|Any CPU
		{960C14D1-EDBD-40E5-8AE6-25E311551B87}.DebugContractsWithBugs|Any CPU.ActiveCfg = DebugContractsWithBugs|Any CPU
		{960C14D1-EDBD-40E5-8AE6-25E311551B87}.DebugContractsWithBugs|Any CPU.Build.0 = DebugContractsWithBugs|Any CPU
		{960C14D1-EDBD-40E5-8AE6-25E311551B87}.Release|Any CPU.ActiveCfg = Release|Any CPU
		{960C14D1-EDBD-40E5-8AE6-25E311551B87}.Release|Any CPU.Build.0 = Release|Any CPU
		{960C14D1-EDBD-40E5-8AE6-25E311551B87}.Release20|Any CPU.ActiveCfg = Release20|Any CPU
		{960C14D1-EDBD-40E5-8AE6-25E311551B87}.Release20|Any CPU.Build.0 = Release20|Any CPU
		{960C14D1-EDBD-40E5-8AE6-25E311551B87}.ReleaseContractsReferences|Any CPU.ActiveCfg = ReleaseContractsReferences|Any CPU
		{960C14D1-EDBD-40E5-8AE6-25E311551B87}.ReleaseContractsReferences|Any CPU.Build.0 = ReleaseContractsReferences|Any CPU
		{61DF76E1-DE2B-4DF1-AD5F-89939AB06693}.Debug|Any CPU.ActiveCfg = Debug|Any CPU
		{61DF76E1-DE2B-4DF1-AD5F-89939AB06693}.Debug|Any CPU.Build.0 = Debug|Any CPU
		{61DF76E1-DE2B-4DF1-AD5F-89939AB06693}.DebugContracts|Any CPU.ActiveCfg = DebugContracts|Any CPU
		{61DF76E1-DE2B-4DF1-AD5F-89939AB06693}.DebugContracts|Any CPU.Build.0 = DebugContracts|Any CPU
		{61DF76E1-DE2B-4DF1-AD5F-89939AB06693}.DebugContractsNoTools|Any CPU.ActiveCfg = DebugContracts|Any CPU
		{61DF76E1-DE2B-4DF1-AD5F-89939AB06693}.DebugContractsWithBugs|Any CPU.ActiveCfg = DebugContracts|Any CPU
		{61DF76E1-DE2B-4DF1-AD5F-89939AB06693}.Release|Any CPU.ActiveCfg = Release|Any CPU
		{61DF76E1-DE2B-4DF1-AD5F-89939AB06693}.Release|Any CPU.Build.0 = Release|Any CPU
		{61DF76E1-DE2B-4DF1-AD5F-89939AB06693}.Release20|Any CPU.ActiveCfg = Release20|Any CPU
		{61DF76E1-DE2B-4DF1-AD5F-89939AB06693}.Release20|Any CPU.Build.0 = Release20|Any CPU
		{61DF76E1-DE2B-4DF1-AD5F-89939AB06693}.ReleaseContractsReferences|Any CPU.ActiveCfg = ReleaseContractsReferences|Any CPU
		{61DF76E1-DE2B-4DF1-AD5F-89939AB06693}.ReleaseContractsReferences|Any CPU.Build.0 = ReleaseContractsReferences|Any CPU
		{2C35D329-D1F8-4862-8DA2-F2D27E8D4DB7}.Debug|Any CPU.ActiveCfg = Debug|Any CPU
		{2C35D329-D1F8-4862-8DA2-F2D27E8D4DB7}.Debug|Any CPU.Build.0 = Debug|Any CPU
		{2C35D329-D1F8-4862-8DA2-F2D27E8D4DB7}.DebugContracts|Any CPU.ActiveCfg = Debug|Any CPU
		{2C35D329-D1F8-4862-8DA2-F2D27E8D4DB7}.DebugContracts|Any CPU.Build.0 = Debug|Any CPU
		{2C35D329-D1F8-4862-8DA2-F2D27E8D4DB7}.DebugContractsNoTools|Any CPU.ActiveCfg = Debug|Any CPU
		{2C35D329-D1F8-4862-8DA2-F2D27E8D4DB7}.DebugContractsWithBugs|Any CPU.ActiveCfg = Debug|Any CPU
		{2C35D329-D1F8-4862-8DA2-F2D27E8D4DB7}.Release|Any CPU.ActiveCfg = Release|Any CPU
		{2C35D329-D1F8-4862-8DA2-F2D27E8D4DB7}.Release|Any CPU.Build.0 = Release|Any CPU
		{2C35D329-D1F8-4862-8DA2-F2D27E8D4DB7}.Release20|Any CPU.ActiveCfg = Release|Any CPU
		{2C35D329-D1F8-4862-8DA2-F2D27E8D4DB7}.ReleaseContractsReferences|Any CPU.ActiveCfg = ReleaseContractsReferences|Any CPU
		{2C35D329-D1F8-4862-8DA2-F2D27E8D4DB7}.ReleaseContractsReferences|Any CPU.Build.0 = ReleaseContractsReferences|Any CPU
		{58F715F1-269D-47F0-BFA6-A61DA6BA9C70}.Debug|Any CPU.ActiveCfg = Debug|Any CPU
		{58F715F1-269D-47F0-BFA6-A61DA6BA9C70}.Debug|Any CPU.Build.0 = Debug|Any CPU
		{58F715F1-269D-47F0-BFA6-A61DA6BA9C70}.DebugContracts|Any CPU.ActiveCfg = DebugContracts|Any CPU
		{58F715F1-269D-47F0-BFA6-A61DA6BA9C70}.DebugContracts|Any CPU.Build.0 = DebugContracts|Any CPU
		{58F715F1-269D-47F0-BFA6-A61DA6BA9C70}.DebugContractsNoTools|Any CPU.ActiveCfg = DebugContracts|Any CPU
		{58F715F1-269D-47F0-BFA6-A61DA6BA9C70}.DebugContractsWithBugs|Any CPU.ActiveCfg = DebugContractsWithBugs|Any CPU
		{58F715F1-269D-47F0-BFA6-A61DA6BA9C70}.DebugContractsWithBugs|Any CPU.Build.0 = DebugContractsWithBugs|Any CPU
		{58F715F1-269D-47F0-BFA6-A61DA6BA9C70}.Release|Any CPU.ActiveCfg = Release|Any CPU
		{58F715F1-269D-47F0-BFA6-A61DA6BA9C70}.Release|Any CPU.Build.0 = Release|Any CPU
		{58F715F1-269D-47F0-BFA6-A61DA6BA9C70}.Release20|Any CPU.ActiveCfg = Release|Any CPU
		{58F715F1-269D-47F0-BFA6-A61DA6BA9C70}.ReleaseContractsReferences|Any CPU.ActiveCfg = ReleaseContractsReferences|Any CPU
		{58F715F1-269D-47F0-BFA6-A61DA6BA9C70}.ReleaseContractsReferences|Any CPU.Build.0 = ReleaseContractsReferences|Any CPU
		{0C5AD831-C7DB-471B-AD55-28601C6FEA8F}.Debug|Any CPU.ActiveCfg = Debug|Any CPU
		{0C5AD831-C7DB-471B-AD55-28601C6FEA8F}.Debug|Any CPU.Build.0 = Debug|Any CPU
		{0C5AD831-C7DB-471B-AD55-28601C6FEA8F}.DebugContracts|Any CPU.ActiveCfg = DebugContracts|Any CPU
		{0C5AD831-C7DB-471B-AD55-28601C6FEA8F}.DebugContracts|Any CPU.Build.0 = DebugContracts|Any CPU
		{0C5AD831-C7DB-471B-AD55-28601C6FEA8F}.DebugContractsNoTools|Any CPU.ActiveCfg = DebugContractsNoTools|Any CPU
		{0C5AD831-C7DB-471B-AD55-28601C6FEA8F}.DebugContractsWithBugs|Any CPU.ActiveCfg = DebugContractsWithBugs|Any CPU
		{0C5AD831-C7DB-471B-AD55-28601C6FEA8F}.Release|Any CPU.ActiveCfg = Release|Any CPU
		{0C5AD831-C7DB-471B-AD55-28601C6FEA8F}.Release|Any CPU.Build.0 = Release|Any CPU
		{0C5AD831-C7DB-471B-AD55-28601C6FEA8F}.Release20|Any CPU.ActiveCfg = Release20|Any CPU
		{0C5AD831-C7DB-471B-AD55-28601C6FEA8F}.ReleaseContractsReferences|Any CPU.ActiveCfg = ReleaseContractsReferences|Any CPU
		{0C5AD831-C7DB-471B-AD55-28601C6FEA8F}.ReleaseContractsReferences|Any CPU.Build.0 = ReleaseContractsReferences|Any CPU
		{6DAF0C64-2620-476F-914B-F12BBA448191}.Debug|Any CPU.ActiveCfg = Debug|Any CPU
		{6DAF0C64-2620-476F-914B-F12BBA448191}.Debug|Any CPU.Build.0 = Debug|Any CPU
		{6DAF0C64-2620-476F-914B-F12BBA448191}.DebugContracts|Any CPU.ActiveCfg = Debug|Any CPU
		{6DAF0C64-2620-476F-914B-F12BBA448191}.DebugContracts|Any CPU.Build.0 = Debug|Any CPU
		{6DAF0C64-2620-476F-914B-F12BBA448191}.DebugContractsNoTools|Any CPU.ActiveCfg = Debug|Any CPU
		{6DAF0C64-2620-476F-914B-F12BBA448191}.DebugContractsNoTools|Any CPU.Build.0 = Debug|Any CPU
		{6DAF0C64-2620-476F-914B-F12BBA448191}.DebugContractsWithBugs|Any CPU.ActiveCfg = Debug|Any CPU
		{6DAF0C64-2620-476F-914B-F12BBA448191}.Release|Any CPU.ActiveCfg = Release|Any CPU
		{6DAF0C64-2620-476F-914B-F12BBA448191}.Release|Any CPU.Build.0 = Release|Any CPU
		{6DAF0C64-2620-476F-914B-F12BBA448191}.Release20|Any CPU.ActiveCfg = Release|Any CPU
		{6DAF0C64-2620-476F-914B-F12BBA448191}.Release20|Any CPU.Build.0 = Release|Any CPU
		{6DAF0C64-2620-476F-914B-F12BBA448191}.ReleaseContractsReferences|Any CPU.ActiveCfg = Release|Any CPU
		{6DAF0C64-2620-476F-914B-F12BBA448191}.ReleaseContractsReferences|Any CPU.Build.0 = Release|Any CPU
		{8836CFAC-D2B0-47A5-9A91-03A2218BF6FD}.Debug|Any CPU.ActiveCfg = Debug|Any CPU
		{8836CFAC-D2B0-47A5-9A91-03A2218BF6FD}.Debug|Any CPU.Build.0 = Debug|Any CPU
		{8836CFAC-D2B0-47A5-9A91-03A2218BF6FD}.DebugContracts|Any CPU.ActiveCfg = DebugContracts|Any CPU
		{8836CFAC-D2B0-47A5-9A91-03A2218BF6FD}.DebugContracts|Any CPU.Build.0 = DebugContracts|Any CPU
		{8836CFAC-D2B0-47A5-9A91-03A2218BF6FD}.DebugContractsNoTools|Any CPU.ActiveCfg = DebugContractsNoTools|Any CPU
		{8836CFAC-D2B0-47A5-9A91-03A2218BF6FD}.DebugContractsNoTools|Any CPU.Build.0 = DebugContractsNoTools|Any CPU
		{8836CFAC-D2B0-47A5-9A91-03A2218BF6FD}.DebugContractsWithBugs|Any CPU.ActiveCfg = DebugContractsWithBugs|Any CPU
		{8836CFAC-D2B0-47A5-9A91-03A2218BF6FD}.DebugContractsWithBugs|Any CPU.Build.0 = DebugContractsWithBugs|Any CPU
		{8836CFAC-D2B0-47A5-9A91-03A2218BF6FD}.Release|Any CPU.ActiveCfg = Release|Any CPU
		{8836CFAC-D2B0-47A5-9A91-03A2218BF6FD}.Release|Any CPU.Build.0 = Release|Any CPU
		{8836CFAC-D2B0-47A5-9A91-03A2218BF6FD}.Release20|Any CPU.ActiveCfg = Release|Any CPU
		{8836CFAC-D2B0-47A5-9A91-03A2218BF6FD}.Release20|Any CPU.Build.0 = Release|Any CPU
		{8836CFAC-D2B0-47A5-9A91-03A2218BF6FD}.ReleaseContractsReferences|Any CPU.ActiveCfg = Release|Any CPU
		{8836CFAC-D2B0-47A5-9A91-03A2218BF6FD}.ReleaseContractsReferences|Any CPU.Build.0 = Release|Any CPU
	EndGlobalSection
	GlobalSection(SolutionProperties) = preSolution
		HideSolutionNode = FALSE
	EndGlobalSection
	GlobalSection(NestedProjects) = preSolution
		{595D6322-637A-4A36-97F1-D53F3F9ECEA7} = {7A2A3C07-B652-4759-AFC4-49378D764784}
		{960C14D1-EDBD-40E5-8AE6-25E311551B87} = {7A2A3C07-B652-4759-AFC4-49378D764784}
		{58F715F1-269D-47F0-BFA6-A61DA6BA9C70} = {7A2A3C07-B652-4759-AFC4-49378D764784}
		{8836CFAC-D2B0-47A5-9A91-03A2218BF6FD} = {7A2A3C07-B652-4759-AFC4-49378D764784}
		{A9A5C115-0680-44B3-A87E-5ECF4C93814E} = {7A2A3C07-B652-4759-AFC4-49378D764784}
		{6DAF0C64-2620-476F-914B-F12BBA448191} = {9530464E-EA0C-4DF5-9D7F-85AEB05E2914}
		{ACDD0973-E5D9-4C2B-9EAF-B5B5DF44EDDD} = {9530464E-EA0C-4DF5-9D7F-85AEB05E2914}
		{2C35D329-D1F8-4862-8DA2-F2D27E8D4DB7} = {22937B93-4129-4F68-AB14-F7AFE020BA8F}
		{61DF76E1-DE2B-4DF1-AD5F-89939AB06693} = {22937B93-4129-4F68-AB14-F7AFE020BA8F}
	EndGlobalSection
EndGlobal
