
Microsoft Visual Studio Solution File, Format Version 10.00
# Visual Studio 2008
Project("{2150E333-8FDC-42A3-9474-1A3956D46DE8}") = "ci", "ci", "{6EC5788D-DB36-4094-AB0F-A9E2C0F56B62}"
	ProjectSection(SolutionItems) = preProject
		ccnet.config.xml = ccnet.config.xml
	EndProjectSection
EndProject
Project("{FAE04EC0-301F-11D3-BF4B-00C04F79EFBC}") = "QuickGraph", "QuickGraph\QuickGraph.csproj", "{A9A5C115-0680-44B3-A87E-5ECF4C93814E}"
EndProject
Project("{FAE04EC0-301F-11D3-BF4B-00C04F79EFBC}") = "QuickGraph.Glee", "QuickGraph.Glee\QuickGraph.Glee.csproj", "{ACDD0973-E5D9-4C2B-9EAF-B5B5DF44EDDD}"
EndProject
Project("{FAE04EC0-301F-11D3-BF4B-00C04F79EFBC}") = "QuickGraph.Tests", "QuickGraph.Tests\QuickGraph.Tests.csproj", "{61DF76E1-DE2B-4DF1-AD5F-89939AB06693}"
EndProject
Project("{FAE04EC0-301F-11D3-BF4B-00C04F79EFBC}") = "QuickGraph.Unit", "QuickGraph.Unit\QuickGraph.Unit.csproj", "{9FF2B839-743F-4A15-9D33-F11253BF6AE1}"
EndProject
Project("{FAE04EC0-301F-11D3-BF4B-00C04F79EFBC}") = "QuickGraph.Graphviz", "QuickGraph.Graphviz\QuickGraph.Graphviz.csproj", "{595D6322-637A-4A36-97F1-D53F3F9ECEA7}"
EndProject
Project("{FAE04EC0-301F-11D3-BF4B-00C04F79EFBC}") = "QuickGraph.Data", "QuickGraph.Data\QuickGraph.Data.csproj", "{960C14D1-EDBD-40E5-8AE6-25E311551B87}"
EndProject
Project("{FAE04EC0-301F-11D3-BF4B-00C04F79EFBC}") = "QuickGraph.Msagl", "QuickGraph.Msagl\QuickGraph.Msagl.csproj", "{7E57B699-79C9-4FDF-89FC-D98BD8DDAFF6}"
EndProject
Project("{FAE04EC0-301F-11D3-BF4B-00C04F79EFBC}") = "QuickGraph.Parallels", "QuickGraph.Parallels\QuickGraph.Parallels.csproj", "{FBA880E7-4E2F-4CDC-84C7-01CA9AF58F39}"
EndProject
Project("{FAE04EC0-301F-11D3-BF4B-00C04F79EFBC}") = "Reflector.QuickGraph", "Reflector.QuickGraph\Reflector.QuickGraph.csproj", "{7D06D43B-EE95-4800-874F-9D5330C86D96}"
EndProject
Project("{FAE04EC0-301F-11D3-BF4B-00C04F79EFBC}") = "QuickGraph1.Tests", "QuickGraph1.Tests\QuickGraph1.Tests.csproj", "{F1E9E4D5-7719-495A-93C3-F28B42242E37}"
EndProject
Project("{2150E333-8FDC-42A3-9474-1A3956D46DE8}") = "Solution Items", "Solution Items", "{6D81E7BA-91B1-473B-B9BB-4DECB1825F66}"
	ProjectSection(SolutionItems) = preProject
		LocalTestRun.testrunconfig = LocalTestRun.testrunconfig
		QuickGraph.vsmdi = QuickGraph.vsmdi
	EndProjectSection
EndProject
Global
	GlobalSection(TeamFoundationVersionControl) = preSolution
		SccNumberOfProjects = 11
		SccEnterpriseProvider = {4CA58AB2-18FA-4F8D-95D4-32DDF27D184C}
		SccTeamFoundationServer = https://tfs03.codeplex.com/
		SccLocalPath0 = .
		SccProjectUniqueName1 = QuickGraph\\QuickGraph.csproj
		SccProjectName1 = QuickGraph
		SccLocalPath1 = QuickGraph
		SccProjectUniqueName2 = QuickGraph.Glee\\QuickGraph.Glee.csproj
		SccProjectName2 = QuickGraph.Glee
		SccLocalPath2 = QuickGraph.Glee
		SccProjectUniqueName3 = QuickGraph.Tests\\QuickGraph.Tests.csproj
		SccProjectName3 = QuickGraph.Tests
		SccLocalPath3 = QuickGraph.Tests
		SccProjectUniqueName4 = QuickGraph.Unit\\QuickGraph.Unit.csproj
		SccProjectName4 = QuickGraph.Unit
		SccLocalPath4 = QuickGraph.Unit
		SccProjectUniqueName5 = QuickGraph.Graphviz\\QuickGraph.Graphviz.csproj
		SccProjectName5 = QuickGraph.Graphviz
		SccLocalPath5 = QuickGraph.Graphviz
		SccProjectUniqueName6 = QuickGraph.Data\\QuickGraph.Data.csproj
		SccProjectName6 = QuickGraph.Data
		SccLocalPath6 = QuickGraph.Data
		SccProjectUniqueName7 = QuickGraph.Msagl\\QuickGraph.Msagl.csproj
		SccProjectName7 = QuickGraph.Msagl
		SccLocalPath7 = QuickGraph.Msagl
		SccProjectUniqueName8 = QuickGraph.Parallels\\QuickGraph.Parallels.csproj
		SccProjectName8 = QuickGraph.Parallels
		SccLocalPath8 = QuickGraph.Parallels
		SccProjectUniqueName9 = Reflector.QuickGraph\\Reflector.QuickGraph.csproj
		SccProjectName9 = Reflector.QuickGraph
		SccLocalPath9 = Reflector.QuickGraph
		SccProjectUniqueName10 = QuickGraph1.Tests\\QuickGraph1.Tests.csproj
		SccProjectName10 = QuickGraph1.Tests
		SccLocalPath10 = QuickGraph1.Tests
	EndGlobalSection
	GlobalSection(TestCaseManagementSettings) = postSolution
		CategoryFile = QuickGraph.vsmdi
	EndGlobalSection
	GlobalSection(SolutionConfigurationPlatforms) = preSolution
		Debug|Any CPU = Debug|Any CPU
		DebugContracts|Any CPU = DebugContracts|Any CPU
		Release|Any CPU = Release|Any CPU
		Release20|Any CPU = Release20|Any CPU
	EndGlobalSection
	GlobalSection(ProjectConfigurationPlatforms) = postSolution
		{A9A5C115-0680-44B3-A87E-5ECF4C93814E}.Debug|Any CPU.ActiveCfg = Debug|Any CPU
		{A9A5C115-0680-44B3-A87E-5ECF4C93814E}.Debug|Any CPU.Build.0 = Debug|Any CPU
		{A9A5C115-0680-44B3-A87E-5ECF4C93814E}.DebugContracts|Any CPU.ActiveCfg = DebugContracts|Any CPU
		{A9A5C115-0680-44B3-A87E-5ECF4C93814E}.DebugContracts|Any CPU.Build.0 = DebugContracts|Any CPU
		{A9A5C115-0680-44B3-A87E-5ECF4C93814E}.Release|Any CPU.ActiveCfg = Release|Any CPU
		{A9A5C115-0680-44B3-A87E-5ECF4C93814E}.Release|Any CPU.Build.0 = Release|Any CPU
		{A9A5C115-0680-44B3-A87E-5ECF4C93814E}.Release20|Any CPU.ActiveCfg = Release20|Any CPU
		{A9A5C115-0680-44B3-A87E-5ECF4C93814E}.Release20|Any CPU.Build.0 = Release20|Any CPU
		{ACDD0973-E5D9-4C2B-9EAF-B5B5DF44EDDD}.Debug|Any CPU.ActiveCfg = Debug|Any CPU
		{ACDD0973-E5D9-4C2B-9EAF-B5B5DF44EDDD}.Debug|Any CPU.Build.0 = Debug|Any CPU
		{ACDD0973-E5D9-4C2B-9EAF-B5B5DF44EDDD}.DebugContracts|Any CPU.ActiveCfg = DebugContracts|Any CPU
		{ACDD0973-E5D9-4C2B-9EAF-B5B5DF44EDDD}.DebugContracts|Any CPU.Build.0 = DebugContracts|Any CPU
		{ACDD0973-E5D9-4C2B-9EAF-B5B5DF44EDDD}.Release|Any CPU.ActiveCfg = Release|Any CPU
		{ACDD0973-E5D9-4C2B-9EAF-B5B5DF44EDDD}.Release|Any CPU.Build.0 = Release|Any CPU
		{ACDD0973-E5D9-4C2B-9EAF-B5B5DF44EDDD}.Release20|Any CPU.ActiveCfg = Release20|Any CPU
		{ACDD0973-E5D9-4C2B-9EAF-B5B5DF44EDDD}.Release20|Any CPU.Build.0 = Release20|Any CPU
		{61DF76E1-DE2B-4DF1-AD5F-89939AB06693}.Debug|Any CPU.ActiveCfg = Debug|Any CPU
		{61DF76E1-DE2B-4DF1-AD5F-89939AB06693}.Debug|Any CPU.Build.0 = Debug|Any CPU
		{61DF76E1-DE2B-4DF1-AD5F-89939AB06693}.DebugContracts|Any CPU.ActiveCfg = DebugContracts|Any CPU
		{61DF76E1-DE2B-4DF1-AD5F-89939AB06693}.DebugContracts|Any CPU.Build.0 = DebugContracts|Any CPU
		{61DF76E1-DE2B-4DF1-AD5F-89939AB06693}.Release|Any CPU.ActiveCfg = Release|Any CPU
		{61DF76E1-DE2B-4DF1-AD5F-89939AB06693}.Release|Any CPU.Build.0 = Release|Any CPU
		{61DF76E1-DE2B-4DF1-AD5F-89939AB06693}.Release20|Any CPU.ActiveCfg = Release20|Any CPU
		{61DF76E1-DE2B-4DF1-AD5F-89939AB06693}.Release20|Any CPU.Build.0 = Release20|Any CPU
		{9FF2B839-743F-4A15-9D33-F11253BF6AE1}.Debug|Any CPU.ActiveCfg = Debug|Any CPU
		{9FF2B839-743F-4A15-9D33-F11253BF6AE1}.Debug|Any CPU.Build.0 = Debug|Any CPU
		{9FF2B839-743F-4A15-9D33-F11253BF6AE1}.DebugContracts|Any CPU.ActiveCfg = DebugContracts|Any CPU
		{9FF2B839-743F-4A15-9D33-F11253BF6AE1}.DebugContracts|Any CPU.Build.0 = DebugContracts|Any CPU
		{9FF2B839-743F-4A15-9D33-F11253BF6AE1}.Release|Any CPU.ActiveCfg = Release|Any CPU
		{9FF2B839-743F-4A15-9D33-F11253BF6AE1}.Release|Any CPU.Build.0 = Release|Any CPU
		{9FF2B839-743F-4A15-9D33-F11253BF6AE1}.Release20|Any CPU.ActiveCfg = Release20|Any CPU
		{9FF2B839-743F-4A15-9D33-F11253BF6AE1}.Release20|Any CPU.Build.0 = Release20|Any CPU
		{595D6322-637A-4A36-97F1-D53F3F9ECEA7}.Debug|Any CPU.ActiveCfg = Debug|Any CPU
		{595D6322-637A-4A36-97F1-D53F3F9ECEA7}.Debug|Any CPU.Build.0 = Debug|Any CPU
		{595D6322-637A-4A36-97F1-D53F3F9ECEA7}.DebugContracts|Any CPU.ActiveCfg = DebugContracts|Any CPU
		{595D6322-637A-4A36-97F1-D53F3F9ECEA7}.DebugContracts|Any CPU.Build.0 = DebugContracts|Any CPU
		{595D6322-637A-4A36-97F1-D53F3F9ECEA7}.Release|Any CPU.ActiveCfg = Release|Any CPU
		{595D6322-637A-4A36-97F1-D53F3F9ECEA7}.Release|Any CPU.Build.0 = Release|Any CPU
		{595D6322-637A-4A36-97F1-D53F3F9ECEA7}.Release20|Any CPU.ActiveCfg = Release20|Any CPU
		{595D6322-637A-4A36-97F1-D53F3F9ECEA7}.Release20|Any CPU.Build.0 = Release20|Any CPU
		{960C14D1-EDBD-40E5-8AE6-25E311551B87}.Debug|Any CPU.ActiveCfg = Debug|Any CPU
		{960C14D1-EDBD-40E5-8AE6-25E311551B87}.Debug|Any CPU.Build.0 = Debug|Any CPU
		{960C14D1-EDBD-40E5-8AE6-25E311551B87}.DebugContracts|Any CPU.ActiveCfg = DebugContracts|Any CPU
		{960C14D1-EDBD-40E5-8AE6-25E311551B87}.DebugContracts|Any CPU.Build.0 = DebugContracts|Any CPU
		{960C14D1-EDBD-40E5-8AE6-25E311551B87}.Release|Any CPU.ActiveCfg = Release|Any CPU
		{960C14D1-EDBD-40E5-8AE6-25E311551B87}.Release|Any CPU.Build.0 = Release|Any CPU
		{960C14D1-EDBD-40E5-8AE6-25E311551B87}.Release20|Any CPU.ActiveCfg = Release20|Any CPU
		{960C14D1-EDBD-40E5-8AE6-25E311551B87}.Release20|Any CPU.Build.0 = Release20|Any CPU
		{7E57B699-79C9-4FDF-89FC-D98BD8DDAFF6}.Debug|Any CPU.ActiveCfg = Debug|Any CPU
		{7E57B699-79C9-4FDF-89FC-D98BD8DDAFF6}.Debug|Any CPU.Build.0 = Debug|Any CPU
		{7E57B699-79C9-4FDF-89FC-D98BD8DDAFF6}.DebugContracts|Any CPU.ActiveCfg = DebugContracts|Any CPU
		{7E57B699-79C9-4FDF-89FC-D98BD8DDAFF6}.DebugContracts|Any CPU.Build.0 = DebugContracts|Any CPU
		{7E57B699-79C9-4FDF-89FC-D98BD8DDAFF6}.Release|Any CPU.ActiveCfg = Release|Any CPU
		{7E57B699-79C9-4FDF-89FC-D98BD8DDAFF6}.Release|Any CPU.Build.0 = Release|Any CPU
		{7E57B699-79C9-4FDF-89FC-D98BD8DDAFF6}.Release20|Any CPU.ActiveCfg = Release20|Any CPU
		{7E57B699-79C9-4FDF-89FC-D98BD8DDAFF6}.Release20|Any CPU.Build.0 = Release20|Any CPU
		{FBA880E7-4E2F-4CDC-84C7-01CA9AF58F39}.Debug|Any CPU.ActiveCfg = Debug|Any CPU
		{FBA880E7-4E2F-4CDC-84C7-01CA9AF58F39}.Debug|Any CPU.Build.0 = Debug|Any CPU
		{FBA880E7-4E2F-4CDC-84C7-01CA9AF58F39}.DebugContracts|Any CPU.ActiveCfg = DebugContracts|Any CPU
		{FBA880E7-4E2F-4CDC-84C7-01CA9AF58F39}.DebugContracts|Any CPU.Build.0 = DebugContracts|Any CPU
		{FBA880E7-4E2F-4CDC-84C7-01CA9AF58F39}.Release|Any CPU.ActiveCfg = Release|Any CPU
		{FBA880E7-4E2F-4CDC-84C7-01CA9AF58F39}.Release|Any CPU.Build.0 = Release|Any CPU
		{FBA880E7-4E2F-4CDC-84C7-01CA9AF58F39}.Release20|Any CPU.ActiveCfg = Release20|Any CPU
		{FBA880E7-4E2F-4CDC-84C7-01CA9AF58F39}.Release20|Any CPU.Build.0 = Release20|Any CPU
		{7D06D43B-EE95-4800-874F-9D5330C86D96}.Debug|Any CPU.ActiveCfg = Debug|Any CPU
		{7D06D43B-EE95-4800-874F-9D5330C86D96}.Debug|Any CPU.Build.0 = Debug|Any CPU
		{7D06D43B-EE95-4800-874F-9D5330C86D96}.DebugContracts|Any CPU.ActiveCfg = DebugContracts|Any CPU
		{7D06D43B-EE95-4800-874F-9D5330C86D96}.DebugContracts|Any CPU.Build.0 = DebugContracts|Any CPU
		{7D06D43B-EE95-4800-874F-9D5330C86D96}.Release|Any CPU.ActiveCfg = Release|Any CPU
		{7D06D43B-EE95-4800-874F-9D5330C86D96}.Release|Any CPU.Build.0 = Release|Any CPU
		{7D06D43B-EE95-4800-874F-9D5330C86D96}.Release20|Any CPU.ActiveCfg = Release20|Any CPU
		{7D06D43B-EE95-4800-874F-9D5330C86D96}.Release20|Any CPU.Build.0 = Release20|Any CPU
		{F1E9E4D5-7719-495A-93C3-F28B42242E37}.Debug|Any CPU.ActiveCfg = Debug|Any CPU
		{F1E9E4D5-7719-495A-93C3-F28B42242E37}.Debug|Any CPU.Build.0 = Debug|Any CPU
		{F1E9E4D5-7719-495A-93C3-F28B42242E37}.DebugContracts|Any CPU.ActiveCfg = Debug|Any CPU
		{F1E9E4D5-7719-495A-93C3-F28B42242E37}.DebugContracts|Any CPU.Build.0 = Debug|Any CPU
		{F1E9E4D5-7719-495A-93C3-F28B42242E37}.Release|Any CPU.ActiveCfg = Release|Any CPU
		{F1E9E4D5-7719-495A-93C3-F28B42242E37}.Release|Any CPU.Build.0 = Release|Any CPU
		{F1E9E4D5-7719-495A-93C3-F28B42242E37}.Release20|Any CPU.ActiveCfg = Release20|Any CPU
		{F1E9E4D5-7719-495A-93C3-F28B42242E37}.Release20|Any CPU.Build.0 = Release20|Any CPU
	EndGlobalSection
	GlobalSection(SolutionProperties) = preSolution
		HideSolutionNode = FALSE
	EndGlobalSection
EndGlobal
