
Microsoft Visual Studio Solution File, Format Version 12.00
# Visual Studio 15
VisualStudioVersion = 15.0.28010.2048
MinimumVisualStudioVersion = 10.0.40219.1
Project("{2150E333-8FDC-42A3-9474-1A3956D46DE8}") = ".paket", ".paket", "{B12E400F-7081-4FDA-9B5D-F2D4084D9813}"
	ProjectSection(SolutionItems) = preProject
		..\..\paket.dependencies = ..\..\paket.dependencies
	EndProjectSection
EndProject
Project("{FAE04EC0-301F-11D3-BF4B-00C04F79EFBC}") = "QuickGraph", "QuickGraph.csproj", "{A9A5C115-0680-44B3-A87E-5ECF4C93814E}"
EndProject
Project("{F2A71F9B-5D33-465A-A702-920D77279786}") = "DotParserProject", "..\..\DotParserProject\DotParserProject\DotParserProject.fsproj", "{8826810A-DC59-46E6-8978-21E273DB1236}"
EndProject
Project("{FAE04EC0-301F-11D3-BF4B-00C04F79EFBC}") = "Test", "..\Test\Test.csproj", "{9FA1B722-57AC-4C53-9A6B-E0EFAD1B2F6D}"
EndProject
Global
	GlobalSection(SolutionConfigurationPlatforms) = preSolution
		Debug|Any CPU = Debug|Any CPU
		Release|Any CPU = Release|Any CPU
		Release20|Any CPU = Release20|Any CPU
	EndGlobalSection
	GlobalSection(ProjectConfigurationPlatforms) = postSolution
		{A9A5C115-0680-44B3-A87E-5ECF4C93814E}.Debug|Any CPU.ActiveCfg = Debug|Any CPU
		{A9A5C115-0680-44B3-A87E-5ECF4C93814E}.Debug|Any CPU.Build.0 = Debug|Any CPU
		{A9A5C115-0680-44B3-A87E-5ECF4C93814E}.Release|Any CPU.ActiveCfg = Release|Any CPU
		{A9A5C115-0680-44B3-A87E-5ECF4C93814E}.Release|Any CPU.Build.0 = Release|Any CPU
		{A9A5C115-0680-44B3-A87E-5ECF4C93814E}.Release20|Any CPU.ActiveCfg = Release20|Any CPU
		{A9A5C115-0680-44B3-A87E-5ECF4C93814E}.Release20|Any CPU.Build.0 = Release20|Any CPU
		{8826810A-DC59-46E6-8978-21E273DB1236}.Debug|Any CPU.ActiveCfg = Debug|Any CPU
		{8826810A-DC59-46E6-8978-21E273DB1236}.Debug|Any CPU.Build.0 = Debug|Any CPU
		{8826810A-DC59-46E6-8978-21E273DB1236}.Release|Any CPU.ActiveCfg = Release|Any CPU
		{8826810A-DC59-46E6-8978-21E273DB1236}.Release|Any CPU.Build.0 = Release|Any CPU
		{8826810A-DC59-46E6-8978-21E273DB1236}.Release20|Any CPU.ActiveCfg = Release|Any CPU
		{8826810A-DC59-46E6-8978-21E273DB1236}.Release20|Any CPU.Build.0 = Release|Any CPU
		{9FA1B722-57AC-4C53-9A6B-E0EFAD1B2F6D}.Debug|Any CPU.ActiveCfg = Debug|Any CPU
		{9FA1B722-57AC-4C53-9A6B-E0EFAD1B2F6D}.Debug|Any CPU.Build.0 = Debug|Any CPU
		{9FA1B722-57AC-4C53-9A6B-E0EFAD1B2F6D}.Release|Any CPU.ActiveCfg = Release|Any CPU
		{9FA1B722-57AC-4C53-9A6B-E0EFAD1B2F6D}.Release|Any CPU.Build.0 = Release|Any CPU
		{9FA1B722-57AC-4C53-9A6B-E0EFAD1B2F6D}.Release20|Any CPU.ActiveCfg = Release|Any CPU
		{9FA1B722-57AC-4C53-9A6B-E0EFAD1B2F6D}.Release20|Any CPU.Build.0 = Release|Any CPU
	EndGlobalSection
	GlobalSection(SolutionProperties) = preSolution
		HideSolutionNode = FALSE
	EndGlobalSection
	GlobalSection(ExtensibilityGlobals) = postSolution
		SolutionGuid = {111FFEC7-B0E4-40D2-B722-240D24D61BFB}
	EndGlobalSection
EndGlobal
