
Microsoft Visual Studio Solution File, Format Version 12.00
# Visual Studio 2012
Project("{F2A71F9B-5D33-465A-A702-920D77279786}") = "DotParserProject", "DotParserProject\DotParserProject.fsproj", "{8826810A-DC59-46E6-8978-21E273DB1236}"
EndProject
Project("{2150E333-8FDC-42A3-9474-1A3956D46DE8}") = ".nuget", ".nuget", "{EE788059-18B1-4682-8263-84476FF74DBA}"
	ProjectSection(SolutionItems) = preProject
		.nuget\NuGet.Config = .nuget\NuGet.Config
		.nuget\NuGet.exe = .nuget\NuGet.exe
		.nuget\NuGet.targets = .nuget\NuGet.targets
	EndProjectSection
EndProject
Global
	GlobalSection(SolutionConfigurationPlatforms) = preSolution
		Debug|Any CPU = Debug|Any CPU
		Release|Any CPU = Release|Any CPU
	EndGlobalSection
	GlobalSection(ProjectConfigurationPlatforms) = postSolution
		{8826810A-DC59-46E6-8978-21E273DB1236}.Debug|Any CPU.ActiveCfg = Debug|Any CPU
		{8826810A-DC59-46E6-8978-21E273DB1236}.Debug|Any CPU.Build.0 = Debug|Any CPU
		{8826810A-DC59-46E6-8978-21E273DB1236}.Release|Any CPU.ActiveCfg = Release|Any CPU
		{8826810A-DC59-46E6-8978-21E273DB1236}.Release|Any CPU.Build.0 = Release|Any CPU
	EndGlobalSection
	GlobalSection(SolutionProperties) = preSolution
		HideSolutionNode = FALSE
	EndGlobalSection
EndGlobal
