
Microsoft Visual Studio Solution File, Format Version 12.00
# Visual Studio 2012
Project("{2150E333-8FDC-42A3-9474-1A3956D46DE8}") = ".paket", ".paket", "{AC7A7C03-5CAC-460F-8304-BB39D4CBFBD5}"
	ProjectSection(SolutionItems) = preProject
		..\..\paket.dependencies = ..\..\paket.dependencies
	EndProjectSection
EndProject
Project("{F2A71F9B-5D33-465A-A702-920D77279786}") = "QuickGraphFS", "QuickGraphFS.fsproj", "{1CCAFD2C-4A61-4F7F-986C-A2F575086344}"
EndProject
Global
	GlobalSection(SolutionConfigurationPlatforms) = preSolution
		Debug|Any CPU = Debug|Any CPU
		Release|Any CPU = Release|Any CPU
	EndGlobalSection
	GlobalSection(ProjectConfigurationPlatforms) = postSolution
		{1CCAFD2C-4A61-4F7F-986C-A2F575086344}.Debug|Any CPU.ActiveCfg = Debug|Any CPU
		{1CCAFD2C-4A61-4F7F-986C-A2F575086344}.Debug|Any CPU.Build.0 = Debug|Any CPU
		{1CCAFD2C-4A61-4F7F-986C-A2F575086344}.Release|Any CPU.ActiveCfg = Release|Any CPU
		{1CCAFD2C-4A61-4F7F-986C-A2F575086344}.Release|Any CPU.Build.0 = Release|Any CPU
	EndGlobalSection
	GlobalSection(SolutionProperties) = preSolution
		HideSolutionNode = FALSE
	EndGlobalSection
EndGlobal
